PODS:
  - InAppSettingsKit (3.3.1)
  - PRTween (0.1.0)
  - SRCountdownTimer (1.1)
  - VectorMath (0.4.1):
    - VectorMath/Core (= 0.4.1)
    - VectorMath/MapKit (= 0.4.1)
    - VectorMath/Quartz (= 0.4.1)
    - VectorMath/SceneKit (= 0.4.1)
  - VectorMath/Core (0.4.1)
  - VectorMath/MapKit (0.4.1):
    - VectorMath/Core
  - VectorMath/Quartz (0.4.1):
    - VectorMath/Core
  - VectorMath/SceneKit (0.4.1):
    - VectorMath/Core

DEPENDENCIES:
  - InAppSettingsKit
  - PRTween (~> 0.1)
  - SRCountdownTimer
  - VectorMath (~> 0.3)

SPEC REPOS:
  trunk:
    - InAppSettingsKit
    - PRTween
    - SRCountdownTimer
    - VectorMath

SPEC CHECKSUMS:
  InAppSettingsKit: 5ca0b43b3fff3caab2e8fe5590a1216ab708e365
  PRTween: 6c58c7e32ebcf31e33e6a6e6bc727ebef3b668ef
  SRCountdownTimer: 9c92e444b5403c92f01dd6610299b8c634bc8562
  VectorMath: 55dded3a69e5061add78d06275561bc25ead2999

PODFILE CHECKSUM: 118b105ba591f3469f31329815294be6d4d44517

COCOAPODS: 1.10.1
