PODS:
  - VectorMath (0.3.3):
    - VectorMath/Core (= 0.3.3)
    - VectorMath/Quartz (= 0.3.3)
    - VectorMath/SceneKit (= 0.3.3)
  - VectorMath/Core (0.3.3)
  - VectorMath/Quartz (0.3.3):
    - VectorMath/Core
  - VectorMath/SceneKit (0.3.3):
    - VectorMath/Core

DEPENDENCIES:
  - VectorMath (~> 0.3)

SPEC REPOS:
  https://github.com/CocoaPods/Specs.git:
    - VectorMath

SPEC CHECKSUMS:
  VectorMath: 9442bb470704903dd0343547454904ba66355302

PODFILE CHECKSUM: 890051fd6aafb19f2c4e9b30e4cfa66c1cb8f952

COCOAPODS: 1.5.0
