// !$*UTF8*$!
{
	archiveVersion = 1;
	classes = {
	};
	objectVersion = 52;
	objects = {

/* Begin PBXBuildFile section */
		1F27632322FCBB6E00E1FCF8 /* BurgerMenuViewController.swift in Sources */ = {isa = PBXBuildFile; fileRef = 1F27632222FCBB6E00E1FCF8 /* BurgerMenuViewController.swift */; };
		1F27632422FCBB9900E1FCF8 /* BurgerMenuViewController.swift in Sources */ = {isa = PBXBuildFile; fileRef = 1F27632222FCBB6E00E1FCF8 /* BurgerMenuViewController.swift */; };
		1F2971A522DF60F700B896C6 /* HelpCompiler.swift in Sources */ = {isa = PBXBuildFile; fileRef = 1F2B9D7022C3B50D00317DC8 /* HelpCompiler.swift */; };
		1F2B9D7222C3B50D00317DC8 /* HelpCompiler.swift in Sources */ = {isa = PBXBuildFile; fileRef = 1F2B9D7022C3B50D00317DC8 /* HelpCompiler.swift */; };
		1F2B9D8722C5446B00317DC8 /* (null) in Resources */ = {isa = PBXBuildFile; };
		2748B8490FCBA95C7AA028D7 /* Pods_Clew.framework in Frameworks */ = {isa = PBXBuildFile; fileRef = 942F73299DA8DCF97FAA974A /* Pods_Clew.framework */; };
		4D6B00E51F33C9B800952242 /* Crumb.obj in Resources */ = {isa = PBXBuildFile; fileRef = 4D6B00E41F33C85500952242 /* Crumb.obj */; };
		4DF05CC81F34EB6B008B0E31 /* Confirm.mp3 in Resources */ = {isa = PBXBuildFile; fileRef = 4DF05CC71F34EB56008B0E31 /* Confirm.mp3 */; };
		772E4563236CC155008EF6AC /* SettingsAndHelp.storyboard in Resources */ = {isa = PBXBuildFile; fileRef = 772E4566236CC155008EF6AC /* SettingsAndHelp.storyboard */; };
		772E4564236CC155008EF6AC /* SettingsAndHelp.storyboard in Resources */ = {isa = PBXBuildFile; fileRef = 772E4566236CC155008EF6AC /* SettingsAndHelp.storyboard */; };
		77365B182343ECBA008BC35C /* BurgerMenu.storyboard in Resources */ = {isa = PBXBuildFile; fileRef = 77365B1B2343ECBA008BC35C /* BurgerMenu.storyboard */; };
		77365B192343ECBA008BC35C /* BurgerMenu.storyboard in Resources */ = {isa = PBXBuildFile; fileRef = 77365B1B2343ECBA008BC35C /* BurgerMenu.storyboard */; };
		77467DAF22BBC1D300FA7DEE /* Default-568h@2x.png in Resources */ = {isa = PBXBuildFile; fileRef = 77467DAE22BBC1D300FA7DEE /* Default-568h@2x.png */; };
		821CF7842513264400A7B3C2 /* InfoPlist.strings in Resources */ = {isa = PBXBuildFile; fileRef = 821CF7822513264400A7B3C2 /* InfoPlist.strings */; };
		823DA454252F7EA800BB5E6B /* speaker.obj in Resources */ = {isa = PBXBuildFile; fileRef = 823DA453252F7EA800BB5E6B /* speaker.obj */; };
		823DA455252F7EA800BB5E6B /* speaker.obj in Resources */ = {isa = PBXBuildFile; fileRef = 823DA453252F7EA800BB5E6B /* speaker.obj */; };
		82569F4E22187E6500448B45 /* help in Resources */ = {isa = PBXBuildFile; fileRef = 82569F4D22187E6500448B45 /* help */; };
		82569F4F22187E6500448B45 /* help in Resources */ = {isa = PBXBuildFile; fileRef = 82569F4D22187E6500448B45 /* help */; };
		82A417E1262A205A001FCB8C /* AuthenticationHelper.swift in Sources */ = {isa = PBXBuildFile; fileRef = 82A417E0262A205A001FCB8C /* AuthenticationHelper.swift */; };
		82A417E2262A205A001FCB8C /* AuthenticationHelper.swift in Sources */ = {isa = PBXBuildFile; fileRef = 82A417E0262A205A001FCB8C /* AuthenticationHelper.swift */; };
		82AD6A25252F80AA00902A11 /* speaker.mtl in Resources */ = {isa = PBXBuildFile; fileRef = 82AD6A24252F80AA00902A11 /* speaker.mtl */; };
		82AD6A26252F80AA00902A11 /* speaker.mtl in Resources */ = {isa = PBXBuildFile; fileRef = 82AD6A24252F80AA00902A11 /* speaker.mtl */; };
		82BC47FC2640380D00C7D364 /* SimpleForm in Frameworks */ = {isa = PBXBuildFile; productRef = 82BC47FB2640380D00C7D364 /* SimpleForm */; };
		82BC47FE2640383300C7D364 /* Surveys.swift in Sources */ = {isa = PBXBuildFile; fileRef = 82BC47FD2640383300C7D364 /* Surveys.swift */; };
		82BC47FF2640396700C7D364 /* Surveys.swift in Sources */ = {isa = PBXBuildFile; fileRef = 82BC47FD2640383300C7D364 /* Surveys.swift */; };
		986640CE22FB68F2005AA1F6 /* NameSavedRouteController.swift in Sources */ = {isa = PBXBuildFile; fileRef = 986640CD22FB68F2005AA1F6 /* NameSavedRouteController.swift */; };
		986640CF22FC9606005AA1F6 /* NameSavedRouteController.swift in Sources */ = {isa = PBXBuildFile; fileRef = 986640CD22FB68F2005AA1F6 /* NameSavedRouteController.swift */; };
		B0A563F6FE1007A2716DC876 /* Pods_Clew_Dev.framework in Frameworks */ = {isa = PBXBuildFile; fileRef = 3532E390954571B93729786A /* Pods_Clew_Dev.framework */; };
		B7EB59E220F693EB00FBBC6A /* Confirm.mp3 in Resources */ = {isa = PBXBuildFile; fileRef = 4DF05CC71F34EB56008B0E31 /* Confirm.mp3 */; };
		B7EB59E320F693EB00FBBC6A /* Crumb.obj in Resources */ = {isa = PBXBuildFile; fileRef = 4D6B00E41F33C85500952242 /* Crumb.obj */; };
		E538EF4F22D3BFEC004216E9 /* TransparentTouchView.swift in Sources */ = {isa = PBXBuildFile; fileRef = E538EF4E22D3BFEC004216E9 /* TransparentTouchView.swift */; };
		E538EF5022D3BFEC004216E9 /* TransparentTouchView.swift in Sources */ = {isa = PBXBuildFile; fileRef = E538EF4E22D3BFEC004216E9 /* TransparentTouchView.swift */; };
		E5470EF622C119F5001092A4 /* RecordButtonKit.swift in Sources */ = {isa = PBXBuildFile; fileRef = E5470EAB22C119F4001092A4 /* RecordButtonKit.swift */; };
		E5470EF722C119F5001092A4 /* RecordButtonKit.swift in Sources */ = {isa = PBXBuildFile; fileRef = E5470EAB22C119F4001092A4 /* RecordButtonKit.swift */; };
		E5470EF822C119F5001092A4 /* AudioVisualizerView.swift in Sources */ = {isa = PBXBuildFile; fileRef = E5470EAC22C119F4001092A4 /* AudioVisualizerView.swift */; };
		E5470EF922C119F5001092A4 /* AudioVisualizerView.swift in Sources */ = {isa = PBXBuildFile; fileRef = E5470EAC22C119F4001092A4 /* AudioVisualizerView.swift */; };
		E5470EFA22C119F5001092A4 /* RecorderViewController.swift in Sources */ = {isa = PBXBuildFile; fileRef = E5470EAD22C119F4001092A4 /* RecorderViewController.swift */; };
		E5470EFB22C119F5001092A4 /* RecorderViewController.swift in Sources */ = {isa = PBXBuildFile; fileRef = E5470EAD22C119F4001092A4 /* RecorderViewController.swift */; };
		E5470EFC22C119F5001092A4 /* RecordButton.swift in Sources */ = {isa = PBXBuildFile; fileRef = E5470EAE22C119F4001092A4 /* RecordButton.swift */; };
		E5470EFD22C119F5001092A4 /* RecordButton.swift in Sources */ = {isa = PBXBuildFile; fileRef = E5470EAE22C119F4001092A4 /* RecordButton.swift */; };
		E5470EFE22C119F5001092A4 /* DataPersistence.swift in Sources */ = {isa = PBXBuildFile; fileRef = E5470EB022C119F4001092A4 /* DataPersistence.swift */; };
		E5470EFF22C119F5001092A4 /* DataPersistence.swift in Sources */ = {isa = PBXBuildFile; fileRef = E5470EB022C119F4001092A4 /* DataPersistence.swift */; };
		E5470F0022C119F5001092A4 /* PathLogger.swift in Sources */ = {isa = PBXBuildFile; fileRef = E5470EB122C119F4001092A4 /* PathLogger.swift */; };
		E5470F0122C119F5001092A4 /* PathLogger.swift in Sources */ = {isa = PBXBuildFile; fileRef = E5470EB122C119F4001092A4 /* PathLogger.swift */; };
		E5470F0222C119F5001092A4 /* Navigation.swift in Sources */ = {isa = PBXBuildFile; fileRef = E5470EB222C119F4001092A4 /* Navigation.swift */; };
		E5470F0322C119F5001092A4 /* Navigation.swift in Sources */ = {isa = PBXBuildFile; fileRef = E5470EB222C119F4001092A4 /* Navigation.swift */; };
		E5470F0422C119F5001092A4 /* FeedbackLogger.swift in Sources */ = {isa = PBXBuildFile; fileRef = E5470EB322C119F4001092A4 /* FeedbackLogger.swift */; };
		E5470F0522C119F5001092A4 /* FeedbackLogger.swift in Sources */ = {isa = PBXBuildFile; fileRef = E5470EB322C119F4001092A4 /* FeedbackLogger.swift */; };
		E5470F0622C119F5001092A4 /* PathFinder.swift in Sources */ = {isa = PBXBuildFile; fileRef = E5470EB422C119F4001092A4 /* PathFinder.swift */; };
		E5470F0722C119F5001092A4 /* PathFinder.swift in Sources */ = {isa = PBXBuildFile; fileRef = E5470EB422C119F4001092A4 /* PathFinder.swift */; };
		E5470F0822C119F5001092A4 /* Utility.swift in Sources */ = {isa = PBXBuildFile; fileRef = E5470EB522C119F4001092A4 /* Utility.swift */; };
		E5470F0922C119F5001092A4 /* Utility.swift in Sources */ = {isa = PBXBuildFile; fileRef = E5470EB522C119F4001092A4 /* Utility.swift */; };
		E5470F0A22C119F5001092A4 /* AppDelegate.swift in Sources */ = {isa = PBXBuildFile; fileRef = E5470EB622C119F4001092A4 /* AppDelegate.swift */; };
		E5470F0B22C119F5001092A4 /* AppDelegate.swift in Sources */ = {isa = PBXBuildFile; fileRef = E5470EB622C119F4001092A4 /* AppDelegate.swift */; };
		E5470F0C22C119F5001092A4 /* SettingsViewController.m in Sources */ = {isa = PBXBuildFile; fileRef = E5470EB722C119F4001092A4 /* SettingsViewController.m */; };
		E5470F0D22C119F5001092A4 /* SettingsViewController.m in Sources */ = {isa = PBXBuildFile; fileRef = E5470EB722C119F4001092A4 /* SettingsViewController.m */; };
		E5470F0E22C119F5001092A4 /* Settings.bundle in Resources */ = {isa = PBXBuildFile; fileRef = E5470EB922C119F4001092A4 /* Settings.bundle */; };
		E5470F0F22C119F5001092A4 /* Settings.bundle in Resources */ = {isa = PBXBuildFile; fileRef = E5470EB922C119F4001092A4 /* Settings.bundle */; };
		E5470F1622C119F5001092A4 /* Assets.xcassets in Resources */ = {isa = PBXBuildFile; fileRef = E5470ED022C119F4001092A4 /* Assets.xcassets */; };
		E5470F1722C119F5001092A4 /* Assets.xcassets in Resources */ = {isa = PBXBuildFile; fileRef = E5470ED022C119F4001092A4 /* Assets.xcassets */; };
		E5470F1822C119F5001092A4 /* StartRecording.aiff in Resources */ = {isa = PBXBuildFile; fileRef = E5470ED222C119F4001092A4 /* StartRecording.aiff */; };
		E5470F1922C119F5001092A4 /* StartRecording.aiff in Resources */ = {isa = PBXBuildFile; fileRef = E5470ED222C119F4001092A4 /* StartRecording.aiff */; };
		E5470F1A22C119F5001092A4 /* StopRecording.aiff in Resources */ = {isa = PBXBuildFile; fileRef = E5470ED322C119F4001092A4 /* StopRecording.aiff */; };
		E5470F1B22C119F5001092A4 /* StopRecording.aiff in Resources */ = {isa = PBXBuildFile; fileRef = E5470ED322C119F4001092A4 /* StopRecording.aiff */; };
		E5470F1C22C119F5001092A4 /* GoogleService-Info.plist in Resources */ = {isa = PBXBuildFile; fileRef = E5470ED422C119F4001092A4 /* GoogleService-Info.plist */; };
		E5470F1D22C119F5001092A4 /* GoogleService-Info.plist in Resources */ = {isa = PBXBuildFile; fileRef = E5470ED422C119F4001092A4 /* GoogleService-Info.plist */; };
		E5470F1E22C119F5001092A4 /* NSStringExtension.swift in Sources */ = {isa = PBXBuildFile; fileRef = E5470ED622C119F4001092A4 /* NSStringExtension.swift */; };
		E5470F1F22C119F5001092A4 /* NSStringExtension.swift in Sources */ = {isa = PBXBuildFile; fileRef = E5470ED622C119F4001092A4 /* NSStringExtension.swift */; };
		E5470F2022C119F5001092A4 /* UIViewControllerExtensions.swift in Sources */ = {isa = PBXBuildFile; fileRef = E5470ED722C119F4001092A4 /* UIViewControllerExtensions.swift */; };
		E5470F2122C119F5001092A4 /* UIViewControllerExtensions.swift in Sources */ = {isa = PBXBuildFile; fileRef = E5470ED722C119F4001092A4 /* UIViewControllerExtensions.swift */; };
		E5470F2222C119F5001092A4 /* UIViewExtensions.swift in Sources */ = {isa = PBXBuildFile; fileRef = E5470ED822C119F4001092A4 /* UIViewExtensions.swift */; };
		E5470F2322C119F5001092A4 /* UIViewExtensions.swift in Sources */ = {isa = PBXBuildFile; fileRef = E5470ED822C119F4001092A4 /* UIViewExtensions.swift */; };
		E5470F2422C119F5001092A4 /* UIButtonExtensions.swift in Sources */ = {isa = PBXBuildFile; fileRef = E5470ED922C119F4001092A4 /* UIButtonExtensions.swift */; };
		E5470F2522C119F5001092A4 /* UIButtonExtensions.swift in Sources */ = {isa = PBXBuildFile; fileRef = E5470ED922C119F4001092A4 /* UIButtonExtensions.swift */; };
		E5470F2622C119F5001092A4 /* Float4x4Extension.swift in Sources */ = {isa = PBXBuildFile; fileRef = E5470EDA22C119F4001092A4 /* Float4x4Extension.swift */; };
		E5470F2722C119F5001092A4 /* Float4x4Extension.swift in Sources */ = {isa = PBXBuildFile; fileRef = E5470EDA22C119F4001092A4 /* Float4x4Extension.swift */; };
		E5470F2822C119F5001092A4 /* ViewController.swift in Sources */ = {isa = PBXBuildFile; fileRef = E5470EDE22C119F4001092A4 /* ViewController.swift */; };
		E5470F2922C119F5001092A4 /* ViewController.swift in Sources */ = {isa = PBXBuildFile; fileRef = E5470EDE22C119F4001092A4 /* ViewController.swift */; };
		E5470F2A22C119F5001092A4 /* RecordPathController.swift in Sources */ = {isa = PBXBuildFile; fileRef = E5470EE022C119F4001092A4 /* RecordPathController.swift */; };
		E5470F2B22C119F5001092A4 /* RecordPathController.swift in Sources */ = {isa = PBXBuildFile; fileRef = E5470EE022C119F4001092A4 /* RecordPathController.swift */; };
		E5470F2C22C119F5001092A4 /* StartNavigationController.swift in Sources */ = {isa = PBXBuildFile; fileRef = E5470EE122C119F4001092A4 /* StartNavigationController.swift */; };
		E5470F2D22C119F5001092A4 /* StartNavigationController.swift in Sources */ = {isa = PBXBuildFile; fileRef = E5470EE122C119F4001092A4 /* StartNavigationController.swift */; };
		E5470F2E22C119F5001092A4 /* StopRecordingController.swift in Sources */ = {isa = PBXBuildFile; fileRef = E5470EE222C119F4001092A4 /* StopRecordingController.swift */; };
		E5470F2F22C119F5001092A4 /* StopRecordingController.swift in Sources */ = {isa = PBXBuildFile; fileRef = E5470EE222C119F4001092A4 /* StopRecordingController.swift */; };
		E5470F3022C119F5001092A4 /* RouteRatingController.swift in Sources */ = {isa = PBXBuildFile; fileRef = E5470EE322C119F4001092A4 /* RouteRatingController.swift */; };
		E5470F3122C119F5001092A4 /* RouteRatingController.swift in Sources */ = {isa = PBXBuildFile; fileRef = E5470EE322C119F4001092A4 /* RouteRatingController.swift */; };
		E5470F3222C119F5001092A4 /* ResumeTrackingController.swift in Sources */ = {isa = PBXBuildFile; fileRef = E5470EE422C119F4001092A4 /* ResumeTrackingController.swift */; };
		E5470F3322C119F5001092A4 /* ResumeTrackingController.swift in Sources */ = {isa = PBXBuildFile; fileRef = E5470EE422C119F4001092A4 /* ResumeTrackingController.swift */; };
		E5470F3422C119F5001092A4 /* StopNavigationController.swift in Sources */ = {isa = PBXBuildFile; fileRef = E5470EE522C119F4001092A4 /* StopNavigationController.swift */; };
		E5470F3522C119F5001092A4 /* StopNavigationController.swift in Sources */ = {isa = PBXBuildFile; fileRef = E5470EE522C119F4001092A4 /* StopNavigationController.swift */; };
		E5470F3622C119F5001092A4 /* PauseTrackingController.swift in Sources */ = {isa = PBXBuildFile; fileRef = E5470EE622C119F4001092A4 /* PauseTrackingController.swift */; };
		E5470F3722C119F5001092A4 /* PauseTrackingController.swift in Sources */ = {isa = PBXBuildFile; fileRef = E5470EE622C119F4001092A4 /* PauseTrackingController.swift */; };
		E5470F3822C119F5001092A4 /* ResumeTrackingConfirmController.swift in Sources */ = {isa = PBXBuildFile; fileRef = E5470EE722C119F4001092A4 /* ResumeTrackingConfirmController.swift */; };
		E5470F3922C119F5001092A4 /* ResumeTrackingConfirmController.swift in Sources */ = {isa = PBXBuildFile; fileRef = E5470EE722C119F4001092A4 /* ResumeTrackingConfirmController.swift */; };
		E5470F3A22C119F5001092A4 /* HelpViewController.swift in Sources */ = {isa = PBXBuildFile; fileRef = E5470EE922C119F4001092A4 /* HelpViewController.swift */; };
		E5470F3B22C119F5001092A4 /* HelpViewController.swift in Sources */ = {isa = PBXBuildFile; fileRef = E5470EE922C119F4001092A4 /* HelpViewController.swift */; };
		E5470F3C22C119F5001092A4 /* FeedbackViewController.swift in Sources */ = {isa = PBXBuildFile; fileRef = E5470EEA22C119F4001092A4 /* FeedbackViewController.swift */; };
		E5470F3D22C119F5001092A4 /* FeedbackViewController.swift in Sources */ = {isa = PBXBuildFile; fileRef = E5470EEA22C119F4001092A4 /* FeedbackViewController.swift */; };
		E5470F3E22C119F5001092A4 /* RoutesViewController.swift in Sources */ = {isa = PBXBuildFile; fileRef = E5470EEB22C119F4001092A4 /* RoutesViewController.swift */; };
		E5470F3F22C119F5001092A4 /* RoutesViewController.swift in Sources */ = {isa = PBXBuildFile; fileRef = E5470EEB22C119F4001092A4 /* RoutesViewController.swift */; };
		E5470F4222C119F5001092A4 /* UIConstants.swift in Sources */ = {isa = PBXBuildFile; fileRef = E5470EEE22C119F4001092A4 /* UIConstants.swift */; };
		E5470F4322C119F5001092A4 /* UIConstants.swift in Sources */ = {isa = PBXBuildFile; fileRef = E5470EEE22C119F4001092A4 /* UIConstants.swift */; };
		E5470F4622C119F5001092A4 /* RootContainerView.swift in Sources */ = {isa = PBXBuildFile; fileRef = E5470EF022C119F4001092A4 /* RootContainerView.swift */; };
		E5470F4722C119F5001092A4 /* RootContainerView.swift in Sources */ = {isa = PBXBuildFile; fileRef = E5470EF022C119F4001092A4 /* RootContainerView.swift */; };
		E5470F4A22C119F5001092A4 /* RouteTableViewCell.swift in Sources */ = {isa = PBXBuildFile; fileRef = E5470EF322C119F4001092A4 /* RouteTableViewCell.swift */; };
		E5470F4B22C119F5001092A4 /* RouteTableViewCell.swift in Sources */ = {isa = PBXBuildFile; fileRef = E5470EF322C119F4001092A4 /* RouteTableViewCell.swift */; };
		E5470F4E22C119F5001092A4 /* GoogleService-Info_dev.plist in Resources */ = {isa = PBXBuildFile; fileRef = E5470EF522C119F4001092A4 /* GoogleService-Info_dev.plist */; };
		E5470F4F22C119F5001092A4 /* GoogleService-Info_dev.plist in Resources */ = {isa = PBXBuildFile; fileRef = E5470EF522C119F4001092A4 /* GoogleService-Info_dev.plist */; };
		E565A10822F2173400C1998E /* RouteDocumentData.swift in Sources */ = {isa = PBXBuildFile; fileRef = E565A10722F2173400C1998E /* RouteDocumentData.swift */; };
		E565A10922F2173400C1998E /* RouteDocumentData.swift in Sources */ = {isa = PBXBuildFile; fileRef = E565A10722F2173400C1998E /* RouteDocumentData.swift */; };
		E59DA6BF22C65F5900FCD5A1 /* LaunchScreen.storyboard in Resources */ = {isa = PBXBuildFile; fileRef = E59DA6BD22C65F5900FCD5A1 /* LaunchScreen.storyboard */; };
		E59DA6C022C65F5900FCD5A1 /* LaunchScreen.storyboard in Resources */ = {isa = PBXBuildFile; fileRef = E59DA6BD22C65F5900FCD5A1 /* LaunchScreen.storyboard */; };
		E5D1695E22E103A0008754D0 /* Localizable.strings in Resources */ = {isa = PBXBuildFile; fileRef = E5D1695822E103A0008754D0 /* Localizable.strings */; };
		E5D1695F22E103A0008754D0 /* Localizable.strings in Resources */ = {isa = PBXBuildFile; fileRef = E5D1695822E103A0008754D0 /* Localizable.strings */; };
		E5E9016822FB4D4A00AD0E95 /* QuickLook.framework in Frameworks */ = {isa = PBXBuildFile; fileRef = E5E9015322FB4CEB00AD0E95 /* QuickLook.framework */; };
		E5E9016B22FB4D4A00AD0E95 /* PreviewViewController.swift in Sources */ = {isa = PBXBuildFile; fileRef = E5E9016A22FB4D4A00AD0E95 /* PreviewViewController.swift */; };
		E5E9016E22FB4D4A00AD0E95 /* MainInterface.storyboard in Resources */ = {isa = PBXBuildFile; fileRef = E5E9016C22FB4D4A00AD0E95 /* MainInterface.storyboard */; };
		E5E9017222FB4D4A00AD0E95 /* route-quicklook.appex in Embed App Extensions */ = {isa = PBXBuildFile; fileRef = E5E9016722FB4D4A00AD0E95 /* route-quicklook.appex */; settings = {ATTRIBUTES = (RemoveHeadersOnCopy, ); }; };
/* End PBXBuildFile section */

/* Begin PBXContainerItemProxy section */
		E5E9017022FB4D4A00AD0E95 /* PBXContainerItemProxy */ = {
			isa = PBXContainerItemProxy;
			containerPortal = 4D6B00B81F33C1C400952242 /* Project object */;
			proxyType = 1;
			remoteGlobalIDString = E5E9016622FB4D4A00AD0E95;
			remoteInfo = "route-quicklook";
		};
/* End PBXContainerItemProxy section */

/* Begin PBXCopyFilesBuildPhase section */
		E5E9016222FB4CEB00AD0E95 /* Embed App Extensions */ = {
			isa = PBXCopyFilesBuildPhase;
			buildActionMask = 2147483647;
			dstPath = "";
			dstSubfolderSpec = 13;
			files = (
				E5E9017222FB4D4A00AD0E95 /* route-quicklook.appex in Embed App Extensions */,
			);
			name = "Embed App Extensions";
			runOnlyForDeploymentPostprocessing = 0;
		};
/* End PBXCopyFilesBuildPhase section */

/* Begin PBXFileReference section */
		08FA9C31721F9F8CDCC23AE9 /* Pods-Clew.debug.xcconfig */ = {isa = PBXFileReference; includeInIndex = 1; lastKnownFileType = text.xcconfig; name = "Pods-Clew.debug.xcconfig"; path = "Pods/Target Support Files/Pods-Clew/Pods-Clew.debug.xcconfig"; sourceTree = "<group>"; };
		1F27632222FCBB6E00E1FCF8 /* BurgerMenuViewController.swift */ = {isa = PBXFileReference; fileEncoding = 4; lastKnownFileType = sourcecode.swift; path = BurgerMenuViewController.swift; sourceTree = "<group>"; };
		1F2B9D7022C3B50D00317DC8 /* HelpCompiler.swift */ = {isa = PBXFileReference; fileEncoding = 4; lastKnownFileType = sourcecode.swift; path = HelpCompiler.swift; sourceTree = "<group>"; };
		3532E390954571B93729786A /* Pods_Clew_Dev.framework */ = {isa = PBXFileReference; explicitFileType = wrapper.framework; includeInIndex = 0; path = Pods_Clew_Dev.framework; sourceTree = BUILT_PRODUCTS_DIR; };
		4D6B00C01F33C1C400952242 /* Clew.app */ = {isa = PBXFileReference; explicitFileType = wrapper.application; includeInIndex = 0; path = Clew.app; sourceTree = BUILT_PRODUCTS_DIR; };
		4D6B00E41F33C85500952242 /* Crumb.obj */ = {isa = PBXFileReference; lastKnownFileType = text; path = Crumb.obj; sourceTree = "<group>"; };
		4DF05CC71F34EB56008B0E31 /* Confirm.mp3 */ = {isa = PBXFileReference; lastKnownFileType = audio.mp3; path = Confirm.mp3; sourceTree = "<group>"; };
		772E455F235F91C6008EF6AC /* es */ = {isa = PBXFileReference; lastKnownFileType = text.plist.strings; name = es; path = es.lproj/Localizable.strings; sourceTree = "<group>"; };
		772E4562236CC0A7008EF6AC /* es */ = {isa = PBXFileReference; lastKnownFileType = file.storyboard; name = es; path = es.lproj/BurgerMenu.storyboard; sourceTree = "<group>"; };
		772E4565236CC155008EF6AC /* es */ = {isa = PBXFileReference; lastKnownFileType = file.storyboard; name = es; path = es.lproj/SettingsAndHelp.storyboard; sourceTree = "<group>"; };
		772E4567236CC15F008EF6AC /* Base */ = {isa = PBXFileReference; lastKnownFileType = file.storyboard; name = Base; path = Base.lproj/SettingsAndHelp.storyboard; sourceTree = "<group>"; };
		772E4568236CC7BE008EF6AC /* Base */ = {isa = PBXFileReference; lastKnownFileType = file.storyboard; name = Base; path = Base.lproj/BurgerMenu.storyboard; sourceTree = "<group>"; };
		7743819F2343E3F8003EBD85 /* es */ = {isa = PBXFileReference; lastKnownFileType = text.plist.strings; name = es; path = es.lproj/SettingsAndHelp.strings; sourceTree = "<group>"; };
		77467DAE22BBC1D300FA7DEE /* Default-568h@2x.png */ = {isa = PBXFileReference; lastKnownFileType = image.png; path = "Default-568h@2x.png"; sourceTree = "<group>"; };
		8206436A23B556A200DEE347 /* es */ = {isa = PBXFileReference; lastKnownFileType = file.storyboard; name = es; path = es.lproj/MainInterface.storyboard; sourceTree = "<group>"; };
		821CF7832513264400A7B3C2 /* ar */ = {isa = PBXFileReference; lastKnownFileType = text.plist.strings; name = ar; path = ar.lproj/InfoPlist.strings; sourceTree = "<group>"; };
		821CF7892513264400A7B3C2 /* ar */ = {isa = PBXFileReference; lastKnownFileType = text.plist.strings; name = ar; path = ar.lproj/InfoPlist.strings; sourceTree = "<group>"; };
		822E27F8210E3F260024A5E3 /* Clew Dev-Info.plist */ = {isa = PBXFileReference; fileEncoding = 4; lastKnownFileType = text.plist.xml; path = "Clew Dev-Info.plist"; sourceTree = "<group>"; };
		823DA453252F7EA800BB5E6B /* speaker.obj */ = {isa = PBXFileReference; fileEncoding = 4; lastKnownFileType = text; path = speaker.obj; sourceTree = "<group>"; };
		82569F4D22187E6500448B45 /* help */ = {isa = PBXFileReference; lastKnownFileType = folder; path = help; sourceTree = "<group>"; };
		827CB5B024932CC60032A857 /* ar */ = {isa = PBXFileReference; lastKnownFileType = text.plist.strings; name = ar; path = ar.lproj/SettingsAndHelp.strings; sourceTree = "<group>"; };
		827CB5B124932CC60032A857 /* ar */ = {isa = PBXFileReference; lastKnownFileType = text.plist.strings; name = ar; path = ar.lproj/BurgerMenu.strings; sourceTree = "<group>"; };
		827CB5B224932CC60032A857 /* ar */ = {isa = PBXFileReference; lastKnownFileType = text.plist.strings; name = ar; path = ar.lproj/MainInterface.strings; sourceTree = "<group>"; };
		827CB5B324932CC70032A857 /* ar */ = {isa = PBXFileReference; lastKnownFileType = text.plist.strings; name = ar; path = ar.lproj/SettingsAndHelp.strings; sourceTree = "<group>"; };
		827CB5B424932CC70032A857 /* ar */ = {isa = PBXFileReference; lastKnownFileType = text.plist.strings; name = ar; path = ar.lproj/Localizable.strings; sourceTree = "<group>"; };
		82A417E0262A205A001FCB8C /* AuthenticationHelper.swift */ = {isa = PBXFileReference; lastKnownFileType = sourcecode.swift; path = AuthenticationHelper.swift; sourceTree = "<group>"; };
		82A417EC262A2140001FCB8C /* Clew Dev.entitlements */ = {isa = PBXFileReference; lastKnownFileType = text.plist.entitlements; path = "Clew Dev.entitlements"; sourceTree = "<group>"; };
		82AD6A24252F80AA00902A11 /* speaker.mtl */ = {isa = PBXFileReference; fileEncoding = 4; lastKnownFileType = text; path = speaker.mtl; sourceTree = "<group>"; };
		82BC47FD2640383300C7D364 /* Surveys.swift */ = {isa = PBXFileReference; lastKnownFileType = sourcecode.swift; path = Surveys.swift; sourceTree = "<group>"; };
		82E4A5CE262A26DC000BEB44 /* Clew.entitlements */ = {isa = PBXFileReference; lastKnownFileType = text.plist.entitlements; path = Clew.entitlements; sourceTree = "<group>"; };
		82F2DDD122E26A44005CD7D0 /* en */ = {isa = PBXFileReference; lastKnownFileType = text.plist.strings; name = en; path = en.lproj/Localizable.strings; sourceTree = "<group>"; };
		82F2DDD322E26A44005CD7D0 /* en */ = {isa = PBXFileReference; lastKnownFileType = text.plist.strings; name = en; path = en.lproj/SettingsAndHelp.strings; sourceTree = "<group>"; };
		85A1A72DC19F87F15B738291 /* Pods-Clew Dev.release.xcconfig */ = {isa = PBXFileReference; includeInIndex = 1; lastKnownFileType = text.xcconfig; name = "Pods-Clew Dev.release.xcconfig"; path = "Pods/Target Support Files/Pods-Clew Dev/Pods-Clew Dev.release.xcconfig"; sourceTree = "<group>"; };
		942F73299DA8DCF97FAA974A /* Pods_Clew.framework */ = {isa = PBXFileReference; explicitFileType = wrapper.framework; includeInIndex = 0; path = Pods_Clew.framework; sourceTree = BUILT_PRODUCTS_DIR; };
		986640CD22FB68F2005AA1F6 /* NameSavedRouteController.swift */ = {isa = PBXFileReference; lastKnownFileType = sourcecode.swift; path = NameSavedRouteController.swift; sourceTree = "<group>"; };
		B7EB59EC20F693EB00FBBC6A /* Clew Dev.app */ = {isa = PBXFileReference; explicitFileType = wrapper.application; includeInIndex = 0; path = "Clew Dev.app"; sourceTree = BUILT_PRODUCTS_DIR; };
		C68778047D8E263D2FB04989 /* Pods-Clew Dev.debug.xcconfig */ = {isa = PBXFileReference; includeInIndex = 1; lastKnownFileType = text.xcconfig; name = "Pods-Clew Dev.debug.xcconfig"; path = "Pods/Target Support Files/Pods-Clew Dev/Pods-Clew Dev.debug.xcconfig"; sourceTree = "<group>"; };
		D89DDB87A8AE1A9ECEAFCEC6 /* Pods-Clew.release.xcconfig */ = {isa = PBXFileReference; includeInIndex = 1; lastKnownFileType = text.xcconfig; name = "Pods-Clew.release.xcconfig"; path = "Pods/Target Support Files/Pods-Clew/Pods-Clew.release.xcconfig"; sourceTree = "<group>"; };
		E538EF4E22D3BFEC004216E9 /* TransparentTouchView.swift */ = {isa = PBXFileReference; lastKnownFileType = sourcecode.swift; path = TransparentTouchView.swift; sourceTree = "<group>"; };
		E5470EAB22C119F4001092A4 /* RecordButtonKit.swift */ = {isa = PBXFileReference; fileEncoding = 4; lastKnownFileType = sourcecode.swift; path = RecordButtonKit.swift; sourceTree = "<group>"; };
		E5470EAC22C119F4001092A4 /* AudioVisualizerView.swift */ = {isa = PBXFileReference; fileEncoding = 4; lastKnownFileType = sourcecode.swift; path = AudioVisualizerView.swift; sourceTree = "<group>"; };
		E5470EAD22C119F4001092A4 /* RecorderViewController.swift */ = {isa = PBXFileReference; fileEncoding = 4; lastKnownFileType = sourcecode.swift; path = RecorderViewController.swift; sourceTree = "<group>"; };
		E5470EAE22C119F4001092A4 /* RecordButton.swift */ = {isa = PBXFileReference; fileEncoding = 4; lastKnownFileType = sourcecode.swift; path = RecordButton.swift; sourceTree = "<group>"; };
		E5470EB022C119F4001092A4 /* DataPersistence.swift */ = {isa = PBXFileReference; fileEncoding = 4; lastKnownFileType = sourcecode.swift; path = DataPersistence.swift; sourceTree = "<group>"; };
		E5470EB122C119F4001092A4 /* PathLogger.swift */ = {isa = PBXFileReference; fileEncoding = 4; lastKnownFileType = sourcecode.swift; path = PathLogger.swift; sourceTree = "<group>"; };
		E5470EB222C119F4001092A4 /* Navigation.swift */ = {isa = PBXFileReference; fileEncoding = 4; lastKnownFileType = sourcecode.swift; path = Navigation.swift; sourceTree = "<group>"; };
		E5470EB322C119F4001092A4 /* FeedbackLogger.swift */ = {isa = PBXFileReference; fileEncoding = 4; lastKnownFileType = sourcecode.swift; path = FeedbackLogger.swift; sourceTree = "<group>"; };
		E5470EB422C119F4001092A4 /* PathFinder.swift */ = {isa = PBXFileReference; fileEncoding = 4; lastKnownFileType = sourcecode.swift; path = PathFinder.swift; sourceTree = "<group>"; };
		E5470EB522C119F4001092A4 /* Utility.swift */ = {isa = PBXFileReference; fileEncoding = 4; lastKnownFileType = sourcecode.swift; path = Utility.swift; sourceTree = "<group>"; };
		E5470EB622C119F4001092A4 /* AppDelegate.swift */ = {isa = PBXFileReference; fileEncoding = 4; lastKnownFileType = sourcecode.swift; path = AppDelegate.swift; sourceTree = "<group>"; };
		E5470EB722C119F4001092A4 /* SettingsViewController.m */ = {isa = PBXFileReference; fileEncoding = 4; lastKnownFileType = sourcecode.c.objc; path = SettingsViewController.m; sourceTree = "<group>"; };
		E5470EB822C119F4001092A4 /* Clew Dev-Bridging-Header.h */ = {isa = PBXFileReference; fileEncoding = 4; lastKnownFileType = sourcecode.c.h; path = "Clew Dev-Bridging-Header.h"; sourceTree = "<group>"; };
		E5470EB922C119F4001092A4 /* Settings.bundle */ = {isa = PBXFileReference; lastKnownFileType = "wrapper.plug-in"; path = Settings.bundle; sourceTree = "<group>"; };
		E5470EBA22C119F4001092A4 /* SettingsTableViewController.h */ = {isa = PBXFileReference; fileEncoding = 4; lastKnownFileType = sourcecode.c.h; path = SettingsTableViewController.h; sourceTree = "<group>"; };
		E5470ED022C119F4001092A4 /* Assets.xcassets */ = {isa = PBXFileReference; lastKnownFileType = folder.assetcatalog; path = Assets.xcassets; sourceTree = "<group>"; };
		E5470ED222C119F4001092A4 /* StartRecording.aiff */ = {isa = PBXFileReference; lastKnownFileType = audio.aiff; path = StartRecording.aiff; sourceTree = "<group>"; };
		E5470ED322C119F4001092A4 /* StopRecording.aiff */ = {isa = PBXFileReference; lastKnownFileType = audio.aiff; path = StopRecording.aiff; sourceTree = "<group>"; };
		E5470ED422C119F4001092A4 /* GoogleService-Info.plist */ = {isa = PBXFileReference; fileEncoding = 4; lastKnownFileType = text.plist.xml; path = "GoogleService-Info.plist"; sourceTree = "<group>"; };
		E5470ED622C119F4001092A4 /* NSStringExtension.swift */ = {isa = PBXFileReference; fileEncoding = 4; lastKnownFileType = sourcecode.swift; path = NSStringExtension.swift; sourceTree = "<group>"; };
		E5470ED722C119F4001092A4 /* UIViewControllerExtensions.swift */ = {isa = PBXFileReference; fileEncoding = 4; lastKnownFileType = sourcecode.swift; path = UIViewControllerExtensions.swift; sourceTree = "<group>"; };
		E5470ED822C119F4001092A4 /* UIViewExtensions.swift */ = {isa = PBXFileReference; fileEncoding = 4; lastKnownFileType = sourcecode.swift; path = UIViewExtensions.swift; sourceTree = "<group>"; };
		E5470ED922C119F4001092A4 /* UIButtonExtensions.swift */ = {isa = PBXFileReference; fileEncoding = 4; lastKnownFileType = sourcecode.swift; path = UIButtonExtensions.swift; sourceTree = "<group>"; };
		E5470EDA22C119F4001092A4 /* Float4x4Extension.swift */ = {isa = PBXFileReference; fileEncoding = 4; lastKnownFileType = sourcecode.swift; path = Float4x4Extension.swift; sourceTree = "<group>"; };
		E5470EDB22C119F4001092A4 /* SettingsViewController.h */ = {isa = PBXFileReference; fileEncoding = 4; lastKnownFileType = sourcecode.c.h; path = SettingsViewController.h; sourceTree = "<group>"; };
		E5470EDC22C119F4001092A4 /* Clew-Bridging-Header.h */ = {isa = PBXFileReference; fileEncoding = 4; lastKnownFileType = sourcecode.c.h; path = "Clew-Bridging-Header.h"; sourceTree = "<group>"; };
		E5470EDE22C119F4001092A4 /* ViewController.swift */ = {isa = PBXFileReference; fileEncoding = 4; lastKnownFileType = sourcecode.swift; path = ViewController.swift; sourceTree = "<group>"; };
		E5470EE022C119F4001092A4 /* RecordPathController.swift */ = {isa = PBXFileReference; fileEncoding = 4; lastKnownFileType = sourcecode.swift; path = RecordPathController.swift; sourceTree = "<group>"; };
		E5470EE122C119F4001092A4 /* StartNavigationController.swift */ = {isa = PBXFileReference; fileEncoding = 4; lastKnownFileType = sourcecode.swift; path = StartNavigationController.swift; sourceTree = "<group>"; };
		E5470EE222C119F4001092A4 /* StopRecordingController.swift */ = {isa = PBXFileReference; fileEncoding = 4; lastKnownFileType = sourcecode.swift; path = StopRecordingController.swift; sourceTree = "<group>"; };
		E5470EE322C119F4001092A4 /* RouteRatingController.swift */ = {isa = PBXFileReference; fileEncoding = 4; lastKnownFileType = sourcecode.swift; path = RouteRatingController.swift; sourceTree = "<group>"; };
		E5470EE422C119F4001092A4 /* ResumeTrackingController.swift */ = {isa = PBXFileReference; fileEncoding = 4; lastKnownFileType = sourcecode.swift; path = ResumeTrackingController.swift; sourceTree = "<group>"; };
		E5470EE522C119F4001092A4 /* StopNavigationController.swift */ = {isa = PBXFileReference; fileEncoding = 4; lastKnownFileType = sourcecode.swift; path = StopNavigationController.swift; sourceTree = "<group>"; };
		E5470EE622C119F4001092A4 /* PauseTrackingController.swift */ = {isa = PBXFileReference; fileEncoding = 4; lastKnownFileType = sourcecode.swift; path = PauseTrackingController.swift; sourceTree = "<group>"; };
		E5470EE722C119F4001092A4 /* ResumeTrackingConfirmController.swift */ = {isa = PBXFileReference; fileEncoding = 4; lastKnownFileType = sourcecode.swift; path = ResumeTrackingConfirmController.swift; sourceTree = "<group>"; };
		E5470EE922C119F4001092A4 /* HelpViewController.swift */ = {isa = PBXFileReference; fileEncoding = 4; lastKnownFileType = sourcecode.swift; path = HelpViewController.swift; sourceTree = "<group>"; };
		E5470EEA22C119F4001092A4 /* FeedbackViewController.swift */ = {isa = PBXFileReference; fileEncoding = 4; lastKnownFileType = sourcecode.swift; path = FeedbackViewController.swift; sourceTree = "<group>"; };
		E5470EEB22C119F4001092A4 /* RoutesViewController.swift */ = {isa = PBXFileReference; fileEncoding = 4; lastKnownFileType = sourcecode.swift; path = RoutesViewController.swift; sourceTree = "<group>"; };
		E5470EEE22C119F4001092A4 /* UIConstants.swift */ = {isa = PBXFileReference; fileEncoding = 4; lastKnownFileType = sourcecode.swift; path = UIConstants.swift; sourceTree = "<group>"; };
		E5470EF022C119F4001092A4 /* RootContainerView.swift */ = {isa = PBXFileReference; fileEncoding = 4; lastKnownFileType = sourcecode.swift; path = RootContainerView.swift; sourceTree = "<group>"; };
		E5470EF322C119F4001092A4 /* RouteTableViewCell.swift */ = {isa = PBXFileReference; fileEncoding = 4; lastKnownFileType = sourcecode.swift; path = RouteTableViewCell.swift; sourceTree = "<group>"; };
		E5470EF522C119F4001092A4 /* GoogleService-Info_dev.plist */ = {isa = PBXFileReference; fileEncoding = 4; lastKnownFileType = text.plist.xml; path = "GoogleService-Info_dev.plist"; sourceTree = "<group>"; };
		E565A10722F2173400C1998E /* RouteDocumentData.swift */ = {isa = PBXFileReference; lastKnownFileType = sourcecode.swift; path = RouteDocumentData.swift; sourceTree = "<group>"; };
		E59DA6BD22C65F5900FCD5A1 /* LaunchScreen.storyboard */ = {isa = PBXFileReference; fileEncoding = 4; lastKnownFileType = file.storyboard; path = LaunchScreen.storyboard; sourceTree = "<group>"; };
		E5E9015322FB4CEB00AD0E95 /* QuickLook.framework */ = {isa = PBXFileReference; lastKnownFileType = wrapper.framework; name = QuickLook.framework; path = System/Library/Frameworks/QuickLook.framework; sourceTree = SDKROOT; };
		E5E9016722FB4D4A00AD0E95 /* route-quicklook.appex */ = {isa = PBXFileReference; explicitFileType = "wrapper.app-extension"; includeInIndex = 0; path = "route-quicklook.appex"; sourceTree = BUILT_PRODUCTS_DIR; };
		E5E9016A22FB4D4A00AD0E95 /* PreviewViewController.swift */ = {isa = PBXFileReference; lastKnownFileType = sourcecode.swift; path = PreviewViewController.swift; sourceTree = "<group>"; };
		E5E9016D22FB4D4A00AD0E95 /* Base */ = {isa = PBXFileReference; lastKnownFileType = file.storyboard; name = Base; path = Base.lproj/MainInterface.storyboard; sourceTree = "<group>"; };
		E5E9016F22FB4D4A00AD0E95 /* Info.plist */ = {isa = PBXFileReference; lastKnownFileType = text.plist.xml; path = Info.plist; sourceTree = "<group>"; };
/* End PBXFileReference section */

/* Begin PBXFrameworksBuildPhase section */
		4D6B00BD1F33C1C400952242 /* Frameworks */ = {
			isa = PBXFrameworksBuildPhase;
			buildActionMask = 2147483647;
			files = (
				82BC47FC2640380D00C7D364 /* SimpleForm in Frameworks */,
				2748B8490FCBA95C7AA028D7 /* Pods_Clew.framework in Frameworks */,
			);
			runOnlyForDeploymentPostprocessing = 0;
		};
		B7EB59DF20F693EB00FBBC6A /* Frameworks */ = {
			isa = PBXFrameworksBuildPhase;
			buildActionMask = 2147483647;
			files = (
				B0A563F6FE1007A2716DC876 /* Pods_Clew_Dev.framework in Frameworks */,
			);
			runOnlyForDeploymentPostprocessing = 0;
		};
		E5E9016422FB4D4A00AD0E95 /* Frameworks */ = {
			isa = PBXFrameworksBuildPhase;
			buildActionMask = 2147483647;
			files = (
				E5E9016822FB4D4A00AD0E95 /* QuickLook.framework in Frameworks */,
			);
			runOnlyForDeploymentPostprocessing = 0;
		};
/* End PBXFrameworksBuildPhase section */

/* Begin PBXGroup section */
		4D6B00B71F33C1C400952242 = {
			isa = PBXGroup;
			children = (
				82A417EC262A2140001FCB8C /* Clew Dev.entitlements */,
				E5470EA922C119F4001092A4 /* Clew */,
				77467DAE22BBC1D300FA7DEE /* Default-568h@2x.png */,
				82569F4D22187E6500448B45 /* help */,
				4DF05CC71F34EB56008B0E31 /* Confirm.mp3 */,
				823DA453252F7EA800BB5E6B /* speaker.obj */,
				82AD6A24252F80AA00902A11 /* speaker.mtl */,
				4D6B00E41F33C85500952242 /* Crumb.obj */,
				E5E9016922FB4D4A00AD0E95 /* route-quicklook */,
				4D6B00C11F33C1C400952242 /* Products */,
				645269AB241294DCBFA0E1B0 /* Pods */,
				C63B435EA8A32350A76E47DD /* Frameworks */,
				822E27F8210E3F260024A5E3 /* Clew Dev-Info.plist */,
			);
			sourceTree = "<group>";
		};
		4D6B00C11F33C1C400952242 /* Products */ = {
			isa = PBXGroup;
			children = (
				4D6B00C01F33C1C400952242 /* Clew.app */,
				B7EB59EC20F693EB00FBBC6A /* Clew Dev.app */,
				E5E9016722FB4D4A00AD0E95 /* route-quicklook.appex */,
			);
			name = Products;
			sourceTree = "<group>";
		};
		645269AB241294DCBFA0E1B0 /* Pods */ = {
			isa = PBXGroup;
			children = (
				08FA9C31721F9F8CDCC23AE9 /* Pods-Clew.debug.xcconfig */,
				D89DDB87A8AE1A9ECEAFCEC6 /* Pods-Clew.release.xcconfig */,
				C68778047D8E263D2FB04989 /* Pods-Clew Dev.debug.xcconfig */,
				85A1A72DC19F87F15B738291 /* Pods-Clew Dev.release.xcconfig */,
			);
			name = Pods;
			sourceTree = "<group>";
		};
		C63B435EA8A32350A76E47DD /* Frameworks */ = {
			isa = PBXGroup;
			children = (
				942F73299DA8DCF97FAA974A /* Pods_Clew.framework */,
				3532E390954571B93729786A /* Pods_Clew_Dev.framework */,
				E5E9015322FB4CEB00AD0E95 /* QuickLook.framework */,
			);
			name = Frameworks;
			sourceTree = "<group>";
		};
		E5470EA922C119F4001092A4 /* Clew */ = {
			isa = PBXGroup;
			children = (
				82E4A5CE262A26DC000BEB44 /* Clew.entitlements */,
				E5D1695522E103A0008754D0 /* localizations */,
				E5470EAA22C119F4001092A4 /* Voice Notes */,
				E5470EAF22C119F4001092A4 /* Misc */,
				E5470EB722C119F4001092A4 /* SettingsViewController.m */,
				E5470EB822C119F4001092A4 /* Clew Dev-Bridging-Header.h */,
				E5470EB922C119F4001092A4 /* Settings.bundle */,
				E5470ED022C119F4001092A4 /* Assets.xcassets */,
				E5470ED122C119F4001092A4 /* Sound Effects */,
				E5470ED422C119F4001092A4 /* GoogleService-Info.plist */,
				E5470ED522C119F4001092A4 /* Extensions */,
				E5470EDB22C119F4001092A4 /* SettingsViewController.h */,
				E5470EDC22C119F4001092A4 /* Clew-Bridging-Header.h */,
				E5470EDD22C119F4001092A4 /* Controllers */,
				E5470EED22C119F4001092A4 /* Views */,
				821CF7882513264400A7B3C2 /* InfoPlist.strings */,
				E5470EF522C119F4001092A4 /* GoogleService-Info_dev.plist */,
			);
			path = Clew;
			sourceTree = "<group>";
		};
		E5470EAA22C119F4001092A4 /* Voice Notes */ = {
			isa = PBXGroup;
			children = (
				E5470EAB22C119F4001092A4 /* RecordButtonKit.swift */,
				E5470EAC22C119F4001092A4 /* AudioVisualizerView.swift */,
				E5470EAD22C119F4001092A4 /* RecorderViewController.swift */,
				E5470EAE22C119F4001092A4 /* RecordButton.swift */,
			);
			path = "Voice Notes";
			sourceTree = "<group>";
		};
		E5470EAF22C119F4001092A4 /* Misc */ = {
			isa = PBXGroup;
			children = (
				E5470EB022C119F4001092A4 /* DataPersistence.swift */,
				E5470EB122C119F4001092A4 /* PathLogger.swift */,
				E5470EB222C119F4001092A4 /* Navigation.swift */,
				E5470EB322C119F4001092A4 /* FeedbackLogger.swift */,
				E5470EB422C119F4001092A4 /* PathFinder.swift */,
				E5470EB522C119F4001092A4 /* Utility.swift */,
				1F2B9D7022C3B50D00317DC8 /* HelpCompiler.swift */,
				E5470EB622C119F4001092A4 /* AppDelegate.swift */,
				E565A10722F2173400C1998E /* RouteDocumentData.swift */,
				82A417E0262A205A001FCB8C /* AuthenticationHelper.swift */,
				82BC47FD2640383300C7D364 /* Surveys.swift */,
			);
			path = Misc;
			sourceTree = "<group>";
		};
		E5470ED122C119F4001092A4 /* Sound Effects */ = {
			isa = PBXGroup;
			children = (
				E5470EBA22C119F4001092A4 /* SettingsTableViewController.h */,
				E5470ED222C119F4001092A4 /* StartRecording.aiff */,
				E5470ED322C119F4001092A4 /* StopRecording.aiff */,
			);
			path = "Sound Effects";
			sourceTree = "<group>";
		};
		E5470ED522C119F4001092A4 /* Extensions */ = {
			isa = PBXGroup;
			children = (
				E5470ED622C119F4001092A4 /* NSStringExtension.swift */,
				E5470ED722C119F4001092A4 /* UIViewControllerExtensions.swift */,
				E5470ED822C119F4001092A4 /* UIViewExtensions.swift */,
				E5470ED922C119F4001092A4 /* UIButtonExtensions.swift */,
				E5470EDA22C119F4001092A4 /* Float4x4Extension.swift */,
				E538EF4E22D3BFEC004216E9 /* TransparentTouchView.swift */,
			);
			path = Extensions;
			sourceTree = "<group>";
		};
		E5470EDD22C119F4001092A4 /* Controllers */ = {
			isa = PBXGroup;
			children = (
				E5470EDE22C119F4001092A4 /* ViewController.swift */,
				E5470EDF22C119F4001092A4 /* StateViews */,
				E5470EE822C119F4001092A4 /* PopOvers */,
			);
			path = Controllers;
			sourceTree = "<group>";
		};
		E5470EDF22C119F4001092A4 /* StateViews */ = {
			isa = PBXGroup;
			children = (
				E5470EE022C119F4001092A4 /* RecordPathController.swift */,
				E5470EE122C119F4001092A4 /* StartNavigationController.swift */,
				E5470EE222C119F4001092A4 /* StopRecordingController.swift */,
				E5470EE322C119F4001092A4 /* RouteRatingController.swift */,
				E5470EE422C119F4001092A4 /* ResumeTrackingController.swift */,
				986640CD22FB68F2005AA1F6 /* NameSavedRouteController.swift */,
				E5470EE522C119F4001092A4 /* StopNavigationController.swift */,
				E5470EE622C119F4001092A4 /* PauseTrackingController.swift */,
				E5470EE722C119F4001092A4 /* ResumeTrackingConfirmController.swift */,
			);
			path = StateViews;
			sourceTree = "<group>";
		};
		E5470EE822C119F4001092A4 /* PopOvers */ = {
			isa = PBXGroup;
			children = (
				E5470EE922C119F4001092A4 /* HelpViewController.swift */,
				1F27632222FCBB6E00E1FCF8 /* BurgerMenuViewController.swift */,
				E5470EEA22C119F4001092A4 /* FeedbackViewController.swift */,
				E5470EEB22C119F4001092A4 /* RoutesViewController.swift */,
			);
			path = PopOvers;
			sourceTree = "<group>";
		};
		E5470EED22C119F4001092A4 /* Views */ = {
			isa = PBXGroup;
			children = (
				E59DA6BD22C65F5900FCD5A1 /* LaunchScreen.storyboard */,
				E5470EEE22C119F4001092A4 /* UIConstants.swift */,
				772E4566236CC155008EF6AC /* SettingsAndHelp.storyboard */,
				77365B1B2343ECBA008BC35C /* BurgerMenu.storyboard */,
				E5470EF022C119F4001092A4 /* RootContainerView.swift */,
				E5470EF322C119F4001092A4 /* RouteTableViewCell.swift */,
			);
			path = Views;
			sourceTree = "<group>";
		};
		E5D1695522E103A0008754D0 /* localizations */ = {
			isa = PBXGroup;
			children = (
				E5D1695622E103A0008754D0 /* SettingsAndHelp.strings */,
				E5D1695822E103A0008754D0 /* Localizable.strings */,
			);
			path = localizations;
			sourceTree = "<group>";
		};
		E5E9016922FB4D4A00AD0E95 /* route-quicklook */ = {
			isa = PBXGroup;
			children = (
				E5E9016A22FB4D4A00AD0E95 /* PreviewViewController.swift */,
				E5E9016C22FB4D4A00AD0E95 /* MainInterface.storyboard */,
				E5E9016F22FB4D4A00AD0E95 /* Info.plist */,
				821CF7822513264400A7B3C2 /* InfoPlist.strings */,
			);
			path = "route-quicklook";
			sourceTree = "<group>";
		};
/* End PBXGroup section */

/* Begin PBXNativeTarget section */
		4D6B00BF1F33C1C400952242 /* Clew */ = {
			isa = PBXNativeTarget;
			buildConfigurationList = 4D6B00D21F33C1C400952242 /* Build configuration list for PBXNativeTarget "Clew" */;
			buildPhases = (
				FC3FD998D963F5FE0C5C7B8E /* [CP] Check Pods Manifest.lock */,
				4D6B00BC1F33C1C400952242 /* Sources */,
				4D6B00BD1F33C1C400952242 /* Frameworks */,
				4D6B00BE1F33C1C400952242 /* Resources */,
				7D513714488F266F881D7CB7 /* [CP] Embed Pods Frameworks */,
				E5E9016222FB4CEB00AD0E95 /* Embed App Extensions */,
			);
			buildRules = (
			);
			dependencies = (
				E5E9017122FB4D4A00AD0E95 /* PBXTargetDependency */,
			);
			name = Clew;
			packageProductDependencies = (
				82BC47FB2640380D00C7D364 /* SimpleForm */,
			);
			productName = Clew;
			productReference = 4D6B00C01F33C1C400952242 /* Clew.app */;
			productType = "com.apple.product-type.application";
		};
		B7EB59D720F693EB00FBBC6A /* Clew Dev */ = {
			isa = PBXNativeTarget;
			buildConfigurationList = B7EB59E920F693EB00FBBC6A /* Build configuration list for PBXNativeTarget "Clew Dev" */;
			buildPhases = (
				B7EB59D820F693EB00FBBC6A /* [CP] Check Pods Manifest.lock */,
				B7EB59D920F693EB00FBBC6A /* Sources */,
				B7EB59DF20F693EB00FBBC6A /* Frameworks */,
				B7EB59E120F693EB00FBBC6A /* Resources */,
				B7EB59E820F693EB00FBBC6A /* [CP] Embed Pods Frameworks */,
			);
			buildRules = (
			);
			dependencies = (
			);
			name = "Clew Dev";
			productName = Clew;
			productReference = B7EB59EC20F693EB00FBBC6A /* Clew Dev.app */;
			productType = "com.apple.product-type.application";
		};
		E5E9016622FB4D4A00AD0E95 /* route-quicklook */ = {
			isa = PBXNativeTarget;
			buildConfigurationList = E5E9017322FB4D4A00AD0E95 /* Build configuration list for PBXNativeTarget "route-quicklook" */;
			buildPhases = (
				E5E9016322FB4D4A00AD0E95 /* Sources */,
				E5E9016422FB4D4A00AD0E95 /* Frameworks */,
				E5E9016522FB4D4A00AD0E95 /* Resources */,
			);
			buildRules = (
			);
			dependencies = (
			);
			name = "route-quicklook";
			productName = "route-quicklook";
			productReference = E5E9016722FB4D4A00AD0E95 /* route-quicklook.appex */;
			productType = "com.apple.product-type.app-extension";
		};
/* End PBXNativeTarget section */

/* Begin PBXProject section */
		4D6B00B81F33C1C400952242 /* Project object */ = {
			isa = PBXProject;
			attributes = {
				LastSwiftUpdateCheck = 1020;
				LastUpgradeCheck = 1150;
				ORGANIZATIONNAME = OccamLab;
				TargetAttributes = {
					4D6B00BF1F33C1C400952242 = {
						CreatedOnToolsVersion = 9.0;
						LastSwiftMigration = 1020;
					};
					B7EB59D720F693EB00FBBC6A = {
						LastSwiftMigration = 1010;
						ProvisioningStyle = Automatic;
					};
					E5E9016622FB4D4A00AD0E95 = {
						CreatedOnToolsVersion = 10.2.1;
						ProvisioningStyle = Automatic;
					};
				};
			};
			buildConfigurationList = 4D6B00BB1F33C1C400952242 /* Build configuration list for PBXProject "Clew" */;
			compatibilityVersion = "Xcode 8.0";
			developmentRegion = en;
			hasScannedForEncodings = 0;
			knownRegions = (
				en,
				es,
				"zh-Hans",
				th,
				ko,
				ja,
				ru,
				base,
				Base,
				ar,
			);
			mainGroup = 4D6B00B71F33C1C400952242;
			packageReferences = (
				82BC47FA2640380D00C7D364 /* XCRemoteSwiftPackageReference "SimpleForm" */,
			);
			productRefGroup = 4D6B00C11F33C1C400952242 /* Products */;
			projectDirPath = "";
			projectRoot = "";
			targets = (
				4D6B00BF1F33C1C400952242 /* Clew */,
				B7EB59D720F693EB00FBBC6A /* Clew Dev */,
				E5E9016622FB4D4A00AD0E95 /* route-quicklook */,
			);
		};
/* End PBXProject section */

/* Begin PBXResourcesBuildPhase section */
		4D6B00BE1F33C1C400952242 /* Resources */ = {
			isa = PBXResourcesBuildPhase;
			buildActionMask = 2147483647;
			files = (
				772E4563236CC155008EF6AC /* SettingsAndHelp.storyboard in Resources */,
				4DF05CC81F34EB6B008B0E31 /* Confirm.mp3 in Resources */,
				E5470F1822C119F5001092A4 /* StartRecording.aiff in Resources */,
				4D6B00E51F33C9B800952242 /* Crumb.obj in Resources */,
				E5470F1C22C119F5001092A4 /* GoogleService-Info.plist in Resources */,
				E5470F0E22C119F5001092A4 /* Settings.bundle in Resources */,
				82569F4E22187E6500448B45 /* help in Resources */,
				E5470F1622C119F5001092A4 /* Assets.xcassets in Resources */,
				77365B182343ECBA008BC35C /* BurgerMenu.storyboard in Resources */,
				E59DA6BF22C65F5900FCD5A1 /* LaunchScreen.storyboard in Resources */,
				E5470F4E22C119F5001092A4 /* GoogleService-Info_dev.plist in Resources */,
				1F2B9D8722C5446B00317DC8 /* (null) in Resources */,
				82AD6A25252F80AA00902A11 /* speaker.mtl in Resources */,
				E5D1695E22E103A0008754D0 /* Localizable.strings in Resources */,
				E5470F1A22C119F5001092A4 /* StopRecording.aiff in Resources */,
				77467DAF22BBC1D300FA7DEE /* Default-568h@2x.png in Resources */,
				823DA454252F7EA800BB5E6B /* speaker.obj in Resources */,
			);
			runOnlyForDeploymentPostprocessing = 0;
		};
		B7EB59E120F693EB00FBBC6A /* Resources */ = {
			isa = PBXResourcesBuildPhase;
			buildActionMask = 2147483647;
			files = (
				E5470F0F22C119F5001092A4 /* Settings.bundle in Resources */,
				E5470F1922C119F5001092A4 /* StartRecording.aiff in Resources */,
				77365B192343ECBA008BC35C /* BurgerMenu.storyboard in Resources */,
				E5470F1B22C119F5001092A4 /* StopRecording.aiff in Resources */,
				82AD6A26252F80AA00902A11 /* speaker.mtl in Resources */,
				B7EB59E220F693EB00FBBC6A /* Confirm.mp3 in Resources */,
				B7EB59E320F693EB00FBBC6A /* Crumb.obj in Resources */,
				E5470F4F22C119F5001092A4 /* GoogleService-Info_dev.plist in Resources */,
				82569F4F22187E6500448B45 /* help in Resources */,
				E5D1695F22E103A0008754D0 /* Localizable.strings in Resources */,
				E59DA6C022C65F5900FCD5A1 /* LaunchScreen.storyboard in Resources */,
				772E4564236CC155008EF6AC /* SettingsAndHelp.storyboard in Resources */,
				E5470F1D22C119F5001092A4 /* GoogleService-Info.plist in Resources */,
				E5470F1722C119F5001092A4 /* Assets.xcassets in Resources */,
				823DA455252F7EA800BB5E6B /* speaker.obj in Resources */,
			);
			runOnlyForDeploymentPostprocessing = 0;
		};
		E5E9016522FB4D4A00AD0E95 /* Resources */ = {
			isa = PBXResourcesBuildPhase;
			buildActionMask = 2147483647;
			files = (
				E5E9016E22FB4D4A00AD0E95 /* MainInterface.storyboard in Resources */,
				821CF7842513264400A7B3C2 /* InfoPlist.strings in Resources */,
			);
			runOnlyForDeploymentPostprocessing = 0;
		};
/* End PBXResourcesBuildPhase section */

/* Begin PBXShellScriptBuildPhase section */
		7D513714488F266F881D7CB7 /* [CP] Embed Pods Frameworks */ = {
			isa = PBXShellScriptBuildPhase;
			buildActionMask = 2147483647;
			files = (
			);
			inputPaths = (
				"${PODS_ROOT}/Target Support Files/Pods-Clew/Pods-Clew-frameworks.sh",
				"${BUILT_PRODUCTS_DIR}/FirebaseAuth/FirebaseAuth.framework",
				"${BUILT_PRODUCTS_DIR}/FirebaseCore/FirebaseCore.framework",
				"${BUILT_PRODUCTS_DIR}/FirebaseCoreDiagnostics/FirebaseCoreDiagnostics.framework",
				"${BUILT_PRODUCTS_DIR}/FirebaseDatabase/FirebaseDatabase.framework",
				"${BUILT_PRODUCTS_DIR}/FirebaseInstallations/FirebaseInstallations.framework",
				"${BUILT_PRODUCTS_DIR}/FirebaseStorage/FirebaseStorage.framework",
				"${BUILT_PRODUCTS_DIR}/GTMSessionFetcher/GTMSessionFetcher.framework",
				"${BUILT_PRODUCTS_DIR}/GoogleDataTransport/GoogleDataTransport.framework",
				"${BUILT_PRODUCTS_DIR}/GoogleUtilities/GoogleUtilities.framework",
				"${BUILT_PRODUCTS_DIR}/InAppSettingsKit/InAppSettingsKit.framework",
				"${BUILT_PRODUCTS_DIR}/PRTween/PRTween.framework",
				"${BUILT_PRODUCTS_DIR}/PromisesObjC/FBLPromises.framework",
				"${BUILT_PRODUCTS_DIR}/SRCountdownTimer/SRCountdownTimer.framework",
				"${BUILT_PRODUCTS_DIR}/VectorMath/VectorMath.framework",
				"${BUILT_PRODUCTS_DIR}/leveldb-library/leveldb.framework",
				"${BUILT_PRODUCTS_DIR}/nanopb/nanopb.framework",
			);
			name = "[CP] Embed Pods Frameworks";
			outputPaths = (
				"${TARGET_BUILD_DIR}/${FRAMEWORKS_FOLDER_PATH}/FirebaseAuth.framework",
				"${TARGET_BUILD_DIR}/${FRAMEWORKS_FOLDER_PATH}/FirebaseCore.framework",
				"${TARGET_BUILD_DIR}/${FRAMEWORKS_FOLDER_PATH}/FirebaseCoreDiagnostics.framework",
				"${TARGET_BUILD_DIR}/${FRAMEWORKS_FOLDER_PATH}/FirebaseDatabase.framework",
				"${TARGET_BUILD_DIR}/${FRAMEWORKS_FOLDER_PATH}/FirebaseInstallations.framework",
				"${TARGET_BUILD_DIR}/${FRAMEWORKS_FOLDER_PATH}/FirebaseStorage.framework",
				"${TARGET_BUILD_DIR}/${FRAMEWORKS_FOLDER_PATH}/GTMSessionFetcher.framework",
				"${TARGET_BUILD_DIR}/${FRAMEWORKS_FOLDER_PATH}/GoogleDataTransport.framework",
				"${TARGET_BUILD_DIR}/${FRAMEWORKS_FOLDER_PATH}/GoogleUtilities.framework",
				"${TARGET_BUILD_DIR}/${FRAMEWORKS_FOLDER_PATH}/InAppSettingsKit.framework",
				"${TARGET_BUILD_DIR}/${FRAMEWORKS_FOLDER_PATH}/PRTween.framework",
				"${TARGET_BUILD_DIR}/${FRAMEWORKS_FOLDER_PATH}/FBLPromises.framework",
				"${TARGET_BUILD_DIR}/${FRAMEWORKS_FOLDER_PATH}/SRCountdownTimer.framework",
				"${TARGET_BUILD_DIR}/${FRAMEWORKS_FOLDER_PATH}/VectorMath.framework",
				"${TARGET_BUILD_DIR}/${FRAMEWORKS_FOLDER_PATH}/leveldb.framework",
				"${TARGET_BUILD_DIR}/${FRAMEWORKS_FOLDER_PATH}/nanopb.framework",
			);
			runOnlyForDeploymentPostprocessing = 0;
			shellPath = /bin/sh;
			shellScript = "\"${PODS_ROOT}/Target Support Files/Pods-Clew/Pods-Clew-frameworks.sh\"\n";
			showEnvVarsInLog = 0;
		};
		B7EB59D820F693EB00FBBC6A /* [CP] Check Pods Manifest.lock */ = {
			isa = PBXShellScriptBuildPhase;
			buildActionMask = 2147483647;
			files = (
			);
			inputPaths = (
				"${PODS_PODFILE_DIR_PATH}/Podfile.lock",
				"${PODS_ROOT}/Manifest.lock",
			);
			name = "[CP] Check Pods Manifest.lock";
			outputPaths = (
				"$(DERIVED_FILE_DIR)/Pods-Clew Dev-checkManifestLockResult.txt",
			);
			runOnlyForDeploymentPostprocessing = 0;
			shellPath = /bin/sh;
			shellScript = "diff \"${PODS_PODFILE_DIR_PATH}/Podfile.lock\" \"${PODS_ROOT}/Manifest.lock\" > /dev/null\nif [ $? != 0 ] ; then\n    # print error to STDERR\n    echo \"error: The sandbox is not in sync with the Podfile.lock. Run 'pod install' or update your CocoaPods installation.\" >&2\n    exit 1\nfi\n# This output is used by Xcode 'outputs' to avoid re-running this script phase.\necho \"SUCCESS\" > \"${SCRIPT_OUTPUT_FILE_0}\"\n";
			showEnvVarsInLog = 0;
		};
		B7EB59E820F693EB00FBBC6A /* [CP] Embed Pods Frameworks */ = {
			isa = PBXShellScriptBuildPhase;
			buildActionMask = 2147483647;
			files = (
			);
			inputPaths = (
				"${PODS_ROOT}/Target Support Files/Pods-Clew Dev/Pods-Clew Dev-frameworks.sh",
				"${BUILT_PRODUCTS_DIR}/FirebaseAuth/FirebaseAuth.framework",
				"${BUILT_PRODUCTS_DIR}/FirebaseCore/FirebaseCore.framework",
				"${BUILT_PRODUCTS_DIR}/FirebaseCoreDiagnostics/FirebaseCoreDiagnostics.framework",
				"${BUILT_PRODUCTS_DIR}/FirebaseDatabase/FirebaseDatabase.framework",
				"${BUILT_PRODUCTS_DIR}/FirebaseInstallations/FirebaseInstallations.framework",
				"${BUILT_PRODUCTS_DIR}/FirebaseStorage/FirebaseStorage.framework",
				"${BUILT_PRODUCTS_DIR}/GTMSessionFetcher/GTMSessionFetcher.framework",
				"${BUILT_PRODUCTS_DIR}/GoogleDataTransport/GoogleDataTransport.framework",
				"${BUILT_PRODUCTS_DIR}/GoogleUtilities/GoogleUtilities.framework",
				"${BUILT_PRODUCTS_DIR}/InAppSettingsKit/InAppSettingsKit.framework",
				"${BUILT_PRODUCTS_DIR}/PRTween/PRTween.framework",
				"${BUILT_PRODUCTS_DIR}/PromisesObjC/FBLPromises.framework",
				"${BUILT_PRODUCTS_DIR}/SRCountdownTimer/SRCountdownTimer.framework",
				"${BUILT_PRODUCTS_DIR}/VectorMath/VectorMath.framework",
				"${BUILT_PRODUCTS_DIR}/leveldb-library/leveldb.framework",
				"${BUILT_PRODUCTS_DIR}/nanopb/nanopb.framework",
			);
			name = "[CP] Embed Pods Frameworks";
			outputPaths = (
				"${TARGET_BUILD_DIR}/${FRAMEWORKS_FOLDER_PATH}/FirebaseAuth.framework",
				"${TARGET_BUILD_DIR}/${FRAMEWORKS_FOLDER_PATH}/FirebaseCore.framework",
				"${TARGET_BUILD_DIR}/${FRAMEWORKS_FOLDER_PATH}/FirebaseCoreDiagnostics.framework",
				"${TARGET_BUILD_DIR}/${FRAMEWORKS_FOLDER_PATH}/FirebaseDatabase.framework",
				"${TARGET_BUILD_DIR}/${FRAMEWORKS_FOLDER_PATH}/FirebaseInstallations.framework",
				"${TARGET_BUILD_DIR}/${FRAMEWORKS_FOLDER_PATH}/FirebaseStorage.framework",
				"${TARGET_BUILD_DIR}/${FRAMEWORKS_FOLDER_PATH}/GTMSessionFetcher.framework",
				"${TARGET_BUILD_DIR}/${FRAMEWORKS_FOLDER_PATH}/GoogleDataTransport.framework",
				"${TARGET_BUILD_DIR}/${FRAMEWORKS_FOLDER_PATH}/GoogleUtilities.framework",
				"${TARGET_BUILD_DIR}/${FRAMEWORKS_FOLDER_PATH}/InAppSettingsKit.framework",
				"${TARGET_BUILD_DIR}/${FRAMEWORKS_FOLDER_PATH}/PRTween.framework",
				"${TARGET_BUILD_DIR}/${FRAMEWORKS_FOLDER_PATH}/FBLPromises.framework",
				"${TARGET_BUILD_DIR}/${FRAMEWORKS_FOLDER_PATH}/SRCountdownTimer.framework",
				"${TARGET_BUILD_DIR}/${FRAMEWORKS_FOLDER_PATH}/VectorMath.framework",
				"${TARGET_BUILD_DIR}/${FRAMEWORKS_FOLDER_PATH}/leveldb.framework",
				"${TARGET_BUILD_DIR}/${FRAMEWORKS_FOLDER_PATH}/nanopb.framework",
			);
			runOnlyForDeploymentPostprocessing = 0;
			shellPath = /bin/sh;
			shellScript = "\"${PODS_ROOT}/Target Support Files/Pods-Clew Dev/Pods-Clew Dev-frameworks.sh\"\n";
			showEnvVarsInLog = 0;
		};
		FC3FD998D963F5FE0C5C7B8E /* [CP] Check Pods Manifest.lock */ = {
			isa = PBXShellScriptBuildPhase;
			buildActionMask = 2147483647;
			files = (
			);
			inputPaths = (
				"${PODS_PODFILE_DIR_PATH}/Podfile.lock",
				"${PODS_ROOT}/Manifest.lock",
			);
			name = "[CP] Check Pods Manifest.lock";
			outputPaths = (
				"$(DERIVED_FILE_DIR)/Pods-Clew-checkManifestLockResult.txt",
			);
			runOnlyForDeploymentPostprocessing = 0;
			shellPath = /bin/sh;
			shellScript = "diff \"${PODS_PODFILE_DIR_PATH}/Podfile.lock\" \"${PODS_ROOT}/Manifest.lock\" > /dev/null\nif [ $? != 0 ] ; then\n    # print error to STDERR\n    echo \"error: The sandbox is not in sync with the Podfile.lock. Run 'pod install' or update your CocoaPods installation.\" >&2\n    exit 1\nfi\n# This output is used by Xcode 'outputs' to avoid re-running this script phase.\necho \"SUCCESS\" > \"${SCRIPT_OUTPUT_FILE_0}\"\n";
			showEnvVarsInLog = 0;
		};
/* End PBXShellScriptBuildPhase section */

/* Begin PBXSourcesBuildPhase section */
		4D6B00BC1F33C1C400952242 /* Sources */ = {
			isa = PBXSourcesBuildPhase;
			buildActionMask = 2147483647;
			files = (
				E5470F2E22C119F5001092A4 /* StopRecordingController.swift in Sources */,
				E5470F0A22C119F5001092A4 /* AppDelegate.swift in Sources */,
				E5470F2222C119F5001092A4 /* UIViewExtensions.swift in Sources */,
				E538EF4F22D3BFEC004216E9 /* TransparentTouchView.swift in Sources */,
				E5470F3C22C119F5001092A4 /* FeedbackViewController.swift in Sources */,
				E5470F3422C119F5001092A4 /* StopNavigationController.swift in Sources */,
				E5470F3E22C119F5001092A4 /* RoutesViewController.swift in Sources */,
				E5470F0822C119F5001092A4 /* Utility.swift in Sources */,
				E5470EFC22C119F5001092A4 /* RecordButton.swift in Sources */,
				1F27632322FCBB6E00E1FCF8 /* BurgerMenuViewController.swift in Sources */,
				E5470F0C22C119F5001092A4 /* SettingsViewController.m in Sources */,
				E5470F2622C119F5001092A4 /* Float4x4Extension.swift in Sources */,
				E5470EF622C119F5001092A4 /* RecordButtonKit.swift in Sources */,
				82BC47FE2640383300C7D364 /* Surveys.swift in Sources */,
				E5470F0622C119F5001092A4 /* PathFinder.swift in Sources */,
				E5470F2C22C119F5001092A4 /* StartNavigationController.swift in Sources */,
				E5470F3022C119F5001092A4 /* RouteRatingController.swift in Sources */,
				E5470F4222C119F5001092A4 /* UIConstants.swift in Sources */,
				E5470F2022C119F5001092A4 /* UIViewControllerExtensions.swift in Sources */,
				E5470F3A22C119F5001092A4 /* HelpViewController.swift in Sources */,
				E565A10822F2173400C1998E /* RouteDocumentData.swift in Sources */,
				E5470F0222C119F5001092A4 /* Navigation.swift in Sources */,
				E5470F3822C119F5001092A4 /* ResumeTrackingConfirmController.swift in Sources */,
				E5470EFA22C119F5001092A4 /* RecorderViewController.swift in Sources */,
				E5470F4622C119F5001092A4 /* RootContainerView.swift in Sources */,
				E5470F4A22C119F5001092A4 /* RouteTableViewCell.swift in Sources */,
				E5470F0422C119F5001092A4 /* FeedbackLogger.swift in Sources */,
				E5470F2822C119F5001092A4 /* ViewController.swift in Sources */,
				82A417E1262A205A001FCB8C /* AuthenticationHelper.swift in Sources */,
				E5470F3622C119F5001092A4 /* PauseTrackingController.swift in Sources */,
				E5470F2A22C119F5001092A4 /* RecordPathController.swift in Sources */,
				986640CE22FB68F2005AA1F6 /* NameSavedRouteController.swift in Sources */,
				E5470EFE22C119F5001092A4 /* DataPersistence.swift in Sources */,
				E5470F0022C119F5001092A4 /* PathLogger.swift in Sources */,
				E5470F2422C119F5001092A4 /* UIButtonExtensions.swift in Sources */,
				E5470EF822C119F5001092A4 /* AudioVisualizerView.swift in Sources */,
				1F2971A522DF60F700B896C6 /* HelpCompiler.swift in Sources */,
				E5470F1E22C119F5001092A4 /* NSStringExtension.swift in Sources */,
				E5470F3222C119F5001092A4 /* ResumeTrackingController.swift in Sources */,
			);
			runOnlyForDeploymentPostprocessing = 0;
		};
		B7EB59D920F693EB00FBBC6A /* Sources */ = {
			isa = PBXSourcesBuildPhase;
			buildActionMask = 2147483647;
			files = (
				E538EF5022D3BFEC004216E9 /* TransparentTouchView.swift in Sources */,
				E5470F2F22C119F5001092A4 /* StopRecordingController.swift in Sources */,
				E5470F0B22C119F5001092A4 /* AppDelegate.swift in Sources */,
				E5470F2322C119F5001092A4 /* UIViewExtensions.swift in Sources */,
				E5470F3D22C119F5001092A4 /* FeedbackViewController.swift in Sources */,
				E5470F3522C119F5001092A4 /* StopNavigationController.swift in Sources */,
				E5470F3F22C119F5001092A4 /* RoutesViewController.swift in Sources */,
				E5470F0922C119F5001092A4 /* Utility.swift in Sources */,
				E5470EFD22C119F5001092A4 /* RecordButton.swift in Sources */,
				1F27632422FCBB9900E1FCF8 /* BurgerMenuViewController.swift in Sources */,
				E5470F0D22C119F5001092A4 /* SettingsViewController.m in Sources */,
				E5470F2722C119F5001092A4 /* Float4x4Extension.swift in Sources */,
				E5470EF722C119F5001092A4 /* RecordButtonKit.swift in Sources */,
				82BC47FF2640396700C7D364 /* Surveys.swift in Sources */,
				E5470F0722C119F5001092A4 /* PathFinder.swift in Sources */,
				E5470F2D22C119F5001092A4 /* StartNavigationController.swift in Sources */,
				1F2B9D7222C3B50D00317DC8 /* HelpCompiler.swift in Sources */,
				E5470F3122C119F5001092A4 /* RouteRatingController.swift in Sources */,
				E5470F4322C119F5001092A4 /* UIConstants.swift in Sources */,
				E5470F2122C119F5001092A4 /* UIViewControllerExtensions.swift in Sources */,
				E565A10922F2173400C1998E /* RouteDocumentData.swift in Sources */,
				E5470F3B22C119F5001092A4 /* HelpViewController.swift in Sources */,
				E5470F0322C119F5001092A4 /* Navigation.swift in Sources */,
				E5470F3922C119F5001092A4 /* ResumeTrackingConfirmController.swift in Sources */,
				E5470EFB22C119F5001092A4 /* RecorderViewController.swift in Sources */,
				E5470F4722C119F5001092A4 /* RootContainerView.swift in Sources */,
				E5470F4B22C119F5001092A4 /* RouteTableViewCell.swift in Sources */,
				E5470F0522C119F5001092A4 /* FeedbackLogger.swift in Sources */,
				82A417E2262A205A001FCB8C /* AuthenticationHelper.swift in Sources */,
				E5470F2922C119F5001092A4 /* ViewController.swift in Sources */,
				E5470F3722C119F5001092A4 /* PauseTrackingController.swift in Sources */,
				986640CF22FC9606005AA1F6 /* NameSavedRouteController.swift in Sources */,
				E5470F2B22C119F5001092A4 /* RecordPathController.swift in Sources */,
				E5470EFF22C119F5001092A4 /* DataPersistence.swift in Sources */,
				E5470F0122C119F5001092A4 /* PathLogger.swift in Sources */,
				E5470F2522C119F5001092A4 /* UIButtonExtensions.swift in Sources */,
				E5470EF922C119F5001092A4 /* AudioVisualizerView.swift in Sources */,
				E5470F1F22C119F5001092A4 /* NSStringExtension.swift in Sources */,
				E5470F3322C119F5001092A4 /* ResumeTrackingController.swift in Sources */,
			);
			runOnlyForDeploymentPostprocessing = 0;
		};
		E5E9016322FB4D4A00AD0E95 /* Sources */ = {
			isa = PBXSourcesBuildPhase;
			buildActionMask = 2147483647;
			files = (
				E5E9016B22FB4D4A00AD0E95 /* PreviewViewController.swift in Sources */,
			);
			runOnlyForDeploymentPostprocessing = 0;
		};
/* End PBXSourcesBuildPhase section */

/* Begin PBXTargetDependency section */
		E5E9017122FB4D4A00AD0E95 /* PBXTargetDependency */ = {
			isa = PBXTargetDependency;
			target = E5E9016622FB4D4A00AD0E95 /* route-quicklook */;
			targetProxy = E5E9017022FB4D4A00AD0E95 /* PBXContainerItemProxy */;
		};
/* End PBXTargetDependency section */

/* Begin PBXVariantGroup section */
		772E4566236CC155008EF6AC /* SettingsAndHelp.storyboard */ = {
			isa = PBXVariantGroup;
			children = (
				772E4565236CC155008EF6AC /* es */,
				772E4567236CC15F008EF6AC /* Base */,
				827CB5B024932CC60032A857 /* ar */,
			);
			name = SettingsAndHelp.storyboard;
			sourceTree = "<group>";
		};
		77365B1B2343ECBA008BC35C /* BurgerMenu.storyboard */ = {
			isa = PBXVariantGroup;
			children = (
				772E4562236CC0A7008EF6AC /* es */,
				772E4568236CC7BE008EF6AC /* Base */,
				827CB5B124932CC60032A857 /* ar */,
			);
			name = BurgerMenu.storyboard;
			sourceTree = "<group>";
		};
		821CF7822513264400A7B3C2 /* InfoPlist.strings */ = {
			isa = PBXVariantGroup;
			children = (
				821CF7832513264400A7B3C2 /* ar */,
			);
			name = InfoPlist.strings;
			sourceTree = "<group>";
		};
		821CF7882513264400A7B3C2 /* InfoPlist.strings */ = {
			isa = PBXVariantGroup;
			children = (
				821CF7892513264400A7B3C2 /* ar */,
			);
			name = InfoPlist.strings;
			sourceTree = "<group>";
		};
		E5D1695622E103A0008754D0 /* SettingsAndHelp.strings */ = {
			isa = PBXVariantGroup;
			children = (
				82F2DDD322E26A44005CD7D0 /* en */,
				7743819F2343E3F8003EBD85 /* es */,
				827CB5B324932CC70032A857 /* ar */,
			);
			name = SettingsAndHelp.strings;
			sourceTree = "<group>";
		};
		E5D1695822E103A0008754D0 /* Localizable.strings */ = {
			isa = PBXVariantGroup;
			children = (
				82F2DDD122E26A44005CD7D0 /* en */,
				772E455F235F91C6008EF6AC /* es */,
				827CB5B424932CC70032A857 /* ar */,
			);
			name = Localizable.strings;
			sourceTree = "<group>";
		};
		E5E9016C22FB4D4A00AD0E95 /* MainInterface.storyboard */ = {
			isa = PBXVariantGroup;
			children = (
				E5E9016D22FB4D4A00AD0E95 /* Base */,
				8206436A23B556A200DEE347 /* es */,
				827CB5B224932CC60032A857 /* ar */,
			);
			name = MainInterface.storyboard;
			sourceTree = "<group>";
		};
/* End PBXVariantGroup section */

/* Begin XCBuildConfiguration section */
		4D6B00D01F33C1C400952242 /* Debug */ = {
			isa = XCBuildConfiguration;
			buildSettings = {
				ALWAYS_SEARCH_USER_PATHS = NO;
				CLANG_ANALYZER_LOCALIZABILITY_NONLOCALIZED = YES;
				"CLANG_ANALYZER_LOCALIZABILITY_NONLOCALIZED[arch=*]" = YES;
				CLANG_ANALYZER_NONNULL = YES;
				CLANG_ANALYZER_NUMBER_OBJECT_CONVERSION = YES_AGGRESSIVE;
				CLANG_CXX_LANGUAGE_STANDARD = "gnu++14";
				CLANG_CXX_LIBRARY = "libc++";
				CLANG_ENABLE_MODULES = YES;
				CLANG_ENABLE_OBJC_ARC = YES;
				CLANG_WARN_BLOCK_CAPTURE_AUTORELEASING = YES;
				CLANG_WARN_BOOL_CONVERSION = YES;
				CLANG_WARN_COMMA = YES;
				CLANG_WARN_CONSTANT_CONVERSION = YES;
				CLANG_WARN_DEPRECATED_OBJC_IMPLEMENTATIONS = YES;
				CLANG_WARN_DIRECT_OBJC_ISA_USAGE = YES_ERROR;
				CLANG_WARN_DOCUMENTATION_COMMENTS = YES;
				CLANG_WARN_EMPTY_BODY = YES;
				CLANG_WARN_ENUM_CONVERSION = YES;
				CLANG_WARN_INFINITE_RECURSION = YES;
				CLANG_WARN_INT_CONVERSION = YES;
				CLANG_WARN_NON_LITERAL_NULL_CONVERSION = YES;
				CLANG_WARN_OBJC_IMPLICIT_RETAIN_SELF = YES;
				CLANG_WARN_OBJC_LITERAL_CONVERSION = YES;
				CLANG_WARN_OBJC_ROOT_CLASS = YES_ERROR;
				CLANG_WARN_RANGE_LOOP_ANALYSIS = YES;
				CLANG_WARN_STRICT_PROTOTYPES = YES;
				CLANG_WARN_SUSPICIOUS_MOVE = YES;
				CLANG_WARN_UNGUARDED_AVAILABILITY = YES_AGGRESSIVE;
				CLANG_WARN_UNREACHABLE_CODE = YES;
				CLANG_WARN__DUPLICATE_METHOD_MATCH = YES;
				CODE_SIGN_IDENTITY = "iPhone Developer";
				COPY_PHASE_STRIP = NO;
				DEBUG_INFORMATION_FORMAT = "dwarf-with-dsym";
				ENABLE_STRICT_OBJC_MSGSEND = YES;
				ENABLE_TESTABILITY = YES;
				GCC_C_LANGUAGE_STANDARD = gnu11;
				GCC_DYNAMIC_NO_PIC = NO;
				GCC_NO_COMMON_BLOCKS = YES;
				GCC_OPTIMIZATION_LEVEL = 0;
				GCC_PREPROCESSOR_DEFINITIONS = (
					"DEBUG=1",
					"$(inherited)",
				);
				GCC_WARN_64_TO_32_BIT_CONVERSION = YES;
				GCC_WARN_ABOUT_RETURN_TYPE = YES_ERROR;
				GCC_WARN_UNDECLARED_SELECTOR = YES;
				GCC_WARN_UNINITIALIZED_AUTOS = YES_AGGRESSIVE;
				GCC_WARN_UNUSED_FUNCTION = YES;
				GCC_WARN_UNUSED_VARIABLE = YES;
				IPHONEOS_DEPLOYMENT_TARGET = 11.3;
				MTL_ENABLE_DEBUG_INFO = YES;
				ONLY_ACTIVE_ARCH = YES;
				SDKROOT = iphoneos;
				SWIFT_ACTIVE_COMPILATION_CONDITIONS = DEBUG;
				SWIFT_OPTIMIZATION_LEVEL = "-Onone";
			};
			name = Debug;
		};
		4D6B00D11F33C1C400952242 /* Release */ = {
			isa = XCBuildConfiguration;
			buildSettings = {
				ALWAYS_SEARCH_USER_PATHS = NO;
				CLANG_ANALYZER_LOCALIZABILITY_NONLOCALIZED = YES;
				"CLANG_ANALYZER_LOCALIZABILITY_NONLOCALIZED[arch=*]" = YES;
				CLANG_ANALYZER_NONNULL = YES;
				CLANG_ANALYZER_NUMBER_OBJECT_CONVERSION = YES_AGGRESSIVE;
				CLANG_CXX_LANGUAGE_STANDARD = "gnu++14";
				CLANG_CXX_LIBRARY = "libc++";
				CLANG_ENABLE_MODULES = YES;
				CLANG_ENABLE_OBJC_ARC = YES;
				CLANG_WARN_BLOCK_CAPTURE_AUTORELEASING = YES;
				CLANG_WARN_BOOL_CONVERSION = YES;
				CLANG_WARN_COMMA = YES;
				CLANG_WARN_CONSTANT_CONVERSION = YES;
				CLANG_WARN_DEPRECATED_OBJC_IMPLEMENTATIONS = YES;
				CLANG_WARN_DIRECT_OBJC_ISA_USAGE = YES_ERROR;
				CLANG_WARN_DOCUMENTATION_COMMENTS = YES;
				CLANG_WARN_EMPTY_BODY = YES;
				CLANG_WARN_ENUM_CONVERSION = YES;
				CLANG_WARN_INFINITE_RECURSION = YES;
				CLANG_WARN_INT_CONVERSION = YES;
				CLANG_WARN_NON_LITERAL_NULL_CONVERSION = YES;
				CLANG_WARN_OBJC_IMPLICIT_RETAIN_SELF = YES;
				CLANG_WARN_OBJC_LITERAL_CONVERSION = YES;
				CLANG_WARN_OBJC_ROOT_CLASS = YES_ERROR;
				CLANG_WARN_RANGE_LOOP_ANALYSIS = YES;
				CLANG_WARN_STRICT_PROTOTYPES = YES;
				CLANG_WARN_SUSPICIOUS_MOVE = YES;
				CLANG_WARN_UNGUARDED_AVAILABILITY = YES_AGGRESSIVE;
				CLANG_WARN_UNREACHABLE_CODE = YES;
				CLANG_WARN__DUPLICATE_METHOD_MATCH = YES;
				CODE_SIGN_IDENTITY = "iPhone Developer";
				COPY_PHASE_STRIP = NO;
				DEBUG_INFORMATION_FORMAT = "dwarf-with-dsym";
				ENABLE_NS_ASSERTIONS = NO;
				ENABLE_STRICT_OBJC_MSGSEND = YES;
				GCC_C_LANGUAGE_STANDARD = gnu11;
				GCC_NO_COMMON_BLOCKS = YES;
				GCC_WARN_64_TO_32_BIT_CONVERSION = YES;
				GCC_WARN_ABOUT_RETURN_TYPE = YES_ERROR;
				GCC_WARN_UNDECLARED_SELECTOR = YES;
				GCC_WARN_UNINITIALIZED_AUTOS = YES_AGGRESSIVE;
				GCC_WARN_UNUSED_FUNCTION = YES;
				GCC_WARN_UNUSED_VARIABLE = YES;
				IPHONEOS_DEPLOYMENT_TARGET = 11.3;
				MTL_ENABLE_DEBUG_INFO = NO;
				SDKROOT = iphoneos;
				SWIFT_COMPILATION_MODE = wholemodule;
				SWIFT_OPTIMIZATION_LEVEL = "-O";
				VALIDATE_PRODUCT = YES;
			};
			name = Release;
		};
		4D6B00D31F33C1C400952242 /* Debug */ = {
			isa = XCBuildConfiguration;
			baseConfigurationReference = 08FA9C31721F9F8CDCC23AE9 /* Pods-Clew.debug.xcconfig */;
			buildSettings = {
				ALWAYS_EMBED_SWIFT_STANDARD_LIBRARIES = YES;
				ASSETCATALOG_COMPILER_APPICON_NAME = AppIcon;
				CLANG_ENABLE_MODULES = YES;
				CODE_SIGN_ENTITLEMENTS = Clew/Clew.entitlements;
				CURRENT_PROJECT_VERSION = 47;
				DEVELOPMENT_ASSET_PATHS = "";
				DEVELOPMENT_TEAM = 787TUDMR8Q;
				INFOPLIST_FILE = Clew/Info.plist;
				IPHONEOS_DEPLOYMENT_TARGET = 13.0;
				LD_RUNPATH_SEARCH_PATHS = (
					"$(inherited)",
					"@executable_path/Frameworks",
				);
				MARKETING_VERSION = 2.0.17;
				PRODUCT_BUNDLE_IDENTIFIER = edu.occam.Clew;
				PRODUCT_NAME = "$(TARGET_NAME)";
				SWIFT_OBJC_BRIDGING_HEADER = "Clew/Clew-Bridging-Header.h";
				SWIFT_OPTIMIZATION_LEVEL = "-Onone";
				SWIFT_VERSION = 5.0;
				TARGETED_DEVICE_FAMILY = "1,2";
			};
			name = Debug;
		};
		4D6B00D41F33C1C400952242 /* Release */ = {
			isa = XCBuildConfiguration;
			baseConfigurationReference = D89DDB87A8AE1A9ECEAFCEC6 /* Pods-Clew.release.xcconfig */;
			buildSettings = {
				ALWAYS_EMBED_SWIFT_STANDARD_LIBRARIES = YES;
				ASSETCATALOG_COMPILER_APPICON_NAME = AppIcon;
				CLANG_ENABLE_MODULES = YES;
				CODE_SIGN_ENTITLEMENTS = Clew/Clew.entitlements;
				CURRENT_PROJECT_VERSION = 47;
				DEVELOPMENT_ASSET_PATHS = "";
				DEVELOPMENT_TEAM = 787TUDMR8Q;
				INFOPLIST_FILE = Clew/Info.plist;
				IPHONEOS_DEPLOYMENT_TARGET = 13.0;
				LD_RUNPATH_SEARCH_PATHS = (
					"$(inherited)",
					"@executable_path/Frameworks",
				);
				MARKETING_VERSION = 2.0.17;
				PRODUCT_BUNDLE_IDENTIFIER = edu.occam.Clew;
				PRODUCT_NAME = "$(TARGET_NAME)";
				SWIFT_OBJC_BRIDGING_HEADER = "Clew/Clew-Bridging-Header.h";
				SWIFT_VERSION = 5.0;
				TARGETED_DEVICE_FAMILY = "1,2";
			};
			name = Release;
		};
		B7EB59EA20F693EB00FBBC6A /* Debug */ = {
			isa = XCBuildConfiguration;
			baseConfigurationReference = C68778047D8E263D2FB04989 /* Pods-Clew Dev.debug.xcconfig */;
			buildSettings = {
				ASSETCATALOG_COMPILER_APPICON_NAME = AppIcon;
				CLANG_ENABLE_MODULES = YES;
				CODE_SIGN_ENTITLEMENTS = "Clew Dev.entitlements";
				CODE_SIGN_IDENTITY = "iPhone Developer";
				CODE_SIGN_STYLE = Automatic;
				CURRENT_PROJECT_VERSION = 47;
				DEVELOPMENT_TEAM = 787TUDMR8Q;
				INFOPLIST_FILE = "Clew Dev-Info.plist";
				IPHONEOS_DEPLOYMENT_TARGET = 13.0;
				LD_RUNPATH_SEARCH_PATHS = (
					"$(inherited)",
					"@executable_path/Frameworks",
				);
				MARKETING_VERSION = 2.0.17;
				OTHER_SWIFT_FLAGS = "$(inherited) \"-DDEVELOPER\" \"-DIS_DEV_TARGET\"";
				PRODUCT_BUNDLE_IDENTIFIER = "edu.occam.Clew-Dev";
				PRODUCT_NAME = "$(TARGET_NAME)";
				PROVISIONING_PROFILE_SPECIFIER = "";
				SWIFT_COMPILATION_MODE = singlefile;
				SWIFT_OBJC_BRIDGING_HEADER = "Clew/Clew Dev-Bridging-Header.h";
				SWIFT_OPTIMIZATION_LEVEL = "-Onone";
				SWIFT_VERSION = 5.0;
				TARGETED_DEVICE_FAMILY = "1,2";
			};
			name = Debug;
		};
		B7EB59EB20F693EB00FBBC6A /* Release */ = {
			isa = XCBuildConfiguration;
			baseConfigurationReference = 85A1A72DC19F87F15B738291 /* Pods-Clew Dev.release.xcconfig */;
			buildSettings = {
				ASSETCATALOG_COMPILER_APPICON_NAME = AppIcon;
				CLANG_ENABLE_MODULES = YES;
				CODE_SIGN_ENTITLEMENTS = "Clew Dev.entitlements";
				CODE_SIGN_IDENTITY = "iPhone Developer";
				CODE_SIGN_STYLE = Automatic;
				CURRENT_PROJECT_VERSION = 47;
				DEVELOPMENT_TEAM = 787TUDMR8Q;
				INFOPLIST_FILE = "Clew Dev-Info.plist";
				IPHONEOS_DEPLOYMENT_TARGET = 13.0;
				LD_RUNPATH_SEARCH_PATHS = (
					"$(inherited)",
					"@executable_path/Frameworks",
				);
				MARKETING_VERSION = 2.0.17;
				OTHER_SWIFT_FLAGS = "$(inherited) \"-DDEVELOPER\" \"-DIS_DEV_TARGET\"";
				PRODUCT_BUNDLE_IDENTIFIER = "edu.occam.Clew-Dev";
				PRODUCT_NAME = "$(TARGET_NAME)";
				PROVISIONING_PROFILE_SPECIFIER = "";
				SWIFT_COMPILATION_MODE = wholemodule;
				SWIFT_OBJC_BRIDGING_HEADER = "Clew/Clew Dev-Bridging-Header.h";
				SWIFT_VERSION = 5.0;
				TARGETED_DEVICE_FAMILY = "1,2";
			};
			name = Release;
		};
		E5E9017422FB4D4A00AD0E95 /* Debug */ = {
			isa = XCBuildConfiguration;
			buildSettings = {
				CLANG_ENABLE_OBJC_WEAK = YES;
				CODE_SIGN_STYLE = Automatic;
				CURRENT_PROJECT_VERSION = 47;
				DEBUG_INFORMATION_FORMAT = dwarf;
				DEVELOPMENT_TEAM = 787TUDMR8Q;
				INFOPLIST_FILE = "route-quicklook/Info.plist";
				IPHONEOS_DEPLOYMENT_TARGET = 11.3;
				LD_RUNPATH_SEARCH_PATHS = (
					"$(inherited)",
					"@executable_path/Frameworks",
					"@executable_path/../../Frameworks",
				);
				MARKETING_VERSION = 2.0.17;
				MTL_ENABLE_DEBUG_INFO = INCLUDE_SOURCE;
				MTL_FAST_MATH = YES;
				PRODUCT_BUNDLE_IDENTIFIER = "edu.occam.Clew.route-quicklook";
				PRODUCT_NAME = "$(TARGET_NAME)";
				SKIP_INSTALL = YES;
				SWIFT_VERSION = 5.0;
				TARGETED_DEVICE_FAMILY = "1,2";
			};
			name = Debug;
		};
		E5E9017522FB4D4A00AD0E95 /* Release */ = {
			isa = XCBuildConfiguration;
			buildSettings = {
				CLANG_ENABLE_OBJC_WEAK = YES;
				CODE_SIGN_STYLE = Automatic;
				CURRENT_PROJECT_VERSION = 47;
				DEVELOPMENT_TEAM = 787TUDMR8Q;
				INFOPLIST_FILE = "route-quicklook/Info.plist";
				IPHONEOS_DEPLOYMENT_TARGET = 11.3;
				LD_RUNPATH_SEARCH_PATHS = (
					"$(inherited)",
					"@executable_path/Frameworks",
					"@executable_path/../../Frameworks",
				);
				MARKETING_VERSION = 2.0.17;
				MTL_FAST_MATH = YES;
				PRODUCT_BUNDLE_IDENTIFIER = "edu.occam.Clew.route-quicklook";
				PRODUCT_NAME = "$(TARGET_NAME)";
				SKIP_INSTALL = YES;
				SWIFT_VERSION = 5.0;
				TARGETED_DEVICE_FAMILY = "1,2";
			};
			name = Release;
		};
/* End XCBuildConfiguration section */

/* Begin XCConfigurationList section */
		4D6B00BB1F33C1C400952242 /* Build configuration list for PBXProject "Clew" */ = {
			isa = XCConfigurationList;
			buildConfigurations = (
				4D6B00D01F33C1C400952242 /* Debug */,
				4D6B00D11F33C1C400952242 /* Release */,
			);
			defaultConfigurationIsVisible = 0;
			defaultConfigurationName = Release;
		};
		4D6B00D21F33C1C400952242 /* Build configuration list for PBXNativeTarget "Clew" */ = {
			isa = XCConfigurationList;
			buildConfigurations = (
				4D6B00D31F33C1C400952242 /* Debug */,
				4D6B00D41F33C1C400952242 /* Release */,
			);
			defaultConfigurationIsVisible = 0;
			defaultConfigurationName = Release;
		};
		B7EB59E920F693EB00FBBC6A /* Build configuration list for PBXNativeTarget "Clew Dev" */ = {
			isa = XCConfigurationList;
			buildConfigurations = (
				B7EB59EA20F693EB00FBBC6A /* Debug */,
				B7EB59EB20F693EB00FBBC6A /* Release */,
			);
			defaultConfigurationIsVisible = 0;
			defaultConfigurationName = Release;
		};
		E5E9017322FB4D4A00AD0E95 /* Build configuration list for PBXNativeTarget "route-quicklook" */ = {
			isa = XCConfigurationList;
			buildConfigurations = (
				E5E9017422FB4D4A00AD0E95 /* Debug */,
				E5E9017522FB4D4A00AD0E95 /* Release */,
			);
			defaultConfigurationIsVisible = 0;
			defaultConfigurationName = Release;
		};
/* End XCConfigurationList section */

/* Begin XCRemoteSwiftPackageReference section */
		82BC47FA2640380D00C7D364 /* XCRemoteSwiftPackageReference "SimpleForm" */ = {
			isa = XCRemoteSwiftPackageReference;
			repositoryURL = "https://github.com/joeshonm/SimpleForm";
			requirement = {
				branch = master;
				kind = branch;
			};
		};
/* End XCRemoteSwiftPackageReference section */

/* Begin XCSwiftPackageProductDependency section */
		82BC47FB2640380D00C7D364 /* SimpleForm */ = {
			isa = XCSwiftPackageProductDependency;
			package = 82BC47FA2640380D00C7D364 /* XCRemoteSwiftPackageReference "SimpleForm" */;
			productName = SimpleForm;
		};
/* End XCSwiftPackageProductDependency section */
	};
	rootObject = 4D6B00B81F33C1C400952242 /* Project object */;
}
