// !$*UTF8*$!
{
	archiveVersion = 1;
	classes = {
	};
	objectVersion = 48;
	objects = {

/* Begin PBXBuildFile section */
		1015E682235F956600F4F051 /* TransparentTouchView.swift in Resources */ = {isa = PBXBuildFile; fileRef = 1015E681235F956500F4F051 /* TransparentTouchView.swift */; };
		1015E684235F95FE00F4F051 /* UIButtonExtensions.swift in Sources */ = {isa = PBXBuildFile; fileRef = 1015E683235F95FE00F4F051 /* UIButtonExtensions.swift */; };
		1015E686235F968100F4F051 /* StopRecordingController.swift in Sources */ = {isa = PBXBuildFile; fileRef = 1015E685235F968100F4F051 /* StopRecordingController.swift */; };
		102FA883237223EC0028E5ED /* NSStringExtension.swift in Sources */ = {isa = PBXBuildFile; fileRef = 102FA87F237223EC0028E5ED /* NSStringExtension.swift */; };
		102FA885237223EC0028E5ED /* UIViewExtensions.swift in Sources */ = {isa = PBXBuildFile; fileRef = 102FA881237223EC0028E5ED /* UIViewExtensions.swift */; };
		102FA886237223EC0028E5ED /* UIViewControllerExtensions.swift in Sources */ = {isa = PBXBuildFile; fileRef = 102FA882237223EC0028E5ED /* UIViewControllerExtensions.swift */; };
		102FA887237226100028E5ED /* TransparentTouchView.swift in Sources */ = {isa = PBXBuildFile; fileRef = 1015E681235F956500F4F051 /* TransparentTouchView.swift */; };
		102FA889237226B40028E5ED /* ResumeTrackingConfirmController.swift in Sources */ = {isa = PBXBuildFile; fileRef = 102FA888237226B40028E5ED /* ResumeTrackingConfirmController.swift */; };
		102FA88A237226B40028E5ED /* ResumeTrackingConfirmController.swift in Sources */ = {isa = PBXBuildFile; fileRef = 102FA888237226B40028E5ED /* ResumeTrackingConfirmController.swift */; };
		102FA88C2372274F0028E5ED /* ResumeTrackingController.swift in Sources */ = {isa = PBXBuildFile; fileRef = 102FA88B2372274F0028E5ED /* ResumeTrackingController.swift */; };
		102FA88D2372274F0028E5ED /* ResumeTrackingController.swift in Sources */ = {isa = PBXBuildFile; fileRef = 102FA88B2372274F0028E5ED /* ResumeTrackingController.swift */; };
		102FA88F2372281B0028E5ED /* Float4x4Extension.swift in Sources */ = {isa = PBXBuildFile; fileRef = 102FA88E2372281A0028E5ED /* Float4x4Extension.swift */; };
		102FA8902372281B0028E5ED /* Float4x4Extension.swift in Sources */ = {isa = PBXBuildFile; fileRef = 102FA88E2372281A0028E5ED /* Float4x4Extension.swift */; };
		102FA8912372286E0028E5ED /* NSStringExtension.swift in Sources */ = {isa = PBXBuildFile; fileRef = 102FA87F237223EC0028E5ED /* NSStringExtension.swift */; };
		102FA8922372287B0028E5ED /* TransparentTouchView.swift in Sources */ = {isa = PBXBuildFile; fileRef = 1015E681235F956500F4F051 /* TransparentTouchView.swift */; };
		102FA8932372288A0028E5ED /* UIViewControllerExtensions.swift in Sources */ = {isa = PBXBuildFile; fileRef = 102FA882237223EC0028E5ED /* UIViewControllerExtensions.swift */; };
		102FA894237AA1170028E5ED /* UIViewExtensions.swift in Sources */ = {isa = PBXBuildFile; fileRef = 102FA881237223EC0028E5ED /* UIViewExtensions.swift */; };
		102FA896237AA21C0028E5ED /* PauseTrackingController.swift in Sources */ = {isa = PBXBuildFile; fileRef = 102FA895237AA21C0028E5ED /* PauseTrackingController.swift */; };
		102FA897237AA21C0028E5ED /* PauseTrackingController.swift in Sources */ = {isa = PBXBuildFile; fileRef = 102FA895237AA21C0028E5ED /* PauseTrackingController.swift */; };
		102FA898237AA2360028E5ED /* UIButtonExtensions.swift in Sources */ = {isa = PBXBuildFile; fileRef = 1015E683235F95FE00F4F051 /* UIButtonExtensions.swift */; };
		102FA89A237AA27A0028E5ED /* FeedbackViewController.swift in Sources */ = {isa = PBXBuildFile; fileRef = 102FA899237AA27A0028E5ED /* FeedbackViewController.swift */; };
		102FA89B237AA27A0028E5ED /* FeedbackViewController.swift in Sources */ = {isa = PBXBuildFile; fileRef = 102FA899237AA27A0028E5ED /* FeedbackViewController.swift */; };
		102FA89D237AA2B70028E5ED /* RecordPathController.swift in Sources */ = {isa = PBXBuildFile; fileRef = 102FA89C237AA2B70028E5ED /* RecordPathController.swift */; };
		102FA89E237AA2B70028E5ED /* RecordPathController.swift in Sources */ = {isa = PBXBuildFile; fileRef = 102FA89C237AA2B70028E5ED /* RecordPathController.swift */; };
		102FA89F237AA2D00028E5ED /* StopRecordingController.swift in Sources */ = {isa = PBXBuildFile; fileRef = 1015E685235F968100F4F051 /* StopRecordingController.swift */; };
		102FA8A1237AA2FF0028E5ED /* RouteRatingController.swift in Sources */ = {isa = PBXBuildFile; fileRef = 102FA8A0237AA2FE0028E5ED /* RouteRatingController.swift */; };
		102FA8A2237AA2FF0028E5ED /* RouteRatingController.swift in Sources */ = {isa = PBXBuildFile; fileRef = 102FA8A0237AA2FE0028E5ED /* RouteRatingController.swift */; };
		102FA8A4237AA34B0028E5ED /* HelpViewController.swift in Sources */ = {isa = PBXBuildFile; fileRef = 102FA8A3237AA34B0028E5ED /* HelpViewController.swift */; };
		102FA8A5237AA34B0028E5ED /* HelpViewController.swift in Sources */ = {isa = PBXBuildFile; fileRef = 102FA8A3237AA34B0028E5ED /* HelpViewController.swift */; };
		102FA8A7237AA4380028E5ED /* RoutesViewController.swift in Sources */ = {isa = PBXBuildFile; fileRef = 102FA8A6237AA4380028E5ED /* RoutesViewController.swift */; };
		102FA8A8237AA4380028E5ED /* RoutesViewController.swift in Sources */ = {isa = PBXBuildFile; fileRef = 102FA8A6237AA4380028E5ED /* RoutesViewController.swift */; };
		102FA8AB237AA4830028E5ED /* StopNavigationController.swift in Sources */ = {isa = PBXBuildFile; fileRef = 102FA8A9237AA4820028E5ED /* StopNavigationController.swift */; };
		102FA8AC237AA4830028E5ED /* StopNavigationController.swift in Sources */ = {isa = PBXBuildFile; fileRef = 102FA8A9237AA4820028E5ED /* StopNavigationController.swift */; };
		102FA8AD237AA4830028E5ED /* StartNavigationController.swift in Sources */ = {isa = PBXBuildFile; fileRef = 102FA8AA237AA4830028E5ED /* StartNavigationController.swift */; };
		102FA8AE237AA4830028E5ED /* StartNavigationController.swift in Sources */ = {isa = PBXBuildFile; fileRef = 102FA8AA237AA4830028E5ED /* StartNavigationController.swift */; };
		102FA8B0237AA6990028E5ED /* StateController.swift in Sources */ = {isa = PBXBuildFile; fileRef = 102FA8AF237AA6990028E5ED /* StateController.swift */; };
		102FA8B1237AA6990028E5ED /* StateController.swift in Sources */ = {isa = PBXBuildFile; fileRef = 102FA8AF237AA6990028E5ED /* StateController.swift */; };
		102FA8B4237E746B0028E5ED /* StartRecording.aiff in Resources */ = {isa = PBXBuildFile; fileRef = 102FA8B2237E746B0028E5ED /* StartRecording.aiff */; };
		102FA8B5237E746B0028E5ED /* StartRecording.aiff in Resources */ = {isa = PBXBuildFile; fileRef = 102FA8B2237E746B0028E5ED /* StartRecording.aiff */; };
		102FA8B6237E746B0028E5ED /* StopRecording.aiff in Resources */ = {isa = PBXBuildFile; fileRef = 102FA8B3237E746B0028E5ED /* StopRecording.aiff */; };
		102FA8B7237E746B0028E5ED /* StopRecording.aiff in Resources */ = {isa = PBXBuildFile; fileRef = 102FA8B3237E746B0028E5ED /* StopRecording.aiff */; };
		102FA8DE237F49300028E5ED /* SettingsAndHelp.strings in Resources */ = {isa = PBXBuildFile; fileRef = 102FA8D6237F49300028E5ED /* SettingsAndHelp.strings */; };
		102FA8DF237F49300028E5ED /* SettingsAndHelp.strings in Resources */ = {isa = PBXBuildFile; fileRef = 102FA8D6237F49300028E5ED /* SettingsAndHelp.strings */; };
		102FA8E0237F49300028E5ED /* BurgerMenu.strings in Resources */ = {isa = PBXBuildFile; fileRef = 102FA8D8237F49300028E5ED /* BurgerMenu.strings */; };
		102FA8E1237F49300028E5ED /* BurgerMenu.strings in Resources */ = {isa = PBXBuildFile; fileRef = 102FA8D8237F49300028E5ED /* BurgerMenu.strings */; };
		102FA8E2237F49300028E5ED /* Localizable.strings in Resources */ = {isa = PBXBuildFile; fileRef = 102FA8DA237F49300028E5ED /* Localizable.strings */; };
		102FA8E3237F49300028E5ED /* Localizable.strings in Resources */ = {isa = PBXBuildFile; fileRef = 102FA8DA237F49300028E5ED /* Localizable.strings */; };
		102FA8E4237F49300028E5ED /* Storyboard.strings in Resources */ = {isa = PBXBuildFile; fileRef = 102FA8DC237F49300028E5ED /* Storyboard.strings */; };
		102FA8E5237F49300028E5ED /* Storyboard.strings in Resources */ = {isa = PBXBuildFile; fileRef = 102FA8DC237F49300028E5ED /* Storyboard.strings */; };
		102FA8E9237F495B0028E5ED /* Storyboard.strings in Resources */ = {isa = PBXBuildFile; fileRef = 102FA8E7237F495B0028E5ED /* Storyboard.strings */; };
		102FA8EA237F495B0028E5ED /* Storyboard.strings in Resources */ = {isa = PBXBuildFile; fileRef = 102FA8E7237F495B0028E5ED /* Storyboard.strings */; };
		1036F79F23316BE4005F0625 /* Crumb.obj in Resources */ = {isa = PBXBuildFile; fileRef = 4D6B00E41F33C85500952242 /* Crumb.obj */; };
		1F27632322FCBB6E00E1FCF8 /* BurgerMenuViewController.swift in Sources */ = {isa = PBXBuildFile; fileRef = 1F27632222FCBB6E00E1FCF8 /* BurgerMenuViewController.swift */; };
		1F27632422FCBB9900E1FCF8 /* BurgerMenuViewController.swift in Sources */ = {isa = PBXBuildFile; fileRef = 1F27632222FCBB6E00E1FCF8 /* BurgerMenuViewController.swift */; };
		1F27632722FCBD6A00E1FCF8 /* SettingsAndHelp.storyboard in Resources */ = {isa = PBXBuildFile; fileRef = 1F27632522FCBD6100E1FCF8 /* SettingsAndHelp.storyboard */; };
		1F27633B22FCC0B100E1FCF8 /* BurgerMenu.storyboard in Resources */ = {isa = PBXBuildFile; fileRef = 1F27633A22FCC0B100E1FCF8 /* BurgerMenu.storyboard */; };
		1F27633C22FCC0B100E1FCF8 /* BurgerMenu.storyboard in Resources */ = {isa = PBXBuildFile; fileRef = 1F27633A22FCC0B100E1FCF8 /* BurgerMenu.storyboard */; };
		1F2971A522DF60F700B896C6 /* HelpCompiler.swift in Sources */ = {isa = PBXBuildFile; fileRef = 1F2B9D7022C3B50D00317DC8 /* HelpCompiler.swift */; };
		1F2B9D7222C3B50D00317DC8 /* HelpCompiler.swift in Sources */ = {isa = PBXBuildFile; fileRef = 1F2B9D7022C3B50D00317DC8 /* HelpCompiler.swift */; };
		1F2B9D8722C5446B00317DC8 /* (null) in Resources */ = {isa = PBXBuildFile; };
		2748B8490FCBA95C7AA028D7 /* Pods_Clew.framework in Frameworks */ = {isa = PBXBuildFile; fileRef = 942F73299DA8DCF97FAA974A /* Pods_Clew.framework */; };
		4DF05CC81F34EB6B008B0E31 /* Confirm.mp3 in Resources */ = {isa = PBXBuildFile; fileRef = 4DF05CC71F34EB56008B0E31 /* Confirm.mp3 */; };
		773AE4AC22F08AD60027D18C /* CongratsView.swift in Sources */ = {isa = PBXBuildFile; fileRef = 773AE4AB22F08AD60027D18C /* CongratsView.swift */; };
		773AE4AD22F08AD60027D18C /* CongratsView.swift in Sources */ = {isa = PBXBuildFile; fileRef = 773AE4AB22F08AD60027D18C /* CongratsView.swift */; };
		77467DAF22BBC1D300FA7DEE /* Default-568h@2x.png in Resources */ = {isa = PBXBuildFile; fileRef = 77467DAE22BBC1D300FA7DEE /* Default-568h@2x.png */; };
		77469B7822EB45B500477519 /* NextButtonView.swift in Sources */ = {isa = PBXBuildFile; fileRef = 77469B7722EB45B500477519 /* NextButtonView.swift */; };
		77469B7922EB45B500477519 /* NextButtonView.swift in Sources */ = {isa = PBXBuildFile; fileRef = 77469B7722EB45B500477519 /* NextButtonView.swift */; };
		77469B7B22EB5A2200477519 /* SkipButtonView.swift in Sources */ = {isa = PBXBuildFile; fileRef = 77469B7A22EB5A2200477519 /* SkipButtonView.swift */; };
		77469B7C22EB5A2200477519 /* SkipButtonView.swift in Sources */ = {isa = PBXBuildFile; fileRef = 77469B7A22EB5A2200477519 /* SkipButtonView.swift */; };
		7754323022CBEDBE006E2159 /* UILabelDesign.swift in Sources */ = {isa = PBXBuildFile; fileRef = 7754322D22CBEDBE006E2159 /* UILabelDesign.swift */; };
		7758D72122D7906600A2312F /* TutorialShadowBackground.swift in Sources */ = {isa = PBXBuildFile; fileRef = 7758D72022D7906600A2312F /* TutorialShadowBackground.swift */; };
		7758D72222D7906600A2312F /* TutorialShadowBackground.swift in Sources */ = {isa = PBXBuildFile; fileRef = 7758D72022D7906600A2312F /* TutorialShadowBackground.swift */; };
		7793DE1B22CBD1D5003A0BF7 /* TutorialChildViewController.swift in Sources */ = {isa = PBXBuildFile; fileRef = 7793DE1A22CBD1D5003A0BF7 /* TutorialChildViewController.swift */; };
		7793DE1C22CBD1D5003A0BF7 /* TutorialChildViewController.swift in Sources */ = {isa = PBXBuildFile; fileRef = 7793DE1A22CBD1D5003A0BF7 /* TutorialChildViewController.swift */; };
		7793DE1E22CBE7B8003A0BF7 /* TipsAndWarningsViewController.swift in Sources */ = {isa = PBXBuildFile; fileRef = 7793DE1D22CBE7B8003A0BF7 /* TipsAndWarningsViewController.swift */; };
		7793DE1F22CBE7B8003A0BF7 /* TipsAndWarningsViewController.swift in Sources */ = {isa = PBXBuildFile; fileRef = 7793DE1D22CBE7B8003A0BF7 /* TipsAndWarningsViewController.swift */; };
		77A30FE822C66C3A008EEAAB /* PhoneOrientationTrainingVC.swift in Sources */ = {isa = PBXBuildFile; fileRef = 77A30FE722C66C3A008EEAAB /* PhoneOrientationTrainingVC.swift */; };
		77A30FE922C66C3A008EEAAB /* PhoneOrientationTrainingVC.swift in Sources */ = {isa = PBXBuildFile; fileRef = 77A30FE722C66C3A008EEAAB /* PhoneOrientationTrainingVC.swift */; };
		986640CE22FB68F2005AA1F6 /* NameSavedRouteController.swift in Sources */ = {isa = PBXBuildFile; fileRef = 986640CD22FB68F2005AA1F6 /* NameSavedRouteController.swift */; };
		986640CF22FC9606005AA1F6 /* NameSavedRouteController.swift in Sources */ = {isa = PBXBuildFile; fileRef = 986640CD22FB68F2005AA1F6 /* NameSavedRouteController.swift */; };
		9884EB5B22CCE569000D31AF /* AnnouncementManager.swift in Sources */ = {isa = PBXBuildFile; fileRef = 9884EB5A22CCE569000D31AF /* AnnouncementManager.swift */; };
		9884EB5C22CCE569000D31AF /* AnnouncementManager.swift in Sources */ = {isa = PBXBuildFile; fileRef = 9884EB5A22CCE569000D31AF /* AnnouncementManager.swift */; };
		AD020F8A22FB68BA00D665F3 /* Storyboard.storyboard in Resources */ = {isa = PBXBuildFile; fileRef = AD020F8D22FB68BA00D665F3 /* Storyboard.storyboard */; };
		AD020F8B22FB68BA00D665F3 /* Storyboard.storyboard in Resources */ = {isa = PBXBuildFile; fileRef = AD020F8D22FB68BA00D665F3 /* Storyboard.storyboard */; };
		AD551EA422F1E83A00DDC395 /* phoneOrientationGIF4.png in Resources */ = {isa = PBXBuildFile; fileRef = AD551E9C22F1E83A00DDC395 /* phoneOrientationGIF4.png */; };
		AD551EA522F1E83A00DDC395 /* phoneOrientationGIF4.png in Resources */ = {isa = PBXBuildFile; fileRef = AD551E9C22F1E83A00DDC395 /* phoneOrientationGIF4.png */; };
		AD551EA622F1E83A00DDC395 /* phoneOrientationGIF6.png in Resources */ = {isa = PBXBuildFile; fileRef = AD551E9D22F1E83A00DDC395 /* phoneOrientationGIF6.png */; };
		AD551EA722F1E83A00DDC395 /* phoneOrientationGIF6.png in Resources */ = {isa = PBXBuildFile; fileRef = AD551E9D22F1E83A00DDC395 /* phoneOrientationGIF6.png */; };
		AD551EA822F1E83A00DDC395 /* phoneOrientationGIF8.png in Resources */ = {isa = PBXBuildFile; fileRef = AD551E9E22F1E83A00DDC395 /* phoneOrientationGIF8.png */; };
		AD551EA922F1E83A00DDC395 /* phoneOrientationGIF8.png in Resources */ = {isa = PBXBuildFile; fileRef = AD551E9E22F1E83A00DDC395 /* phoneOrientationGIF8.png */; };
		AD551EAC22F1E83A00DDC395 /* phoneOrientationGIF3.png in Resources */ = {isa = PBXBuildFile; fileRef = AD551EA022F1E83A00DDC395 /* phoneOrientationGIF3.png */; };
		AD551EAD22F1E83A00DDC395 /* phoneOrientationGIF3.png in Resources */ = {isa = PBXBuildFile; fileRef = AD551EA022F1E83A00DDC395 /* phoneOrientationGIF3.png */; };
		AD551EAE22F1E83A00DDC395 /* phoneOrientationGIF5.png in Resources */ = {isa = PBXBuildFile; fileRef = AD551EA122F1E83A00DDC395 /* phoneOrientationGIF5.png */; };
		AD551EAF22F1E83A00DDC395 /* phoneOrientationGIF5.png in Resources */ = {isa = PBXBuildFile; fileRef = AD551EA122F1E83A00DDC395 /* phoneOrientationGIF5.png */; };
		AD551EB022F1E83A00DDC395 /* phoneOrientationGIF2.png in Resources */ = {isa = PBXBuildFile; fileRef = AD551EA222F1E83A00DDC395 /* phoneOrientationGIF2.png */; };
		AD551EB122F1E83A00DDC395 /* phoneOrientationGIF2.png in Resources */ = {isa = PBXBuildFile; fileRef = AD551EA222F1E83A00DDC395 /* phoneOrientationGIF2.png */; };
		AD551EB222F1E83A00DDC395 /* phoneOrientationGIF7.png in Resources */ = {isa = PBXBuildFile; fileRef = AD551EA322F1E83A00DDC395 /* phoneOrientationGIF7.png */; };
		AD551EB322F1E83A00DDC395 /* phoneOrientationGIF7.png in Resources */ = {isa = PBXBuildFile; fileRef = AD551EA322F1E83A00DDC395 /* phoneOrientationGIF7.png */; };
		AD551EB522F1E89900DDC395 /* phoneOrientationGIF9.png in Resources */ = {isa = PBXBuildFile; fileRef = AD551EB422F1E89900DDC395 /* phoneOrientationGIF9.png */; };
		AD551EB622F1E89900DDC395 /* phoneOrientationGIF9.png in Resources */ = {isa = PBXBuildFile; fileRef = AD551EB422F1E89900DDC395 /* phoneOrientationGIF9.png */; };
		AD72896F22FC7242007E65DC /* phoneOrientationGIF1.png in Resources */ = {isa = PBXBuildFile; fileRef = AD72896E22FC7242007E65DC /* phoneOrientationGIF1.png */; };
		AD72897022FC7242007E65DC /* phoneOrientationGIF1.png in Resources */ = {isa = PBXBuildFile; fileRef = AD72896E22FC7242007E65DC /* phoneOrientationGIF1.png */; };
		AD8AA00722F8BA7F00FC026E /* help in Resources */ = {isa = PBXBuildFile; fileRef = 82569F4D22187E6500448B45 /* help */; };
		AD8CE98722E24CE2007399D1 /* ClewDelegateProtocol.swift in Sources */ = {isa = PBXBuildFile; fileRef = AD8CE98622E24CE2007399D1 /* ClewDelegateProtocol.swift */; };
		AD8CE98822E24CE2007399D1 /* ClewDelegateProtocol.swift in Sources */ = {isa = PBXBuildFile; fileRef = AD8CE98622E24CE2007399D1 /* ClewDelegateProtocol.swift */; };
		AD8CE98A22E25275007399D1 /* DefaultDelegate.swift in Sources */ = {isa = PBXBuildFile; fileRef = AD8CE98922E25275007399D1 /* DefaultDelegate.swift */; };
		AD8CE98B22E25275007399D1 /* DefaultDelegate.swift in Sources */ = {isa = PBXBuildFile; fileRef = AD8CE98922E25275007399D1 /* DefaultDelegate.swift */; };
		AD8EBB9922D7CB0700B76BA0 /* PhoneOrientationGIFVC.swift in Sources */ = {isa = PBXBuildFile; fileRef = AD8EBB9822D7CB0700B76BA0 /* PhoneOrientationGIFVC.swift */; };
		AD8EBB9A22D7CB0700B76BA0 /* PhoneOrientationGIFVC.swift in Sources */ = {isa = PBXBuildFile; fileRef = AD8EBB9822D7CB0700B76BA0 /* PhoneOrientationGIFVC.swift */; };
		B0A563F6FE1007A2716DC876 /* Pods_Clew_Dev.framework in Frameworks */ = {isa = PBXBuildFile; fileRef = 3532E390954571B93729786A /* Pods_Clew_Dev.framework */; };
		B7EB59E220F693EB00FBBC6A /* Confirm.mp3 in Resources */ = {isa = PBXBuildFile; fileRef = 4DF05CC71F34EB56008B0E31 /* Confirm.mp3 */; };
		B7EB59E320F693EB00FBBC6A /* Crumb.obj in Resources */ = {isa = PBXBuildFile; fileRef = 4D6B00E41F33C85500952242 /* Crumb.obj */; };
		E5470F0C22C119F5001092A4 /* SettingsViewController.m in Sources */ = {isa = PBXBuildFile; fileRef = E5470EB722C119F4001092A4 /* SettingsViewController.m */; };
		E5470F0D22C119F5001092A4 /* SettingsViewController.m in Sources */ = {isa = PBXBuildFile; fileRef = E5470EB722C119F4001092A4 /* SettingsViewController.m */; };
		E5470F0E22C119F5001092A4 /* Settings.bundle in Resources */ = {isa = PBXBuildFile; fileRef = E5470EB922C119F4001092A4 /* Settings.bundle */; };
		E5470F1622C119F5001092A4 /* Assets.xcassets in Resources */ = {isa = PBXBuildFile; fileRef = E5470ED022C119F4001092A4 /* Assets.xcassets */; };
		E5470F1722C119F5001092A4 /* Assets.xcassets in Resources */ = {isa = PBXBuildFile; fileRef = E5470ED022C119F4001092A4 /* Assets.xcassets */; };
		E5470F1C22C119F5001092A4 /* GoogleService-Info.plist in Resources */ = {isa = PBXBuildFile; fileRef = E5470ED422C119F4001092A4 /* GoogleService-Info.plist */; };
		E5470F1D22C119F5001092A4 /* GoogleService-Info.plist in Resources */ = {isa = PBXBuildFile; fileRef = E5470ED422C119F4001092A4 /* GoogleService-Info.plist */; };
		E5470F4222C119F5001092A4 /* UIConstants.swift in Sources */ = {isa = PBXBuildFile; fileRef = E5470EEE22C119F4001092A4 /* UIConstants.swift */; };
		E5470F4322C119F5001092A4 /* UIConstants.swift in Sources */ = {isa = PBXBuildFile; fileRef = E5470EEE22C119F4001092A4 /* UIConstants.swift */; };
		E5470F4622C119F5001092A4 /* RootContainerView.swift in Sources */ = {isa = PBXBuildFile; fileRef = E5470EF022C119F4001092A4 /* RootContainerView.swift */; };
		E5470F4722C119F5001092A4 /* RootContainerView.swift in Sources */ = {isa = PBXBuildFile; fileRef = E5470EF022C119F4001092A4 /* RootContainerView.swift */; };
		E5470F4A22C119F5001092A4 /* RouteTableViewCell.swift in Sources */ = {isa = PBXBuildFile; fileRef = E5470EF322C119F4001092A4 /* RouteTableViewCell.swift */; };
		E5470F4B22C119F5001092A4 /* RouteTableViewCell.swift in Sources */ = {isa = PBXBuildFile; fileRef = E5470EF322C119F4001092A4 /* RouteTableViewCell.swift */; };
		E5470F4E22C119F5001092A4 /* GoogleService-Info_dev.plist in Resources */ = {isa = PBXBuildFile; fileRef = E5470EF522C119F4001092A4 /* GoogleService-Info_dev.plist */; };
		E5470F4F22C119F5001092A4 /* GoogleService-Info_dev.plist in Resources */ = {isa = PBXBuildFile; fileRef = E5470EF522C119F4001092A4 /* GoogleService-Info_dev.plist */; };
		E565A10822F2173400C1998E /* RouteDocumentData.swift in Sources */ = {isa = PBXBuildFile; fileRef = E565A10722F2173400C1998E /* RouteDocumentData.swift */; };
		E565A10922F2173400C1998E /* RouteDocumentData.swift in Sources */ = {isa = PBXBuildFile; fileRef = E565A10722F2173400C1998E /* RouteDocumentData.swift */; };
		E59DA6BF22C65F5900FCD5A1 /* LaunchScreen.storyboard in Resources */ = {isa = PBXBuildFile; fileRef = E59DA6BD22C65F5900FCD5A1 /* LaunchScreen.storyboard */; };
		E59DA6C022C65F5900FCD5A1 /* LaunchScreen.storyboard in Resources */ = {isa = PBXBuildFile; fileRef = E59DA6BD22C65F5900FCD5A1 /* LaunchScreen.storyboard */; };
		E5E9016822FB4D4A00AD0E95 /* QuickLook.framework in Frameworks */ = {isa = PBXBuildFile; fileRef = E5E9015322FB4CEB00AD0E95 /* QuickLook.framework */; };
		E5E9016B22FB4D4A00AD0E95 /* PreviewViewController.swift in Sources */ = {isa = PBXBuildFile; fileRef = E5E9016A22FB4D4A00AD0E95 /* PreviewViewController.swift */; };
		E5E9016E22FB4D4A00AD0E95 /* MainInterface.storyboard in Resources */ = {isa = PBXBuildFile; fileRef = E5E9016C22FB4D4A00AD0E95 /* MainInterface.storyboard */; };
		E5E9017222FB4D4A00AD0E95 /* route-quicklook.appex in Embed App Extensions */ = {isa = PBXBuildFile; fileRef = E5E9016722FB4D4A00AD0E95 /* route-quicklook.appex */; settings = {ATTRIBUTES = (RemoveHeadersOnCopy, ); }; };
		E5F4C34222C4035200E0D94E /* RecordButtonKit.swift in Sources */ = {isa = PBXBuildFile; fileRef = E5F4C2F122C4035200E0D94E /* RecordButtonKit.swift */; };
		E5F4C34322C4035200E0D94E /* RecordButtonKit.swift in Sources */ = {isa = PBXBuildFile; fileRef = E5F4C2F122C4035200E0D94E /* RecordButtonKit.swift */; };
		E5F4C34422C4035200E0D94E /* AudioVisualizerView.swift in Sources */ = {isa = PBXBuildFile; fileRef = E5F4C2F222C4035200E0D94E /* AudioVisualizerView.swift */; };
		E5F4C34522C4035200E0D94E /* AudioVisualizerView.swift in Sources */ = {isa = PBXBuildFile; fileRef = E5F4C2F222C4035200E0D94E /* AudioVisualizerView.swift */; };
		E5F4C34622C4035200E0D94E /* RecorderViewController.swift in Sources */ = {isa = PBXBuildFile; fileRef = E5F4C2F322C4035200E0D94E /* RecorderViewController.swift */; };
		E5F4C34722C4035200E0D94E /* RecorderViewController.swift in Sources */ = {isa = PBXBuildFile; fileRef = E5F4C2F322C4035200E0D94E /* RecorderViewController.swift */; };
		E5F4C34822C4035200E0D94E /* RecordButton.swift in Sources */ = {isa = PBXBuildFile; fileRef = E5F4C2F422C4035200E0D94E /* RecordButton.swift */; };
		E5F4C34922C4035200E0D94E /* RecordButton.swift in Sources */ = {isa = PBXBuildFile; fileRef = E5F4C2F422C4035200E0D94E /* RecordButton.swift */; };
		E5F4C35B22C4035200E0D94E /* Settings.bundle in Resources */ = {isa = PBXBuildFile; fileRef = E5F4C2FF22C4035200E0D94E /* Settings.bundle */; };
		E5F4C35C22C4035200E0D94E /* (null) in Resources */ = {isa = PBXBuildFile; };
		E5F4C35D22C4035200E0D94E /* (null) in Resources */ = {isa = PBXBuildFile; };
		E5F4C35E22C4035200E0D94E /* (null) in Resources */ = {isa = PBXBuildFile; };
		E5F4C35F22C4035200E0D94E /* (null) in Resources */ = {isa = PBXBuildFile; };
		E5F4C36422C4035200E0D94E /* ClewObserverProtocol.swift in Sources */ = {isa = PBXBuildFile; fileRef = E5F4C31722C4035200E0D94E /* ClewObserverProtocol.swift */; };
		E5F4C36522C4035200E0D94E /* ClewObserverProtocol.swift in Sources */ = {isa = PBXBuildFile; fileRef = E5F4C31722C4035200E0D94E /* ClewObserverProtocol.swift */; };
		E5F4C36C22C4035200E0D94E /* SingleRouteVC.swift in Sources */ = {isa = PBXBuildFile; fileRef = E5F4C31C22C4035200E0D94E /* SingleRouteVC.swift */; };
		E5F4C36D22C4035200E0D94E /* SingleRouteVC.swift in Sources */ = {isa = PBXBuildFile; fileRef = E5F4C31C22C4035200E0D94E /* SingleRouteVC.swift */; };
		E5F4C37822C4035200E0D94E /* TutorialViewController.swift in Sources */ = {isa = PBXBuildFile; fileRef = E5F4C32522C4035200E0D94E /* TutorialViewController.swift */; };
		E5F4C37922C4035200E0D94E /* TutorialViewController.swift in Sources */ = {isa = PBXBuildFile; fileRef = E5F4C32522C4035200E0D94E /* TutorialViewController.swift */; };
		E5F4C37C22C4035200E0D94E /* ViewController.swift in Sources */ = {isa = PBXBuildFile; fileRef = E5F4C32822C4035200E0D94E /* ViewController.swift */; };
		E5F4C37D22C4035200E0D94E /* ViewController.swift in Sources */ = {isa = PBXBuildFile; fileRef = E5F4C32822C4035200E0D94E /* ViewController.swift */; };
		E5F4C39C22C4035200E0D94E /* (null) in Resources */ = {isa = PBXBuildFile; };
		E5F4C39D22C4035200E0D94E /* (null) in Resources */ = {isa = PBXBuildFile; };
/* End PBXBuildFile section */

/* Begin PBXCopyFilesBuildPhase section */
		E5E9016222FB4CEB00AD0E95 /* Embed App Extensions */ = {
			isa = PBXCopyFilesBuildPhase;
			buildActionMask = 2147483647;
			dstPath = "";
			dstSubfolderSpec = 13;
			files = (
				E5E9017222FB4D4A00AD0E95 /* route-quicklook.appex in Embed App Extensions */,
			);
			name = "Embed App Extensions";
			runOnlyForDeploymentPostprocessing = 0;
		};
/* End PBXCopyFilesBuildPhase section */

/* Begin PBXFileReference section */
		08FA9C31721F9F8CDCC23AE9 /* Pods-Clew.debug.xcconfig */ = {isa = PBXFileReference; includeInIndex = 1; lastKnownFileType = text.xcconfig; name = "Pods-Clew.debug.xcconfig"; path = "Pods/Target Support Files/Pods-Clew/Pods-Clew.debug.xcconfig"; sourceTree = "<group>"; };
		1015E681235F956500F4F051 /* TransparentTouchView.swift */ = {isa = PBXFileReference; lastKnownFileType = sourcecode.swift; path = TransparentTouchView.swift; sourceTree = "<group>"; };
		1015E683235F95FE00F4F051 /* UIButtonExtensions.swift */ = {isa = PBXFileReference; lastKnownFileType = sourcecode.swift; path = UIButtonExtensions.swift; sourceTree = "<group>"; };
		1015E685235F968100F4F051 /* StopRecordingController.swift */ = {isa = PBXFileReference; lastKnownFileType = sourcecode.swift; path = StopRecordingController.swift; sourceTree = "<group>"; };
		102FA87F237223EC0028E5ED /* NSStringExtension.swift */ = {isa = PBXFileReference; fileEncoding = 4; lastKnownFileType = sourcecode.swift; path = NSStringExtension.swift; sourceTree = "<group>"; };
		102FA881237223EC0028E5ED /* UIViewExtensions.swift */ = {isa = PBXFileReference; fileEncoding = 4; lastKnownFileType = sourcecode.swift; path = UIViewExtensions.swift; sourceTree = "<group>"; };
		102FA882237223EC0028E5ED /* UIViewControllerExtensions.swift */ = {isa = PBXFileReference; fileEncoding = 4; lastKnownFileType = sourcecode.swift; path = UIViewControllerExtensions.swift; sourceTree = "<group>"; };
		102FA888237226B40028E5ED /* ResumeTrackingConfirmController.swift */ = {isa = PBXFileReference; fileEncoding = 4; lastKnownFileType = sourcecode.swift; path = ResumeTrackingConfirmController.swift; sourceTree = "<group>"; };
		102FA88B2372274F0028E5ED /* ResumeTrackingController.swift */ = {isa = PBXFileReference; fileEncoding = 4; lastKnownFileType = sourcecode.swift; path = ResumeTrackingController.swift; sourceTree = "<group>"; };
		102FA88E2372281A0028E5ED /* Float4x4Extension.swift */ = {isa = PBXFileReference; fileEncoding = 4; lastKnownFileType = sourcecode.swift; path = Float4x4Extension.swift; sourceTree = "<group>"; };
		102FA895237AA21C0028E5ED /* PauseTrackingController.swift */ = {isa = PBXFileReference; fileEncoding = 4; lastKnownFileType = sourcecode.swift; path = PauseTrackingController.swift; sourceTree = "<group>"; };
		102FA899237AA27A0028E5ED /* FeedbackViewController.swift */ = {isa = PBXFileReference; fileEncoding = 4; lastKnownFileType = sourcecode.swift; path = FeedbackViewController.swift; sourceTree = "<group>"; };
		102FA89C237AA2B70028E5ED /* RecordPathController.swift */ = {isa = PBXFileReference; fileEncoding = 4; lastKnownFileType = sourcecode.swift; path = RecordPathController.swift; sourceTree = "<group>"; };
		102FA8A0237AA2FE0028E5ED /* RouteRatingController.swift */ = {isa = PBXFileReference; fileEncoding = 4; lastKnownFileType = sourcecode.swift; path = RouteRatingController.swift; sourceTree = "<group>"; };
		102FA8A3237AA34B0028E5ED /* HelpViewController.swift */ = {isa = PBXFileReference; fileEncoding = 4; lastKnownFileType = sourcecode.swift; path = HelpViewController.swift; sourceTree = "<group>"; };
		102FA8A6237AA4380028E5ED /* RoutesViewController.swift */ = {isa = PBXFileReference; fileEncoding = 4; lastKnownFileType = sourcecode.swift; path = RoutesViewController.swift; sourceTree = "<group>"; };
		102FA8A9237AA4820028E5ED /* StopNavigationController.swift */ = {isa = PBXFileReference; fileEncoding = 4; lastKnownFileType = sourcecode.swift; path = StopNavigationController.swift; sourceTree = "<group>"; };
		102FA8AA237AA4830028E5ED /* StartNavigationController.swift */ = {isa = PBXFileReference; fileEncoding = 4; lastKnownFileType = sourcecode.swift; path = StartNavigationController.swift; sourceTree = "<group>"; };
		102FA8AF237AA6990028E5ED /* StateController.swift */ = {isa = PBXFileReference; lastKnownFileType = sourcecode.swift; path = StateController.swift; sourceTree = "<group>"; };
		102FA8B2237E746B0028E5ED /* StartRecording.aiff */ = {isa = PBXFileReference; lastKnownFileType = audio.aiff; path = StartRecording.aiff; sourceTree = "<group>"; };
		102FA8B3237E746B0028E5ED /* StopRecording.aiff */ = {isa = PBXFileReference; lastKnownFileType = audio.aiff; path = StopRecording.aiff; sourceTree = "<group>"; };
		102FA8D7237F49300028E5ED /* en */ = {isa = PBXFileReference; lastKnownFileType = text.plist.strings; name = en; path = SettingsAndHelp.strings; sourceTree = "<group>"; };
		102FA8D9237F49300028E5ED /* en */ = {isa = PBXFileReference; lastKnownFileType = text.plist.strings; name = en; path = BurgerMenu.strings; sourceTree = "<group>"; };
		102FA8DB237F49300028E5ED /* en */ = {isa = PBXFileReference; lastKnownFileType = text.plist.strings; name = en; path = Localizable.strings; sourceTree = "<group>"; };
		102FA8DD237F49300028E5ED /* en */ = {isa = PBXFileReference; lastKnownFileType = text.plist.strings; name = en; path = Storyboard.strings; sourceTree = "<group>"; };
		102FA8E8237F495B0028E5ED /* es */ = {isa = PBXFileReference; lastKnownFileType = text.plist.strings; name = es; path = Storyboard.strings; sourceTree = "<group>"; };
		1F27632222FCBB6E00E1FCF8 /* BurgerMenuViewController.swift */ = {isa = PBXFileReference; fileEncoding = 4; lastKnownFileType = sourcecode.swift; path = BurgerMenuViewController.swift; sourceTree = "<group>"; };
		1F27632522FCBD6100E1FCF8 /* SettingsAndHelp.storyboard */ = {isa = PBXFileReference; fileEncoding = 4; lastKnownFileType = file.storyboard; path = SettingsAndHelp.storyboard; sourceTree = "<group>"; };
		1F27633A22FCC0B100E1FCF8 /* BurgerMenu.storyboard */ = {isa = PBXFileReference; fileEncoding = 4; lastKnownFileType = file.storyboard; path = BurgerMenu.storyboard; sourceTree = "<group>"; };
		1F2B9D7022C3B50D00317DC8 /* HelpCompiler.swift */ = {isa = PBXFileReference; fileEncoding = 4; lastKnownFileType = sourcecode.swift; path = HelpCompiler.swift; sourceTree = "<group>"; };
		3532E390954571B93729786A /* Pods_Clew_Dev.framework */ = {isa = PBXFileReference; explicitFileType = wrapper.framework; includeInIndex = 0; path = Pods_Clew_Dev.framework; sourceTree = BUILT_PRODUCTS_DIR; };
		4D6B00C01F33C1C400952242 /* Clew.app */ = {isa = PBXFileReference; explicitFileType = wrapper.application; includeInIndex = 0; path = Clew.app; sourceTree = BUILT_PRODUCTS_DIR; };
		4D6B00E41F33C85500952242 /* Crumb.obj */ = {isa = PBXFileReference; lastKnownFileType = text; path = Crumb.obj; sourceTree = "<group>"; };
		4DF05CC71F34EB56008B0E31 /* Confirm.mp3 */ = {isa = PBXFileReference; lastKnownFileType = audio.mp3; path = Confirm.mp3; sourceTree = "<group>"; };
		773AE4AB22F08AD60027D18C /* CongratsView.swift */ = {isa = PBXFileReference; lastKnownFileType = sourcecode.swift; path = CongratsView.swift; sourceTree = "<group>"; };
		77467DAE22BBC1D300FA7DEE /* Default-568h@2x.png */ = {isa = PBXFileReference; lastKnownFileType = image.png; path = "Default-568h@2x.png"; sourceTree = "<group>"; };
		77469B7722EB45B500477519 /* NextButtonView.swift */ = {isa = PBXFileReference; lastKnownFileType = sourcecode.swift; path = NextButtonView.swift; sourceTree = "<group>"; };
		77469B7A22EB5A2200477519 /* SkipButtonView.swift */ = {isa = PBXFileReference; lastKnownFileType = sourcecode.swift; path = SkipButtonView.swift; sourceTree = "<group>"; };
		7754322D22CBEDBE006E2159 /* UILabelDesign.swift */ = {isa = PBXFileReference; fileEncoding = 4; lastKnownFileType = sourcecode.swift; name = UILabelDesign.swift; path = Clew/UILabelDesign.swift; sourceTree = SOURCE_ROOT; };
		7758D72022D7906600A2312F /* TutorialShadowBackground.swift */ = {isa = PBXFileReference; lastKnownFileType = sourcecode.swift; path = TutorialShadowBackground.swift; sourceTree = "<group>"; };
		7793DE1A22CBD1D5003A0BF7 /* TutorialChildViewController.swift */ = {isa = PBXFileReference; lastKnownFileType = sourcecode.swift; path = TutorialChildViewController.swift; sourceTree = "<group>"; };
		7793DE1D22CBE7B8003A0BF7 /* TipsAndWarningsViewController.swift */ = {isa = PBXFileReference; lastKnownFileType = sourcecode.swift; path = TipsAndWarningsViewController.swift; sourceTree = "<group>"; };
		77A30FE722C66C3A008EEAAB /* PhoneOrientationTrainingVC.swift */ = {isa = PBXFileReference; lastKnownFileType = sourcecode.swift; path = PhoneOrientationTrainingVC.swift; sourceTree = "<group>"; };
		822E27F8210E3F260024A5E3 /* Clew Dev-Info.plist */ = {isa = PBXFileReference; fileEncoding = 4; lastKnownFileType = text.plist.xml; path = "Clew Dev-Info.plist"; sourceTree = "<group>"; };
		82569F4D22187E6500448B45 /* help */ = {isa = PBXFileReference; lastKnownFileType = folder; path = help; sourceTree = "<group>"; };
		85A1A72DC19F87F15B738291 /* Pods-Clew Dev.release.xcconfig */ = {isa = PBXFileReference; includeInIndex = 1; lastKnownFileType = text.xcconfig; name = "Pods-Clew Dev.release.xcconfig"; path = "Pods/Target Support Files/Pods-Clew Dev/Pods-Clew Dev.release.xcconfig"; sourceTree = "<group>"; };
		942F73299DA8DCF97FAA974A /* Pods_Clew.framework */ = {isa = PBXFileReference; explicitFileType = wrapper.framework; includeInIndex = 0; path = Pods_Clew.framework; sourceTree = BUILT_PRODUCTS_DIR; };
		986640CD22FB68F2005AA1F6 /* NameSavedRouteController.swift */ = {isa = PBXFileReference; lastKnownFileType = sourcecode.swift; path = NameSavedRouteController.swift; sourceTree = "<group>"; };
		9884EB5022BA9383000D31AF /* Storyboard.storyboard */ = {isa = PBXFileReference; lastKnownFileType = file.storyboard; path = Storyboard.storyboard; sourceTree = "<group>"; };
		9884EB5A22CCE569000D31AF /* AnnouncementManager.swift */ = {isa = PBXFileReference; lastKnownFileType = sourcecode.swift; path = AnnouncementManager.swift; sourceTree = "<group>"; };
		AD020F8C22FB68BA00D665F3 /* Base */ = {isa = PBXFileReference; lastKnownFileType = file.storyboard; name = Base; path = Base.lproj/Storyboard.storyboard; sourceTree = "<group>"; };
		AD020F8F22FB68DE00D665F3 /* en */ = {isa = PBXFileReference; lastKnownFileType = text.plist.strings; name = en; path = en.lproj/Storyboard.strings; sourceTree = "<group>"; };
		AD13576822CCEDA800EE36E2 /* Storyboard.storyboard */ = {isa = PBXFileReference; fileEncoding = 4; lastKnownFileType = file.storyboard; name = Storyboard.storyboard; path = Clew/Storyboard.storyboard; sourceTree = SOURCE_ROOT; };
		AD551E9C22F1E83A00DDC395 /* phoneOrientationGIF4.png */ = {isa = PBXFileReference; lastKnownFileType = image.png; path = phoneOrientationGIF4.png; sourceTree = "<group>"; };
		AD551E9D22F1E83A00DDC395 /* phoneOrientationGIF6.png */ = {isa = PBXFileReference; lastKnownFileType = image.png; path = phoneOrientationGIF6.png; sourceTree = "<group>"; };
		AD551E9E22F1E83A00DDC395 /* phoneOrientationGIF8.png */ = {isa = PBXFileReference; lastKnownFileType = image.png; path = phoneOrientationGIF8.png; sourceTree = "<group>"; };
		AD551EA022F1E83A00DDC395 /* phoneOrientationGIF3.png */ = {isa = PBXFileReference; lastKnownFileType = image.png; path = phoneOrientationGIF3.png; sourceTree = "<group>"; };
		AD551EA122F1E83A00DDC395 /* phoneOrientationGIF5.png */ = {isa = PBXFileReference; lastKnownFileType = image.png; path = phoneOrientationGIF5.png; sourceTree = "<group>"; };
		AD551EA222F1E83A00DDC395 /* phoneOrientationGIF2.png */ = {isa = PBXFileReference; lastKnownFileType = image.png; path = phoneOrientationGIF2.png; sourceTree = "<group>"; };
		AD551EA322F1E83A00DDC395 /* phoneOrientationGIF7.png */ = {isa = PBXFileReference; lastKnownFileType = image.png; path = phoneOrientationGIF7.png; sourceTree = "<group>"; };
		AD551EB422F1E89900DDC395 /* phoneOrientationGIF9.png */ = {isa = PBXFileReference; lastKnownFileType = image.png; path = phoneOrientationGIF9.png; sourceTree = "<group>"; };
		AD72896E22FC7242007E65DC /* phoneOrientationGIF1.png */ = {isa = PBXFileReference; lastKnownFileType = image.png; path = phoneOrientationGIF1.png; sourceTree = "<group>"; };
		AD8CE98622E24CE2007399D1 /* ClewDelegateProtocol.swift */ = {isa = PBXFileReference; lastKnownFileType = sourcecode.swift; path = ClewDelegateProtocol.swift; sourceTree = "<group>"; };
		AD8CE98922E25275007399D1 /* DefaultDelegate.swift */ = {isa = PBXFileReference; lastKnownFileType = sourcecode.swift; path = DefaultDelegate.swift; sourceTree = "<group>"; };
		AD8EBB9822D7CB0700B76BA0 /* PhoneOrientationGIFVC.swift */ = {isa = PBXFileReference; lastKnownFileType = sourcecode.swift; path = PhoneOrientationGIFVC.swift; sourceTree = "<group>"; };
		B7EB59EC20F693EB00FBBC6A /* Clew Dev.app */ = {isa = PBXFileReference; explicitFileType = wrapper.application; includeInIndex = 0; path = "Clew Dev.app"; sourceTree = BUILT_PRODUCTS_DIR; };
		C68778047D8E263D2FB04989 /* Pods-Clew Dev.debug.xcconfig */ = {isa = PBXFileReference; includeInIndex = 1; lastKnownFileType = text.xcconfig; name = "Pods-Clew Dev.debug.xcconfig"; path = "Pods/Target Support Files/Pods-Clew Dev/Pods-Clew Dev.debug.xcconfig"; sourceTree = "<group>"; };
		D89DDB87A8AE1A9ECEAFCEC6 /* Pods-Clew.release.xcconfig */ = {isa = PBXFileReference; includeInIndex = 1; lastKnownFileType = text.xcconfig; name = "Pods-Clew.release.xcconfig"; path = "Pods/Target Support Files/Pods-Clew/Pods-Clew.release.xcconfig"; sourceTree = "<group>"; };
		E5470EB722C119F4001092A4 /* SettingsViewController.m */ = {isa = PBXFileReference; fileEncoding = 4; lastKnownFileType = sourcecode.c.objc; path = SettingsViewController.m; sourceTree = "<group>"; };
		E5470EB822C119F4001092A4 /* Clew Dev-Bridging-Header.h */ = {isa = PBXFileReference; fileEncoding = 4; lastKnownFileType = sourcecode.c.h; path = "Clew Dev-Bridging-Header.h"; sourceTree = "<group>"; };
		E5470EB922C119F4001092A4 /* Settings.bundle */ = {isa = PBXFileReference; lastKnownFileType = "wrapper.plug-in"; path = Settings.bundle; sourceTree = "<group>"; };
		E5470EBA22C119F4001092A4 /* SettingsTableViewController.h */ = {isa = PBXFileReference; fileEncoding = 4; lastKnownFileType = sourcecode.c.h; path = SettingsTableViewController.h; sourceTree = "<group>"; };
		E5470ED022C119F4001092A4 /* Assets.xcassets */ = {isa = PBXFileReference; lastKnownFileType = folder.assetcatalog; path = Assets.xcassets; sourceTree = "<group>"; };
		E5470ED422C119F4001092A4 /* GoogleService-Info.plist */ = {isa = PBXFileReference; fileEncoding = 4; lastKnownFileType = text.plist.xml; path = "GoogleService-Info.plist"; sourceTree = "<group>"; };
		E5470EDB22C119F4001092A4 /* SettingsViewController.h */ = {isa = PBXFileReference; fileEncoding = 4; lastKnownFileType = sourcecode.c.h; path = SettingsViewController.h; sourceTree = "<group>"; };
		E5470EDC22C119F4001092A4 /* Clew-Bridging-Header.h */ = {isa = PBXFileReference; fileEncoding = 4; lastKnownFileType = sourcecode.c.h; path = "Clew-Bridging-Header.h"; sourceTree = "<group>"; };
		E5470EEE22C119F4001092A4 /* UIConstants.swift */ = {isa = PBXFileReference; fileEncoding = 4; lastKnownFileType = sourcecode.swift; path = UIConstants.swift; sourceTree = "<group>"; };
		E5470EF022C119F4001092A4 /* RootContainerView.swift */ = {isa = PBXFileReference; fileEncoding = 4; lastKnownFileType = sourcecode.swift; path = RootContainerView.swift; sourceTree = "<group>"; };
		E5470EF322C119F4001092A4 /* RouteTableViewCell.swift */ = {isa = PBXFileReference; fileEncoding = 4; lastKnownFileType = sourcecode.swift; path = RouteTableViewCell.swift; sourceTree = "<group>"; };
		E5470EF422C119F4001092A4 /* Info.plist */ = {isa = PBXFileReference; fileEncoding = 4; lastKnownFileType = text.plist.xml; path = Info.plist; sourceTree = "<group>"; };
		E5470EF522C119F4001092A4 /* GoogleService-Info_dev.plist */ = {isa = PBXFileReference; fileEncoding = 4; lastKnownFileType = text.plist.xml; path = "GoogleService-Info_dev.plist"; sourceTree = "<group>"; };
		E565A10722F2173400C1998E /* RouteDocumentData.swift */ = {isa = PBXFileReference; lastKnownFileType = sourcecode.swift; path = RouteDocumentData.swift; sourceTree = "<group>"; };
		E59DA6BD22C65F5900FCD5A1 /* LaunchScreen.storyboard */ = {isa = PBXFileReference; fileEncoding = 4; lastKnownFileType = file.storyboard; path = LaunchScreen.storyboard; sourceTree = "<group>"; };
		E5E9015322FB4CEB00AD0E95 /* QuickLook.framework */ = {isa = PBXFileReference; lastKnownFileType = wrapper.framework; name = QuickLook.framework; path = System/Library/Frameworks/QuickLook.framework; sourceTree = SDKROOT; };
		E5E9016722FB4D4A00AD0E95 /* route-quicklook.appex */ = {isa = PBXFileReference; explicitFileType = "wrapper.app-extension"; includeInIndex = 0; path = "route-quicklook.appex"; sourceTree = BUILT_PRODUCTS_DIR; };
		E5E9016A22FB4D4A00AD0E95 /* PreviewViewController.swift */ = {isa = PBXFileReference; lastKnownFileType = sourcecode.swift; path = PreviewViewController.swift; sourceTree = "<group>"; };
		E5E9016D22FB4D4A00AD0E95 /* Base */ = {isa = PBXFileReference; lastKnownFileType = file.storyboard; name = Base; path = Base.lproj/MainInterface.storyboard; sourceTree = "<group>"; };
		E5E9016F22FB4D4A00AD0E95 /* Info.plist */ = {isa = PBXFileReference; lastKnownFileType = text.plist.xml; path = Info.plist; sourceTree = "<group>"; };
		E5F4C2F122C4035200E0D94E /* RecordButtonKit.swift */ = {isa = PBXFileReference; fileEncoding = 4; lastKnownFileType = sourcecode.swift; path = RecordButtonKit.swift; sourceTree = "<group>"; };
		E5F4C2F222C4035200E0D94E /* AudioVisualizerView.swift */ = {isa = PBXFileReference; fileEncoding = 4; lastKnownFileType = sourcecode.swift; path = AudioVisualizerView.swift; sourceTree = "<group>"; };
		E5F4C2F322C4035200E0D94E /* RecorderViewController.swift */ = {isa = PBXFileReference; fileEncoding = 4; lastKnownFileType = sourcecode.swift; path = RecorderViewController.swift; sourceTree = "<group>"; };
		E5F4C2F422C4035200E0D94E /* RecordButton.swift */ = {isa = PBXFileReference; fileEncoding = 4; lastKnownFileType = sourcecode.swift; path = RecordButton.swift; sourceTree = "<group>"; };
		E5F4C2F622C4035200E0D94E /* DataPersistence.swift */ = {isa = PBXFileReference; fileEncoding = 4; lastKnownFileType = sourcecode.swift; path = DataPersistence.swift; sourceTree = "<group>"; };
		E5F4C2F722C4035200E0D94E /* PathLogger.swift */ = {isa = PBXFileReference; fileEncoding = 4; lastKnownFileType = sourcecode.swift; path = PathLogger.swift; sourceTree = "<group>"; };
		E5F4C2F822C4035200E0D94E /* Navigation.swift */ = {isa = PBXFileReference; fileEncoding = 4; lastKnownFileType = sourcecode.swift; path = Navigation.swift; sourceTree = "<group>"; };
		E5F4C2F922C4035200E0D94E /* FeedbackLogger.swift */ = {isa = PBXFileReference; fileEncoding = 4; lastKnownFileType = sourcecode.swift; path = FeedbackLogger.swift; sourceTree = "<group>"; };
		E5F4C2FA22C4035200E0D94E /* PathFinder.swift */ = {isa = PBXFileReference; fileEncoding = 4; lastKnownFileType = sourcecode.swift; path = PathFinder.swift; sourceTree = "<group>"; };
		E5F4C2FB22C4035200E0D94E /* Utility.swift */ = {isa = PBXFileReference; fileEncoding = 4; lastKnownFileType = sourcecode.swift; path = Utility.swift; sourceTree = "<group>"; };
		E5F4C2FC22C4035200E0D94E /* AppDelegate.swift */ = {isa = PBXFileReference; fileEncoding = 4; lastKnownFileType = sourcecode.swift; path = AppDelegate.swift; sourceTree = "<group>"; };
		E5F4C2FD22C4035200E0D94E /* SettingsViewController.m */ = {isa = PBXFileReference; fileEncoding = 4; lastKnownFileType = sourcecode.c.objc; name = SettingsViewController.m; path = ../SettingsViewController.m; sourceTree = "<group>"; };
		E5F4C2FE22C4035200E0D94E /* Clew Dev-Bridging-Header.h */ = {isa = PBXFileReference; fileEncoding = 4; lastKnownFileType = sourcecode.c.h; path = "Clew Dev-Bridging-Header.h"; sourceTree = "<group>"; };
		E5F4C2FF22C4035200E0D94E /* Settings.bundle */ = {isa = PBXFileReference; lastKnownFileType = "wrapper.plug-in"; path = Settings.bundle; sourceTree = "<group>"; };
		E5F4C30022C4035200E0D94E /* SettingsTableViewController.h */ = {isa = PBXFileReference; fileEncoding = 4; lastKnownFileType = sourcecode.c.h; name = SettingsTableViewController.h; path = ../SettingsTableViewController.h; sourceTree = "<group>"; };
		E5F4C31622C4035200E0D94E /* Assets.xcassets */ = {isa = PBXFileReference; lastKnownFileType = folder.assetcatalog; path = Assets.xcassets; sourceTree = "<group>"; };
		E5F4C31722C4035200E0D94E /* ClewObserverProtocol.swift */ = {isa = PBXFileReference; fileEncoding = 4; lastKnownFileType = sourcecode.swift; path = ClewObserverProtocol.swift; sourceTree = "<group>"; };
		E5F4C31B22C4035200E0D94E /* GoogleService-Info.plist */ = {isa = PBXFileReference; fileEncoding = 4; lastKnownFileType = text.plist.xml; path = "GoogleService-Info.plist"; sourceTree = "<group>"; };
		E5F4C31C22C4035200E0D94E /* SingleRouteVC.swift */ = {isa = PBXFileReference; fileEncoding = 4; lastKnownFileType = sourcecode.swift; path = SingleRouteVC.swift; sourceTree = "<group>"; };
		E5F4C32322C4035200E0D94E /* SettingsViewController.h */ = {isa = PBXFileReference; fileEncoding = 4; lastKnownFileType = sourcecode.c.h; name = SettingsViewController.h; path = ../SettingsViewController.h; sourceTree = "<group>"; };
		E5F4C32422C4035200E0D94E /* Clew-Bridging-Header.h */ = {isa = PBXFileReference; fileEncoding = 4; lastKnownFileType = sourcecode.c.h; path = "Clew-Bridging-Header.h"; sourceTree = "<group>"; };
		E5F4C32522C4035200E0D94E /* TutorialViewController.swift */ = {isa = PBXFileReference; fileEncoding = 4; lastKnownFileType = sourcecode.swift; path = TutorialViewController.swift; sourceTree = "<group>"; };
		E5F4C32822C4035200E0D94E /* ViewController.swift */ = {isa = PBXFileReference; fileEncoding = 4; lastKnownFileType = sourcecode.swift; path = ViewController.swift; sourceTree = "<group>"; };
		E5F4C34022C4035200E0D94E /* Info.plist */ = {isa = PBXFileReference; fileEncoding = 4; lastKnownFileType = text.plist.xml; path = Info.plist; sourceTree = "<group>"; };
		E5F4C34122C4035200E0D94E /* GoogleService-Info_dev.plist */ = {isa = PBXFileReference; fileEncoding = 4; lastKnownFileType = text.plist.xml; path = "GoogleService-Info_dev.plist"; sourceTree = "<group>"; };
/* End PBXFileReference section */

/* Begin PBXFrameworksBuildPhase section */
		4D6B00BD1F33C1C400952242 /* Frameworks */ = {
			isa = PBXFrameworksBuildPhase;
			buildActionMask = 2147483647;
			files = (
				2748B8490FCBA95C7AA028D7 /* Pods_Clew.framework in Frameworks */,
			);
			runOnlyForDeploymentPostprocessing = 0;
		};
		B7EB59DF20F693EB00FBBC6A /* Frameworks */ = {
			isa = PBXFrameworksBuildPhase;
			buildActionMask = 2147483647;
			files = (
				B0A563F6FE1007A2716DC876 /* Pods_Clew_Dev.framework in Frameworks */,
			);
			runOnlyForDeploymentPostprocessing = 0;
		};
		E5E9016422FB4D4A00AD0E95 /* Frameworks */ = {
			isa = PBXFrameworksBuildPhase;
			buildActionMask = 2147483647;
			files = (
				E5E9016822FB4D4A00AD0E95 /* QuickLook.framework in Frameworks */,
			);
			runOnlyForDeploymentPostprocessing = 0;
		};
/* End PBXFrameworksBuildPhase section */

/* Begin PBXGroup section */
		102FA8D5237F49300028E5ED /* en.lproj */ = {
			isa = PBXGroup;
			children = (
				102FA8D6237F49300028E5ED /* SettingsAndHelp.strings */,
				102FA8D8237F49300028E5ED /* BurgerMenu.strings */,
				102FA8DA237F49300028E5ED /* Localizable.strings */,
				102FA8DC237F49300028E5ED /* Storyboard.strings */,
			);
			path = en.lproj;
			sourceTree = "<group>";
		};
		102FA8E6237F495B0028E5ED /* es.lproj */ = {
			isa = PBXGroup;
			children = (
				102FA8E7237F495B0028E5ED /* Storyboard.strings */,
			);
			path = es.lproj;
			sourceTree = "<group>";
		};
		4D6B00B71F33C1C400952242 = {
			isa = PBXGroup;
			children = (
				E5F4C2EF22C4035200E0D94E /* Clew */,
				77467DAE22BBC1D300FA7DEE /* Default-568h@2x.png */,
				82569F4D22187E6500448B45 /* help */,
				4DF05CC71F34EB56008B0E31 /* Confirm.mp3 */,
				4D6B00E41F33C85500952242 /* Crumb.obj */,
				E5E9016922FB4D4A00AD0E95 /* route-quicklook */,
				4D6B00C11F33C1C400952242 /* Products */,
				645269AB241294DCBFA0E1B0 /* Pods */,
				C63B435EA8A32350A76E47DD /* Frameworks */,
				822E27F8210E3F260024A5E3 /* Clew Dev-Info.plist */,
				E5F4C2EE22C402BC00E0D94E /* Recovered References */,
			);
			sourceTree = "<group>";
		};
		4D6B00C11F33C1C400952242 /* Products */ = {
			isa = PBXGroup;
			children = (
				4D6B00C01F33C1C400952242 /* Clew.app */,
				B7EB59EC20F693EB00FBBC6A /* Clew Dev.app */,
				E5E9016722FB4D4A00AD0E95 /* route-quicklook.appex */,
			);
			name = Products;
			sourceTree = "<group>";
		};
		645269AB241294DCBFA0E1B0 /* Pods */ = {
			isa = PBXGroup;
			children = (
				08FA9C31721F9F8CDCC23AE9 /* Pods-Clew.debug.xcconfig */,
				D89DDB87A8AE1A9ECEAFCEC6 /* Pods-Clew.release.xcconfig */,
				C68778047D8E263D2FB04989 /* Pods-Clew Dev.debug.xcconfig */,
				85A1A72DC19F87F15B738291 /* Pods-Clew Dev.release.xcconfig */,
			);
			name = Pods;
			sourceTree = "<group>";
		};
		77469B7422EB3FA500477519 /* Tutorial */ = {
			isa = PBXGroup;
			children = (
				77469B7622EB405700477519 /* TutorialViews */,
				77469B7522EB3FD100477519 /* TutorialVCs */,
			);
			path = Tutorial;
			sourceTree = "<group>";
		};
		77469B7522EB3FD100477519 /* TutorialVCs */ = {
			isa = PBXGroup;
			children = (
				E5F4C32522C4035200E0D94E /* TutorialViewController.swift */,
				7793DE1A22CBD1D5003A0BF7 /* TutorialChildViewController.swift */,
				7793DE1D22CBE7B8003A0BF7 /* TipsAndWarningsViewController.swift */,
				77A30FE722C66C3A008EEAAB /* PhoneOrientationTrainingVC.swift */,
				AD8EBB9822D7CB0700B76BA0 /* PhoneOrientationGIFVC.swift */,
				E5F4C31C22C4035200E0D94E /* SingleRouteVC.swift */,
			);
			path = TutorialVCs;
			sourceTree = "<group>";
		};
		77469B7622EB405700477519 /* TutorialViews */ = {
			isa = PBXGroup;
			children = (
				AD551E9B22F1E56000DDC395 /* GIFframes */,
				7758D72022D7906600A2312F /* TutorialShadowBackground.swift */,
				77469B7722EB45B500477519 /* NextButtonView.swift */,
				77469B7A22EB5A2200477519 /* SkipButtonView.swift */,
				773AE4AB22F08AD60027D18C /* CongratsView.swift */,
				AD020F8D22FB68BA00D665F3 /* Storyboard.storyboard */,
			);
			path = TutorialViews;
			sourceTree = "<group>";
		};
		AD551E9B22F1E56000DDC395 /* GIFframes */ = {
			isa = PBXGroup;
			children = (
				AD72896E22FC7242007E65DC /* phoneOrientationGIF1.png */,
				AD551EA222F1E83A00DDC395 /* phoneOrientationGIF2.png */,
				AD551EA022F1E83A00DDC395 /* phoneOrientationGIF3.png */,
				AD551E9C22F1E83A00DDC395 /* phoneOrientationGIF4.png */,
				AD551EA122F1E83A00DDC395 /* phoneOrientationGIF5.png */,
				AD551E9D22F1E83A00DDC395 /* phoneOrientationGIF6.png */,
				AD551EA322F1E83A00DDC395 /* phoneOrientationGIF7.png */,
				AD551E9E22F1E83A00DDC395 /* phoneOrientationGIF8.png */,
				AD551EB422F1E89900DDC395 /* phoneOrientationGIF9.png */,
			);
			path = GIFframes;
			sourceTree = "<group>";
		};
		C63B435EA8A32350A76E47DD /* Frameworks */ = {
			isa = PBXGroup;
			children = (
				942F73299DA8DCF97FAA974A /* Pods_Clew.framework */,
				3532E390954571B93729786A /* Pods_Clew_Dev.framework */,
				E5E9015322FB4CEB00AD0E95 /* QuickLook.framework */,
			);
			name = Frameworks;
			sourceTree = "<group>";
		};
		E5470ED122C119F4001092A4 /* Sound Effects */ = {
			isa = PBXGroup;
			children = (
				102FA8B2237E746B0028E5ED /* StartRecording.aiff */,
				102FA8B3237E746B0028E5ED /* StopRecording.aiff */,
				E5470EBA22C119F4001092A4 /* SettingsTableViewController.h */,
			);
			path = "Sound Effects";
			sourceTree = "<group>";
		};
		E5D1695522E103A0008754D0 /* localizations */ = {
			isa = PBXGroup;
			children = (
				102FA8E6237F495B0028E5ED /* es.lproj */,
				102FA8D5237F49300028E5ED /* en.lproj */,
			);
			path = localizations;
			sourceTree = "<group>";
		};
		E5E9016922FB4D4A00AD0E95 /* route-quicklook */ = {
			isa = PBXGroup;
			children = (
				E5E9016A22FB4D4A00AD0E95 /* PreviewViewController.swift */,
				E5E9016C22FB4D4A00AD0E95 /* MainInterface.storyboard */,
				E5E9016F22FB4D4A00AD0E95 /* Info.plist */,
			);
			path = "route-quicklook";
			sourceTree = "<group>";
		};
		E5F4C2EE22C402BC00E0D94E /* Recovered References */ = {
			isa = PBXGroup;
			children = (
				9884EB5022BA9383000D31AF /* Storyboard.storyboard */,
				AD13576822CCEDA800EE36E2 /* Storyboard.storyboard */,
			);
			name = "Recovered References";
			sourceTree = "<group>";
		};
		E5F4C2EF22C4035200E0D94E /* Clew */ = {
			isa = PBXGroup;
			children = (
				E5F4C2F022C4035200E0D94E /* Voice Notes */,
				E5F4C31D22C4035200E0D94E /* Extensions */,
				E5F4C2F522C4035200E0D94E /* Misc */,
				E5F4C2FE22C4035200E0D94E /* Clew Dev-Bridging-Header.h */,
				E5F4C2FF22C4035200E0D94E /* Settings.bundle */,
				E5F4C31622C4035200E0D94E /* Assets.xcassets */,
				E5F4C34022C4035200E0D94E /* Info.plist */,
				E5F4C34122C4035200E0D94E /* GoogleService-Info_dev.plist */,
				E5F4C32422C4035200E0D94E /* Clew-Bridging-Header.h */,
				E5F4C31722C4035200E0D94E /* ClewObserverProtocol.swift */,
				AD8CE98622E24CE2007399D1 /* ClewDelegateProtocol.swift */,
				AD8CE98922E25275007399D1 /* DefaultDelegate.swift */,
				E5F4C31B22C4035200E0D94E /* GoogleService-Info.plist */,
				77469B7422EB3FA500477519 /* Tutorial */,
				E5F4C32722C4035200E0D94E /* Controllers */,
				E5F4C33722C4035200E0D94E /* Views */,
				E5D1695522E103A0008754D0 /* localizations */,
				E5470EB722C119F4001092A4 /* SettingsViewController.m */,
				E5470EB822C119F4001092A4 /* Clew Dev-Bridging-Header.h */,
				E5470EB922C119F4001092A4 /* Settings.bundle */,
				E5470ED022C119F4001092A4 /* Assets.xcassets */,
				E5470ED122C119F4001092A4 /* Sound Effects */,
				E5470ED422C119F4001092A4 /* GoogleService-Info.plist */,
				E5470EDB22C119F4001092A4 /* SettingsViewController.h */,
				E5470EDC22C119F4001092A4 /* Clew-Bridging-Header.h */,
				E5470EF422C119F4001092A4 /* Info.plist */,
				E5470EF522C119F4001092A4 /* GoogleService-Info_dev.plist */,
			);
			path = Clew;
			sourceTree = "<group>";
		};
		E5F4C2F022C4035200E0D94E /* Voice Notes */ = {
			isa = PBXGroup;
			children = (
				E5F4C2F122C4035200E0D94E /* RecordButtonKit.swift */,
				E5F4C2F222C4035200E0D94E /* AudioVisualizerView.swift */,
				E5F4C2F322C4035200E0D94E /* RecorderViewController.swift */,
				E5F4C2F422C4035200E0D94E /* RecordButton.swift */,
			);
			path = "Voice Notes";
			sourceTree = "<group>";
		};
		E5F4C2F522C4035200E0D94E /* Misc */ = {
			isa = PBXGroup;
			children = (
				E5F4C2F622C4035200E0D94E /* DataPersistence.swift */,
				E5F4C2F722C4035200E0D94E /* PathLogger.swift */,
				E5F4C2F822C4035200E0D94E /* Navigation.swift */,
				E5F4C2F922C4035200E0D94E /* FeedbackLogger.swift */,
				E5F4C2FA22C4035200E0D94E /* PathFinder.swift */,
				E5F4C2FB22C4035200E0D94E /* Utility.swift */,
				E5F4C2FC22C4035200E0D94E /* AppDelegate.swift */,
				1F2B9D7022C3B50D00317DC8 /* HelpCompiler.swift */,
				E565A10722F2173400C1998E /* RouteDocumentData.swift */,
			);
			path = Misc;
			sourceTree = "<group>";
		};
		E5F4C31D22C4035200E0D94E /* Extensions */ = {
			isa = PBXGroup;
			children = (
				102FA88E2372281A0028E5ED /* Float4x4Extension.swift */,
				1015E683235F95FE00F4F051 /* UIButtonExtensions.swift */,
				1015E681235F956500F4F051 /* TransparentTouchView.swift */,
				102FA87F237223EC0028E5ED /* NSStringExtension.swift */,
				102FA882237223EC0028E5ED /* UIViewControllerExtensions.swift */,
				102FA881237223EC0028E5ED /* UIViewExtensions.swift */,
			);
			path = Extensions;
			sourceTree = "<group>";
		};
		E5F4C32722C4035200E0D94E /* Controllers */ = {
			isa = PBXGroup;
			children = (
				102FA8AF237AA6990028E5ED /* StateController.swift */,
				9884EB5A22CCE569000D31AF /* AnnouncementManager.swift */,
				E5F4C30022C4035200E0D94E /* SettingsTableViewController.h */,
				E5F4C2FD22C4035200E0D94E /* SettingsViewController.m */,
				E5F4C32822C4035200E0D94E /* ViewController.swift */,
				E5F4C32322C4035200E0D94E /* SettingsViewController.h */,
				E5F4C32922C4035200E0D94E /* StateViews */,
				E5F4C33222C4035200E0D94E /* PopOvers */,
			);
			path = Controllers;
			sourceTree = "<group>";
		};
		E5F4C32922C4035200E0D94E /* StateViews */ = {
			isa = PBXGroup;
			children = (
				102FA89C237AA2B70028E5ED /* RecordPathController.swift */,
				102FA8AA237AA4830028E5ED /* StartNavigationController.swift */,
				102FA8A9237AA4820028E5ED /* StopNavigationController.swift */,
				102FA895237AA21C0028E5ED /* PauseTrackingController.swift */,
				102FA8A0237AA2FE0028E5ED /* RouteRatingController.swift */,
				102FA88B2372274F0028E5ED /* ResumeTrackingController.swift */,
				986640CD22FB68F2005AA1F6 /* NameSavedRouteController.swift */,
				1015E685235F968100F4F051 /* StopRecordingController.swift */,
				102FA888237226B40028E5ED /* ResumeTrackingConfirmController.swift */,
			);
			path = StateViews;
			sourceTree = "<group>";
		};
		E5F4C33222C4035200E0D94E /* PopOvers */ = {
			isa = PBXGroup;
			children = (
				102FA899237AA27A0028E5ED /* FeedbackViewController.swift */,
				102FA8A6237AA4380028E5ED /* RoutesViewController.swift */,
				102FA8A3237AA34B0028E5ED /* HelpViewController.swift */,
				1F27632222FCBB6E00E1FCF8 /* BurgerMenuViewController.swift */,
			);
			path = PopOvers;
			sourceTree = "<group>";
		};
		E5F4C33722C4035200E0D94E /* Views */ = {
			isa = PBXGroup;
			children = (
				7754322D22CBEDBE006E2159 /* UILabelDesign.swift */,
				E59DA6BD22C65F5900FCD5A1 /* LaunchScreen.storyboard */,
				E5470EEE22C119F4001092A4 /* UIConstants.swift */,
				1F27632522FCBD6100E1FCF8 /* SettingsAndHelp.storyboard */,
				1F27633A22FCC0B100E1FCF8 /* BurgerMenu.storyboard */,
				E5470EF022C119F4001092A4 /* RootContainerView.swift */,
				E5470EF322C119F4001092A4 /* RouteTableViewCell.swift */,
			);
			path = Views;
			sourceTree = "<group>";
		};
/* End PBXGroup section */

/* Begin PBXNativeTarget section */
		4D6B00BF1F33C1C400952242 /* Clew */ = {
			isa = PBXNativeTarget;
			buildConfigurationList = 4D6B00D21F33C1C400952242 /* Build configuration list for PBXNativeTarget "Clew" */;
			buildPhases = (
				FC3FD998D963F5FE0C5C7B8E /* [CP] Check Pods Manifest.lock */,
				4D6B00BC1F33C1C400952242 /* Sources */,
				4D6B00BD1F33C1C400952242 /* Frameworks */,
				4D6B00BE1F33C1C400952242 /* Resources */,
				7D513714488F266F881D7CB7 /* [CP] Embed Pods Frameworks */,
				E5E9016222FB4CEB00AD0E95 /* Embed App Extensions */,
			);
			buildRules = (
			);
			dependencies = (
			);
			name = Clew;
			productName = Clew;
			productReference = 4D6B00C01F33C1C400952242 /* Clew.app */;
			productType = "com.apple.product-type.application";
		};
		B7EB59D720F693EB00FBBC6A /* Clew Dev */ = {
			isa = PBXNativeTarget;
			buildConfigurationList = B7EB59E920F693EB00FBBC6A /* Build configuration list for PBXNativeTarget "Clew Dev" */;
			buildPhases = (
				B7EB59D820F693EB00FBBC6A /* [CP] Check Pods Manifest.lock */,
				B7EB59D920F693EB00FBBC6A /* Sources */,
				B7EB59DF20F693EB00FBBC6A /* Frameworks */,
				B7EB59E120F693EB00FBBC6A /* Resources */,
				B7EB59E820F693EB00FBBC6A /* [CP] Embed Pods Frameworks */,
			);
			buildRules = (
			);
			dependencies = (
			);
			name = "Clew Dev";
			productName = Clew;
			productReference = B7EB59EC20F693EB00FBBC6A /* Clew Dev.app */;
			productType = "com.apple.product-type.application";
		};
		E5E9016622FB4D4A00AD0E95 /* route-quicklook */ = {
			isa = PBXNativeTarget;
			buildConfigurationList = E5E9017322FB4D4A00AD0E95 /* Build configuration list for PBXNativeTarget "route-quicklook" */;
			buildPhases = (
				E5E9016322FB4D4A00AD0E95 /* Sources */,
				E5E9016422FB4D4A00AD0E95 /* Frameworks */,
				E5E9016522FB4D4A00AD0E95 /* Resources */,
			);
			buildRules = (
			);
			dependencies = (
			);
			name = "route-quicklook";
			productName = "route-quicklook";
			productReference = E5E9016722FB4D4A00AD0E95 /* route-quicklook.appex */;
			productType = "com.apple.product-type.app-extension";
		};
/* End PBXNativeTarget section */

/* Begin PBXProject section */
		4D6B00B81F33C1C400952242 /* Project object */ = {
			isa = PBXProject;
			attributes = {
				LastSwiftUpdateCheck = 1020;
				LastUpgradeCheck = 1020;
				ORGANIZATIONNAME = OccamLab;
				TargetAttributes = {
					4D6B00BF1F33C1C400952242 = {
						CreatedOnToolsVersion = 9.0;
						LastSwiftMigration = 1020;
					};
					B7EB59D720F693EB00FBBC6A = {
						LastSwiftMigration = 1010;
						ProvisioningStyle = Automatic;
					};
					E5E9016622FB4D4A00AD0E95 = {
						CreatedOnToolsVersion = 10.2.1;
						ProvisioningStyle = Automatic;
					};
				};
			};
			buildConfigurationList = 4D6B00BB1F33C1C400952242 /* Build configuration list for PBXProject "Clew" */;
			compatibilityVersion = "Xcode 8.0";
			developmentRegion = en;
			hasScannedForEncodings = 0;
			knownRegions = (
				en,
				es,
				"zh-Hans",
				th,
				ko,
				ja,
				ru,
				base,
				Base,
			);
			mainGroup = 4D6B00B71F33C1C400952242;
			productRefGroup = 4D6B00C11F33C1C400952242 /* Products */;
			projectDirPath = "";
			projectRoot = "";
			targets = (
				4D6B00BF1F33C1C400952242 /* Clew */,
				B7EB59D720F693EB00FBBC6A /* Clew Dev */,
				E5E9016622FB4D4A00AD0E95 /* route-quicklook */,
			);
		};
/* End PBXProject section */

/* Begin PBXResourcesBuildPhase section */
		4D6B00BE1F33C1C400952242 /* Resources */ = {
			isa = PBXResourcesBuildPhase;
			buildActionMask = 2147483647;
			files = (
				1015E682235F956600F4F051 /* TransparentTouchView.swift in Resources */,
				1036F79F23316BE4005F0625 /* Crumb.obj in Resources */,
				4DF05CC81F34EB6B008B0E31 /* Confirm.mp3 in Resources */,
				E5F4C39C22C4035200E0D94E /* (null) in Resources */,
				AD551EB522F1E89900DDC395 /* phoneOrientationGIF9.png in Resources */,
				AD551EAE22F1E83A00DDC395 /* phoneOrientationGIF5.png in Resources */,
				E5F4C35C22C4035200E0D94E /* (null) in Resources */,
				AD551EA622F1E83A00DDC395 /* phoneOrientationGIF6.png in Resources */,
				E5F4C35E22C4035200E0D94E /* (null) in Resources */,
				AD551EB022F1E83A00DDC395 /* phoneOrientationGIF2.png in Resources */,
				AD72896F22FC7242007E65DC /* phoneOrientationGIF1.png in Resources */,
				102FA8E0237F49300028E5ED /* BurgerMenu.strings in Resources */,
				AD551EB222F1E83A00DDC395 /* phoneOrientationGIF7.png in Resources */,
				102FA8E9237F495B0028E5ED /* Storyboard.strings in Resources */,
				AD551EAC22F1E83A00DDC395 /* phoneOrientationGIF3.png in Resources */,
				102FA8E2237F49300028E5ED /* Localizable.strings in Resources */,
				E5470F1C22C119F5001092A4 /* GoogleService-Info.plist in Resources */,
				E5470F0E22C119F5001092A4 /* Settings.bundle in Resources */,
				E5470F1622C119F5001092A4 /* Assets.xcassets in Resources */,
				1F27633B22FCC0B100E1FCF8 /* BurgerMenu.storyboard in Resources */,
				E59DA6BF22C65F5900FCD5A1 /* LaunchScreen.storyboard in Resources */,
				E5470F4E22C119F5001092A4 /* GoogleService-Info_dev.plist in Resources */,
				1F2B9D8722C5446B00317DC8 /* (null) in Resources */,
				102FA8E4237F49300028E5ED /* Storyboard.strings in Resources */,
				102FA8B6237E746B0028E5ED /* StopRecording.aiff in Resources */,
				102FA8B4237E746B0028E5ED /* StartRecording.aiff in Resources */,
				77467DAF22BBC1D300FA7DEE /* Default-568h@2x.png in Resources */,
				102FA8DE237F49300028E5ED /* SettingsAndHelp.strings in Resources */,
				AD551EA422F1E83A00DDC395 /* phoneOrientationGIF4.png in Resources */,
				AD551EA822F1E83A00DDC395 /* phoneOrientationGIF8.png in Resources */,
				AD020F8A22FB68BA00D665F3 /* Storyboard.storyboard in Resources */,
			);
			runOnlyForDeploymentPostprocessing = 0;
		};
		B7EB59E120F693EB00FBBC6A /* Resources */ = {
			isa = PBXResourcesBuildPhase;
			buildActionMask = 2147483647;
			files = (
				AD8AA00722F8BA7F00FC026E /* help in Resources */,
				1F27633C22FCC0B100E1FCF8 /* BurgerMenu.storyboard in Resources */,
				B7EB59E220F693EB00FBBC6A /* Confirm.mp3 in Resources */,
				AD551EB122F1E83A00DDC395 /* phoneOrientationGIF2.png in Resources */,
				AD020F8B22FB68BA00D665F3 /* Storyboard.storyboard in Resources */,
				AD72897022FC7242007E65DC /* phoneOrientationGIF1.png in Resources */,
				B7EB59E320F693EB00FBBC6A /* Crumb.obj in Resources */,
				E5F4C39D22C4035200E0D94E /* (null) in Resources */,
				AD551EA722F1E83A00DDC395 /* phoneOrientationGIF6.png in Resources */,
				AD551EAF22F1E83A00DDC395 /* phoneOrientationGIF5.png in Resources */,
				AD551EAD22F1E83A00DDC395 /* phoneOrientationGIF3.png in Resources */,
				E5F4C35D22C4035200E0D94E /* (null) in Resources */,
				102FA8DF237F49300028E5ED /* SettingsAndHelp.strings in Resources */,
				E5F4C35F22C4035200E0D94E /* (null) in Resources */,
				AD551EA522F1E83A00DDC395 /* phoneOrientationGIF4.png in Resources */,
				AD551EB622F1E89900DDC395 /* phoneOrientationGIF9.png in Resources */,
				AD551EA922F1E83A00DDC395 /* phoneOrientationGIF8.png in Resources */,
				E5F4C35B22C4035200E0D94E /* Settings.bundle in Resources */,
				AD551EB322F1E83A00DDC395 /* phoneOrientationGIF7.png in Resources */,
				E5470F4F22C119F5001092A4 /* GoogleService-Info_dev.plist in Resources */,
				102FA8B7237E746B0028E5ED /* StopRecording.aiff in Resources */,
				102FA8B5237E746B0028E5ED /* StartRecording.aiff in Resources */,
				E59DA6C022C65F5900FCD5A1 /* LaunchScreen.storyboard in Resources */,
				102FA8E3237F49300028E5ED /* Localizable.strings in Resources */,
				1F27632722FCBD6A00E1FCF8 /* SettingsAndHelp.storyboard in Resources */,
				102FA8EA237F495B0028E5ED /* Storyboard.strings in Resources */,
				E5470F1D22C119F5001092A4 /* GoogleService-Info.plist in Resources */,
				102FA8E1237F49300028E5ED /* BurgerMenu.strings in Resources */,
				102FA8E5237F49300028E5ED /* Storyboard.strings in Resources */,
				E5470F1722C119F5001092A4 /* Assets.xcassets in Resources */,
			);
			runOnlyForDeploymentPostprocessing = 0;
		};
		E5E9016522FB4D4A00AD0E95 /* Resources */ = {
			isa = PBXResourcesBuildPhase;
			buildActionMask = 2147483647;
			files = (
				E5E9016E22FB4D4A00AD0E95 /* MainInterface.storyboard in Resources */,
			);
			runOnlyForDeploymentPostprocessing = 0;
		};
/* End PBXResourcesBuildPhase section */

/* Begin PBXShellScriptBuildPhase section */
		7D513714488F266F881D7CB7 /* [CP] Embed Pods Frameworks */ = {
			isa = PBXShellScriptBuildPhase;
			buildActionMask = 2147483647;
			files = (
			);
			inputPaths = (
				"${PODS_ROOT}/Target Support Files/Pods-Clew/Pods-Clew-frameworks.sh",
				"${BUILT_PRODUCTS_DIR}/FLAnimatedImage/FLAnimatedImage.framework",
				"${BUILT_PRODUCTS_DIR}/GTMSessionFetcher/GTMSessionFetcher.framework",
				"${BUILT_PRODUCTS_DIR}/GoogleUtilities/GoogleUtilities.framework",
				"${BUILT_PRODUCTS_DIR}/InAppSettingsKit/InAppSettingsKit.framework",
				"${BUILT_PRODUCTS_DIR}/Instructions/Instructions.framework",
				"${BUILT_PRODUCTS_DIR}/PRTween/PRTween.framework",
				"${BUILT_PRODUCTS_DIR}/SRCountdownTimer/SRCountdownTimer.framework",
				"${BUILT_PRODUCTS_DIR}/SwiftGifOrigin/SwiftGifOrigin.framework",
				"${BUILT_PRODUCTS_DIR}/VectorMath/VectorMath.framework",
				"${BUILT_PRODUCTS_DIR}/leveldb-library/leveldb.framework",
				"${BUILT_PRODUCTS_DIR}/nanopb/nanopb.framework",
			);
			name = "[CP] Embed Pods Frameworks";
			outputPaths = (
				"${TARGET_BUILD_DIR}/${FRAMEWORKS_FOLDER_PATH}/FLAnimatedImage.framework",
				"${TARGET_BUILD_DIR}/${FRAMEWORKS_FOLDER_PATH}/GTMSessionFetcher.framework",
				"${TARGET_BUILD_DIR}/${FRAMEWORKS_FOLDER_PATH}/GoogleUtilities.framework",
				"${TARGET_BUILD_DIR}/${FRAMEWORKS_FOLDER_PATH}/InAppSettingsKit.framework",
				"${TARGET_BUILD_DIR}/${FRAMEWORKS_FOLDER_PATH}/Instructions.framework",
				"${TARGET_BUILD_DIR}/${FRAMEWORKS_FOLDER_PATH}/PRTween.framework",
				"${TARGET_BUILD_DIR}/${FRAMEWORKS_FOLDER_PATH}/SRCountdownTimer.framework",
				"${TARGET_BUILD_DIR}/${FRAMEWORKS_FOLDER_PATH}/SwiftGifOrigin.framework",
				"${TARGET_BUILD_DIR}/${FRAMEWORKS_FOLDER_PATH}/VectorMath.framework",
				"${TARGET_BUILD_DIR}/${FRAMEWORKS_FOLDER_PATH}/leveldb.framework",
				"${TARGET_BUILD_DIR}/${FRAMEWORKS_FOLDER_PATH}/nanopb.framework",
			);
			runOnlyForDeploymentPostprocessing = 0;
			shellPath = /bin/sh;
			shellScript = "\"${PODS_ROOT}/Target Support Files/Pods-Clew/Pods-Clew-frameworks.sh\"\n";
			showEnvVarsInLog = 0;
		};
		B7EB59D820F693EB00FBBC6A /* [CP] Check Pods Manifest.lock */ = {
			isa = PBXShellScriptBuildPhase;
			buildActionMask = 2147483647;
			files = (
			);
			inputPaths = (
				"${PODS_PODFILE_DIR_PATH}/Podfile.lock",
				"${PODS_ROOT}/Manifest.lock",
			);
			name = "[CP] Check Pods Manifest.lock";
			outputPaths = (
				"$(DERIVED_FILE_DIR)/Pods-Clew Dev-checkManifestLockResult.txt",
			);
			runOnlyForDeploymentPostprocessing = 0;
			shellPath = /bin/sh;
			shellScript = "diff \"${PODS_PODFILE_DIR_PATH}/Podfile.lock\" \"${PODS_ROOT}/Manifest.lock\" > /dev/null\nif [ $? != 0 ] ; then\n    # print error to STDERR\n    echo \"error: The sandbox is not in sync with the Podfile.lock. Run 'pod install' or update your CocoaPods installation.\" >&2\n    exit 1\nfi\n# This output is used by Xcode 'outputs' to avoid re-running this script phase.\necho \"SUCCESS\" > \"${SCRIPT_OUTPUT_FILE_0}\"\n";
			showEnvVarsInLog = 0;
		};
		B7EB59E820F693EB00FBBC6A /* [CP] Embed Pods Frameworks */ = {
			isa = PBXShellScriptBuildPhase;
			buildActionMask = 2147483647;
			files = (
			);
			inputPaths = (
				"${PODS_ROOT}/Target Support Files/Pods-Clew Dev/Pods-Clew Dev-frameworks.sh",
				"${BUILT_PRODUCTS_DIR}/FLAnimatedImage/FLAnimatedImage.framework",
				"${BUILT_PRODUCTS_DIR}/GTMSessionFetcher/GTMSessionFetcher.framework",
				"${BUILT_PRODUCTS_DIR}/GoogleUtilities/GoogleUtilities.framework",
				"${BUILT_PRODUCTS_DIR}/InAppSettingsKit/InAppSettingsKit.framework",
				"${BUILT_PRODUCTS_DIR}/Instructions/Instructions.framework",
				"${BUILT_PRODUCTS_DIR}/PRTween/PRTween.framework",
				"${BUILT_PRODUCTS_DIR}/SRCountdownTimer/SRCountdownTimer.framework",
				"${BUILT_PRODUCTS_DIR}/SwiftGifOrigin/SwiftGifOrigin.framework",
				"${BUILT_PRODUCTS_DIR}/VectorMath/VectorMath.framework",
				"${BUILT_PRODUCTS_DIR}/leveldb-library/leveldb.framework",
				"${BUILT_PRODUCTS_DIR}/nanopb/nanopb.framework",
			);
			name = "[CP] Embed Pods Frameworks";
			outputPaths = (
				"${TARGET_BUILD_DIR}/${FRAMEWORKS_FOLDER_PATH}/FLAnimatedImage.framework",
				"${TARGET_BUILD_DIR}/${FRAMEWORKS_FOLDER_PATH}/GTMSessionFetcher.framework",
				"${TARGET_BUILD_DIR}/${FRAMEWORKS_FOLDER_PATH}/GoogleUtilities.framework",
				"${TARGET_BUILD_DIR}/${FRAMEWORKS_FOLDER_PATH}/InAppSettingsKit.framework",
				"${TARGET_BUILD_DIR}/${FRAMEWORKS_FOLDER_PATH}/Instructions.framework",
				"${TARGET_BUILD_DIR}/${FRAMEWORKS_FOLDER_PATH}/PRTween.framework",
				"${TARGET_BUILD_DIR}/${FRAMEWORKS_FOLDER_PATH}/SRCountdownTimer.framework",
				"${TARGET_BUILD_DIR}/${FRAMEWORKS_FOLDER_PATH}/SwiftGifOrigin.framework",
				"${TARGET_BUILD_DIR}/${FRAMEWORKS_FOLDER_PATH}/VectorMath.framework",
				"${TARGET_BUILD_DIR}/${FRAMEWORKS_FOLDER_PATH}/leveldb.framework",
				"${TARGET_BUILD_DIR}/${FRAMEWORKS_FOLDER_PATH}/nanopb.framework",
			);
			runOnlyForDeploymentPostprocessing = 0;
			shellPath = /bin/sh;
			shellScript = "\"${PODS_ROOT}/Target Support Files/Pods-Clew Dev/Pods-Clew Dev-frameworks.sh\"\n";
			showEnvVarsInLog = 0;
		};
		FC3FD998D963F5FE0C5C7B8E /* [CP] Check Pods Manifest.lock */ = {
			isa = PBXShellScriptBuildPhase;
			buildActionMask = 2147483647;
			files = (
			);
			inputPaths = (
				"${PODS_PODFILE_DIR_PATH}/Podfile.lock",
				"${PODS_ROOT}/Manifest.lock",
			);
			name = "[CP] Check Pods Manifest.lock";
			outputPaths = (
				"$(DERIVED_FILE_DIR)/Pods-Clew-checkManifestLockResult.txt",
			);
			runOnlyForDeploymentPostprocessing = 0;
			shellPath = /bin/sh;
			shellScript = "diff \"${PODS_PODFILE_DIR_PATH}/Podfile.lock\" \"${PODS_ROOT}/Manifest.lock\" > /dev/null\nif [ $? != 0 ] ; then\n    # print error to STDERR\n    echo \"error: The sandbox is not in sync with the Podfile.lock. Run 'pod install' or update your CocoaPods installation.\" >&2\n    exit 1\nfi\n# This output is used by Xcode 'outputs' to avoid re-running this script phase.\necho \"SUCCESS\" > \"${SCRIPT_OUTPUT_FILE_0}\"\n";
			showEnvVarsInLog = 0;
		};
/* End PBXShellScriptBuildPhase section */

/* Begin PBXSourcesBuildPhase section */
		4D6B00BC1F33C1C400952242 /* Sources */ = {
			isa = PBXSourcesBuildPhase;
			buildActionMask = 2147483647;
			files = (
				102FA887237226100028E5ED /* TransparentTouchView.swift in Sources */,
				1015E686235F968100F4F051 /* StopRecordingController.swift in Sources */,
				1015E684235F95FE00F4F051 /* UIButtonExtensions.swift in Sources */,
				77A30FE822C66C3A008EEAAB /* PhoneOrientationTrainingVC.swift in Sources */,
				9884EB5B22CCE569000D31AF /* AnnouncementManager.swift in Sources */,
				AD8CE98722E24CE2007399D1 /* ClewDelegateProtocol.swift in Sources */,
				102FA889237226B40028E5ED /* ResumeTrackingConfirmController.swift in Sources */,
				77469B7822EB45B500477519 /* NextButtonView.swift in Sources */,
				7758D72122D7906600A2312F /* TutorialShadowBackground.swift in Sources */,
				102FA896237AA21C0028E5ED /* PauseTrackingController.swift in Sources */,
				102FA886237223EC0028E5ED /* UIViewControllerExtensions.swift in Sources */,
				102FA8A1237AA2FF0028E5ED /* RouteRatingController.swift in Sources */,
				102FA883237223EC0028E5ED /* NSStringExtension.swift in Sources */,
				E5F4C37822C4035200E0D94E /* TutorialViewController.swift in Sources */,
				E5F4C34822C4035200E0D94E /* RecordButton.swift in Sources */,
				E5F4C34222C4035200E0D94E /* RecordButtonKit.swift in Sources */,
				102FA8AB237AA4830028E5ED /* StopNavigationController.swift in Sources */,
				7793DE1B22CBD1D5003A0BF7 /* TutorialChildViewController.swift in Sources */,
				E5F4C36422C4035200E0D94E /* ClewObserverProtocol.swift in Sources */,
				102FA88C2372274F0028E5ED /* ResumeTrackingController.swift in Sources */,
				773AE4AC22F08AD60027D18C /* CongratsView.swift in Sources */,
				102FA89D237AA2B70028E5ED /* RecordPathController.swift in Sources */,
				E5F4C36C22C4035200E0D94E /* SingleRouteVC.swift in Sources */,
				102FA8A4237AA34B0028E5ED /* HelpViewController.swift in Sources */,
				102FA89A237AA27A0028E5ED /* FeedbackViewController.swift in Sources */,
				102FA8AD237AA4830028E5ED /* StartNavigationController.swift in Sources */,
				7793DE1E22CBE7B8003A0BF7 /* TipsAndWarningsViewController.swift in Sources */,
				102FA8A7237AA4380028E5ED /* RoutesViewController.swift in Sources */,
				E5F4C34622C4035200E0D94E /* RecorderViewController.swift in Sources */,
				77469B7B22EB5A2200477519 /* SkipButtonView.swift in Sources */,
				7754323022CBEDBE006E2159 /* UILabelDesign.swift in Sources */,
				AD8CE98A22E25275007399D1 /* DefaultDelegate.swift in Sources */,
				AD8EBB9922D7CB0700B76BA0 /* PhoneOrientationGIFVC.swift in Sources */,
				102FA8B0237AA6990028E5ED /* StateController.swift in Sources */,
				E5F4C37C22C4035200E0D94E /* ViewController.swift in Sources */,
				E5F4C34422C4035200E0D94E /* AudioVisualizerView.swift in Sources */,
				1F27632322FCBB6E00E1FCF8 /* BurgerMenuViewController.swift in Sources */,
				E5470F0C22C119F5001092A4 /* SettingsViewController.m in Sources */,
				E5470F4222C119F5001092A4 /* UIConstants.swift in Sources */,
				102FA885237223EC0028E5ED /* UIViewExtensions.swift in Sources */,
				E565A10822F2173400C1998E /* RouteDocumentData.swift in Sources */,
				E5470F4622C119F5001092A4 /* RootContainerView.swift in Sources */,
				E5470F4A22C119F5001092A4 /* RouteTableViewCell.swift in Sources */,
				986640CE22FB68F2005AA1F6 /* NameSavedRouteController.swift in Sources */,
				102FA88F2372281B0028E5ED /* Float4x4Extension.swift in Sources */,
				1F2971A522DF60F700B896C6 /* HelpCompiler.swift in Sources */,
			);
			runOnlyForDeploymentPostprocessing = 0;
		};
		B7EB59D920F693EB00FBBC6A /* Sources */ = {
			isa = PBXSourcesBuildPhase;
			buildActionMask = 2147483647;
			files = (
				102FA89F237AA2D00028E5ED /* StopRecordingController.swift in Sources */,
				102FA8B1237AA6990028E5ED /* StateController.swift in Sources */,
				102FA898237AA2360028E5ED /* UIButtonExtensions.swift in Sources */,
				102FA894237AA1170028E5ED /* UIViewExtensions.swift in Sources */,
				102FA8932372288A0028E5ED /* UIViewControllerExtensions.swift in Sources */,
				102FA8922372287B0028E5ED /* TransparentTouchView.swift in Sources */,
				102FA8912372286E0028E5ED /* NSStringExtension.swift in Sources */,
				77A30FE922C66C3A008EEAAB /* PhoneOrientationTrainingVC.swift in Sources */,
				9884EB5C22CCE569000D31AF /* AnnouncementManager.swift in Sources */,
				AD8CE98822E24CE2007399D1 /* ClewDelegateProtocol.swift in Sources */,
				102FA88A237226B40028E5ED /* ResumeTrackingConfirmController.swift in Sources */,
				102FA8A8237AA4380028E5ED /* RoutesViewController.swift in Sources */,
				102FA89B237AA27A0028E5ED /* FeedbackViewController.swift in Sources */,
				77469B7C22EB5A2200477519 /* SkipButtonView.swift in Sources */,
				102FA8A2237AA2FF0028E5ED /* RouteRatingController.swift in Sources */,
				77469B7922EB45B500477519 /* NextButtonView.swift in Sources */,
				102FA897237AA21C0028E5ED /* PauseTrackingController.swift in Sources */,
				E5F4C37922C4035200E0D94E /* TutorialViewController.swift in Sources */,
				E5F4C34922C4035200E0D94E /* RecordButton.swift in Sources */,
				7758D72222D7906600A2312F /* TutorialShadowBackground.swift in Sources */,
				E5F4C34322C4035200E0D94E /* RecordButtonKit.swift in Sources */,
				773AE4AD22F08AD60027D18C /* CongratsView.swift in Sources */,
				7793DE1C22CBD1D5003A0BF7 /* TutorialChildViewController.swift in Sources */,
				102FA8AE237AA4830028E5ED /* StartNavigationController.swift in Sources */,
				E5F4C36522C4035200E0D94E /* ClewObserverProtocol.swift in Sources */,
				E5F4C36D22C4035200E0D94E /* SingleRouteVC.swift in Sources */,
				AD8EBB9A22D7CB0700B76BA0 /* PhoneOrientationGIFVC.swift in Sources */,
				AD8CE98B22E25275007399D1 /* DefaultDelegate.swift in Sources */,
				7793DE1F22CBE7B8003A0BF7 /* TipsAndWarningsViewController.swift in Sources */,
				E5F4C34722C4035200E0D94E /* RecorderViewController.swift in Sources */,
				E5F4C37D22C4035200E0D94E /* ViewController.swift in Sources */,
				E5F4C34522C4035200E0D94E /* AudioVisualizerView.swift in Sources */,
				102FA8A5237AA34B0028E5ED /* HelpViewController.swift in Sources */,
				1F27632422FCBB9900E1FCF8 /* BurgerMenuViewController.swift in Sources */,
				E5470F0D22C119F5001092A4 /* SettingsViewController.m in Sources */,
				1F2B9D7222C3B50D00317DC8 /* HelpCompiler.swift in Sources */,
				E5470F4322C119F5001092A4 /* UIConstants.swift in Sources */,
				E5470F4322C119F5001092A4 /* UIConstants.swift in Sources */,
				E565A10922F2173400C1998E /* RouteDocumentData.swift in Sources */,
				E5470F4722C119F5001092A4 /* RootContainerView.swift in Sources */,
				102FA8AC237AA4830028E5ED /* StopNavigationController.swift in Sources */,
				102FA8902372281B0028E5ED /* Float4x4Extension.swift in Sources */,
				E5470F4B22C119F5001092A4 /* RouteTableViewCell.swift in Sources */,
				102FA88D2372274F0028E5ED /* ResumeTrackingController.swift in Sources */,
				102FA89E237AA2B70028E5ED /* RecordPathController.swift in Sources */,
				986640CF22FC9606005AA1F6 /* NameSavedRouteController.swift in Sources */,
			);
			runOnlyForDeploymentPostprocessing = 0;
		};
		E5E9016322FB4D4A00AD0E95 /* Sources */ = {
			isa = PBXSourcesBuildPhase;
			buildActionMask = 2147483647;
			files = (
				E5E9016B22FB4D4A00AD0E95 /* PreviewViewController.swift in Sources */,
			);
			runOnlyForDeploymentPostprocessing = 0;
		};
/* End PBXSourcesBuildPhase section */

/* Begin PBXVariantGroup section */
		102FA8D6237F49300028E5ED /* SettingsAndHelp.strings */ = {
			isa = PBXVariantGroup;
			children = (
				102FA8D7237F49300028E5ED /* en */,
			);
			name = SettingsAndHelp.strings;
			sourceTree = "<group>";
		};
		102FA8D8237F49300028E5ED /* BurgerMenu.strings */ = {
			isa = PBXVariantGroup;
			children = (
				102FA8D9237F49300028E5ED /* en */,
			);
			name = BurgerMenu.strings;
			sourceTree = "<group>";
		};
		102FA8DA237F49300028E5ED /* Localizable.strings */ = {
			isa = PBXVariantGroup;
			children = (
				102FA8DB237F49300028E5ED /* en */,
			);
			name = Localizable.strings;
			sourceTree = "<group>";
		};
		102FA8DC237F49300028E5ED /* Storyboard.strings */ = {
			isa = PBXVariantGroup;
			children = (
				102FA8DD237F49300028E5ED /* en */,
			);
			name = Storyboard.strings;
			sourceTree = "<group>";
		};
		102FA8E7237F495B0028E5ED /* Storyboard.strings */ = {
			isa = PBXVariantGroup;
			children = (
				102FA8E8237F495B0028E5ED /* es */,
			);
			name = Storyboard.strings;
			sourceTree = "<group>";
		};
		AD020F8D22FB68BA00D665F3 /* Storyboard.storyboard */ = {
			isa = PBXVariantGroup;
			children = (
				AD020F8C22FB68BA00D665F3 /* Base */,
				AD020F8F22FB68DE00D665F3 /* en */,
			);
			name = Storyboard.storyboard;
			path = Clew/Tutorial/TutorialViews;
			sourceTree = SOURCE_ROOT;
		};
		E5E9016C22FB4D4A00AD0E95 /* MainInterface.storyboard */ = {
			isa = PBXVariantGroup;
			children = (
				E5E9016D22FB4D4A00AD0E95 /* Base */,
			);
			name = MainInterface.storyboard;
			sourceTree = "<group>";
		};
/* End PBXVariantGroup section */

/* Begin XCBuildConfiguration section */
		4D6B00D01F33C1C400952242 /* Debug */ = {
			isa = XCBuildConfiguration;
			buildSettings = {
				ALWAYS_SEARCH_USER_PATHS = NO;
				CLANG_ANALYZER_LOCALIZABILITY_NONLOCALIZED = YES;
				"CLANG_ANALYZER_LOCALIZABILITY_NONLOCALIZED[arch=*]" = YES;
				CLANG_ANALYZER_NONNULL = YES;
				CLANG_ANALYZER_NUMBER_OBJECT_CONVERSION = YES_AGGRESSIVE;
				CLANG_CXX_LANGUAGE_STANDARD = "gnu++14";
				CLANG_CXX_LIBRARY = "libc++";
				CLANG_ENABLE_MODULES = YES;
				CLANG_ENABLE_OBJC_ARC = YES;
				CLANG_WARN_BLOCK_CAPTURE_AUTORELEASING = YES;
				CLANG_WARN_BOOL_CONVERSION = YES;
				CLANG_WARN_COMMA = YES;
				CLANG_WARN_CONSTANT_CONVERSION = YES;
				CLANG_WARN_DEPRECATED_OBJC_IMPLEMENTATIONS = YES;
				CLANG_WARN_DIRECT_OBJC_ISA_USAGE = YES_ERROR;
				CLANG_WARN_DOCUMENTATION_COMMENTS = YES;
				CLANG_WARN_EMPTY_BODY = YES;
				CLANG_WARN_ENUM_CONVERSION = YES;
				CLANG_WARN_INFINITE_RECURSION = YES;
				CLANG_WARN_INT_CONVERSION = YES;
				CLANG_WARN_NON_LITERAL_NULL_CONVERSION = YES;
				CLANG_WARN_OBJC_IMPLICIT_RETAIN_SELF = YES;
				CLANG_WARN_OBJC_LITERAL_CONVERSION = YES;
				CLANG_WARN_OBJC_ROOT_CLASS = YES_ERROR;
				CLANG_WARN_RANGE_LOOP_ANALYSIS = YES;
				CLANG_WARN_STRICT_PROTOTYPES = YES;
				CLANG_WARN_SUSPICIOUS_MOVE = YES;
				CLANG_WARN_UNGUARDED_AVAILABILITY = YES_AGGRESSIVE;
				CLANG_WARN_UNREACHABLE_CODE = YES;
				CLANG_WARN__DUPLICATE_METHOD_MATCH = YES;
				CODE_SIGN_IDENTITY = "iPhone Developer";
				COPY_PHASE_STRIP = NO;
				DEBUG_INFORMATION_FORMAT = "dwarf-with-dsym";
				ENABLE_STRICT_OBJC_MSGSEND = YES;
				ENABLE_TESTABILITY = YES;
				GCC_C_LANGUAGE_STANDARD = gnu11;
				GCC_DYNAMIC_NO_PIC = NO;
				GCC_NO_COMMON_BLOCKS = YES;
				GCC_OPTIMIZATION_LEVEL = 0;
				GCC_PREPROCESSOR_DEFINITIONS = (
					"DEBUG=1",
					"$(inherited)",
				);
				GCC_WARN_64_TO_32_BIT_CONVERSION = YES;
				GCC_WARN_ABOUT_RETURN_TYPE = YES_ERROR;
				GCC_WARN_UNDECLARED_SELECTOR = YES;
				GCC_WARN_UNINITIALIZED_AUTOS = YES_AGGRESSIVE;
				GCC_WARN_UNUSED_FUNCTION = YES;
				GCC_WARN_UNUSED_VARIABLE = YES;
				IPHONEOS_DEPLOYMENT_TARGET = 11.3;
				MTL_ENABLE_DEBUG_INFO = YES;
				ONLY_ACTIVE_ARCH = YES;
				SDKROOT = iphoneos;
				SWIFT_ACTIVE_COMPILATION_CONDITIONS = DEBUG;
				SWIFT_OPTIMIZATION_LEVEL = "-Onone";
			};
			name = Debug;
		};
		4D6B00D11F33C1C400952242 /* Release */ = {
			isa = XCBuildConfiguration;
			buildSettings = {
				ALWAYS_SEARCH_USER_PATHS = NO;
				CLANG_ANALYZER_LOCALIZABILITY_NONLOCALIZED = YES;
				"CLANG_ANALYZER_LOCALIZABILITY_NONLOCALIZED[arch=*]" = YES;
				CLANG_ANALYZER_NONNULL = YES;
				CLANG_ANALYZER_NUMBER_OBJECT_CONVERSION = YES_AGGRESSIVE;
				CLANG_CXX_LANGUAGE_STANDARD = "gnu++14";
				CLANG_CXX_LIBRARY = "libc++";
				CLANG_ENABLE_MODULES = YES;
				CLANG_ENABLE_OBJC_ARC = YES;
				CLANG_WARN_BLOCK_CAPTURE_AUTORELEASING = YES;
				CLANG_WARN_BOOL_CONVERSION = YES;
				CLANG_WARN_COMMA = YES;
				CLANG_WARN_CONSTANT_CONVERSION = YES;
				CLANG_WARN_DEPRECATED_OBJC_IMPLEMENTATIONS = YES;
				CLANG_WARN_DIRECT_OBJC_ISA_USAGE = YES_ERROR;
				CLANG_WARN_DOCUMENTATION_COMMENTS = YES;
				CLANG_WARN_EMPTY_BODY = YES;
				CLANG_WARN_ENUM_CONVERSION = YES;
				CLANG_WARN_INFINITE_RECURSION = YES;
				CLANG_WARN_INT_CONVERSION = YES;
				CLANG_WARN_NON_LITERAL_NULL_CONVERSION = YES;
				CLANG_WARN_OBJC_IMPLICIT_RETAIN_SELF = YES;
				CLANG_WARN_OBJC_LITERAL_CONVERSION = YES;
				CLANG_WARN_OBJC_ROOT_CLASS = YES_ERROR;
				CLANG_WARN_RANGE_LOOP_ANALYSIS = YES;
				CLANG_WARN_STRICT_PROTOTYPES = YES;
				CLANG_WARN_SUSPICIOUS_MOVE = YES;
				CLANG_WARN_UNGUARDED_AVAILABILITY = YES_AGGRESSIVE;
				CLANG_WARN_UNREACHABLE_CODE = YES;
				CLANG_WARN__DUPLICATE_METHOD_MATCH = YES;
				CODE_SIGN_IDENTITY = "iPhone Developer";
				COPY_PHASE_STRIP = NO;
				DEBUG_INFORMATION_FORMAT = "dwarf-with-dsym";
				ENABLE_NS_ASSERTIONS = NO;
				ENABLE_STRICT_OBJC_MSGSEND = YES;
				GCC_C_LANGUAGE_STANDARD = gnu11;
				GCC_NO_COMMON_BLOCKS = YES;
				GCC_WARN_64_TO_32_BIT_CONVERSION = YES;
				GCC_WARN_ABOUT_RETURN_TYPE = YES_ERROR;
				GCC_WARN_UNDECLARED_SELECTOR = YES;
				GCC_WARN_UNINITIALIZED_AUTOS = YES_AGGRESSIVE;
				GCC_WARN_UNUSED_FUNCTION = YES;
				GCC_WARN_UNUSED_VARIABLE = YES;
				IPHONEOS_DEPLOYMENT_TARGET = 11.3;
				MTL_ENABLE_DEBUG_INFO = NO;
				SDKROOT = iphoneos;
				SWIFT_OPTIMIZATION_LEVEL = "-Owholemodule";
				VALIDATE_PRODUCT = YES;
			};
			name = Release;
		};
		4D6B00D31F33C1C400952242 /* Debug */ = {
			isa = XCBuildConfiguration;
			baseConfigurationReference = 08FA9C31721F9F8CDCC23AE9 /* Pods-Clew.debug.xcconfig */;
			buildSettings = {
				ALWAYS_EMBED_SWIFT_STANDARD_LIBRARIES = YES;
				ASSETCATALOG_COMPILER_APPICON_NAME = AppIcon;
				CLANG_ENABLE_MODULES = YES;
				CURRENT_PROJECT_VERSION = 26;
				DEVELOPMENT_TEAM = 787TUDMR8Q;
				INFOPLIST_FILE = Clew/Info.plist;
				IPHONEOS_DEPLOYMENT_TARGET = 12.0;
				LD_RUNPATH_SEARCH_PATHS = "$(inherited) @executable_path/Frameworks";
				MARKETING_VERSION = 2.0.3;
				PRODUCT_BUNDLE_IDENTIFIER = edu.occam.Clew;
				PRODUCT_NAME = "$(TARGET_NAME)";
				SWIFT_OBJC_BRIDGING_HEADER = "Clew/Clew-Bridging-Header.h";
				SWIFT_OPTIMIZATION_LEVEL = "-Onone";
				SWIFT_VERSION = 5.0;
				TARGETED_DEVICE_FAMILY = 1;
			};
			name = Debug;
		};
		4D6B00D41F33C1C400952242 /* Release */ = {
			isa = XCBuildConfiguration;
			baseConfigurationReference = D89DDB87A8AE1A9ECEAFCEC6 /* Pods-Clew.release.xcconfig */;
			buildSettings = {
				ALWAYS_EMBED_SWIFT_STANDARD_LIBRARIES = YES;
				ASSETCATALOG_COMPILER_APPICON_NAME = AppIcon;
				CLANG_ENABLE_MODULES = YES;
				CURRENT_PROJECT_VERSION = 26;
				DEVELOPMENT_TEAM = 787TUDMR8Q;
				INFOPLIST_FILE = Clew/Info.plist;
				IPHONEOS_DEPLOYMENT_TARGET = 12.0;
				LD_RUNPATH_SEARCH_PATHS = "$(inherited) @executable_path/Frameworks";
				MARKETING_VERSION = 2.0.3;
				PRODUCT_BUNDLE_IDENTIFIER = edu.occam.Clew;
				PRODUCT_NAME = "$(TARGET_NAME)";
				SWIFT_OBJC_BRIDGING_HEADER = "Clew/Clew-Bridging-Header.h";
				SWIFT_VERSION = 5.0;
				TARGETED_DEVICE_FAMILY = 1;
			};
			name = Release;
		};
		B7EB59EA20F693EB00FBBC6A /* Debug */ = {
			isa = XCBuildConfiguration;
			baseConfigurationReference = C68778047D8E263D2FB04989 /* Pods-Clew Dev.debug.xcconfig */;
			buildSettings = {
				ASSETCATALOG_COMPILER_APPICON_NAME = AppIcon;
				CLANG_ENABLE_MODULES = YES;
				CODE_SIGN_IDENTITY = "iPhone Developer";
				CODE_SIGN_STYLE = Automatic;
				CURRENT_PROJECT_VERSION = 26;
				DEVELOPMENT_TEAM = 787TUDMR8Q;
				INFOPLIST_FILE = "Clew Dev-Info.plist";
				IPHONEOS_DEPLOYMENT_TARGET = 12.0;
				LD_RUNPATH_SEARCH_PATHS = "$(inherited) @executable_path/Frameworks";
				MARKETING_VERSION = 2.0.3;
				OTHER_SWIFT_FLAGS = "$(inherited) \"-DDEVELOPER\" \"-DIS_DEV_TARGET\"";
				PRODUCT_BUNDLE_IDENTIFIER = "edu.occam.Clew-Dev";
				PRODUCT_NAME = "$(TARGET_NAME)";
				PROVISIONING_PROFILE_SPECIFIER = "";
				SWIFT_COMPILATION_MODE = singlefile;
				SWIFT_OBJC_BRIDGING_HEADER = "Clew/Clew Dev-Bridging-Header.h";
				SWIFT_OPTIMIZATION_LEVEL = "-Onone";
				SWIFT_VERSION = 5.0;
				TARGETED_DEVICE_FAMILY = 1;
			};
			name = Debug;
		};
		B7EB59EB20F693EB00FBBC6A /* Release */ = {
			isa = XCBuildConfiguration;
			baseConfigurationReference = 85A1A72DC19F87F15B738291 /* Pods-Clew Dev.release.xcconfig */;
			buildSettings = {
				ASSETCATALOG_COMPILER_APPICON_NAME = AppIcon;
				CLANG_ENABLE_MODULES = YES;
				CODE_SIGN_IDENTITY = "iPhone Developer";
				CODE_SIGN_STYLE = Automatic;
				CURRENT_PROJECT_VERSION = 26;
				DEVELOPMENT_TEAM = 787TUDMR8Q;
				INFOPLIST_FILE = "Clew Dev-Info.plist";
				IPHONEOS_DEPLOYMENT_TARGET = 12.0;
				LD_RUNPATH_SEARCH_PATHS = "$(inherited) @executable_path/Frameworks";
				MARKETING_VERSION = 2.0.3;
				OTHER_SWIFT_FLAGS = "$(inherited) \"-DDEVELOPER\" \"-DIS_DEV_TARGET\"";
				PRODUCT_BUNDLE_IDENTIFIER = "edu.occam.Clew-Dev";
				PRODUCT_NAME = "$(TARGET_NAME)";
				PROVISIONING_PROFILE_SPECIFIER = "";
				SWIFT_COMPILATION_MODE = singlefile;
				SWIFT_OBJC_BRIDGING_HEADER = "Clew/Clew Dev-Bridging-Header.h";
				SWIFT_VERSION = 5.0;
				TARGETED_DEVICE_FAMILY = 1;
			};
			name = Release;
		};
		E5E9017422FB4D4A00AD0E95 /* Debug */ = {
			isa = XCBuildConfiguration;
			buildSettings = {
				CLANG_ENABLE_OBJC_WEAK = YES;
				CODE_SIGN_STYLE = Automatic;
				CURRENT_PROJECT_VERSION = 26;
				DEBUG_INFORMATION_FORMAT = dwarf;
				DEVELOPMENT_TEAM = 787TUDMR8Q;
				INFOPLIST_FILE = "route-quicklook/Info.plist";
				IPHONEOS_DEPLOYMENT_TARGET = 12.0;
				LD_RUNPATH_SEARCH_PATHS = "$(inherited) @executable_path/Frameworks @executable_path/../../Frameworks";
				MARKETING_VERSION = 2.0.3;
				MTL_ENABLE_DEBUG_INFO = INCLUDE_SOURCE;
				MTL_FAST_MATH = YES;
				PRODUCT_BUNDLE_IDENTIFIER = "edu.occam.Clew.route-quicklook";
				PRODUCT_NAME = "$(TARGET_NAME)";
				SKIP_INSTALL = YES;
				SWIFT_VERSION = 5.0;
				TARGETED_DEVICE_FAMILY = "1,2";
			};
			name = Debug;
		};
		E5E9017522FB4D4A00AD0E95 /* Release */ = {
			isa = XCBuildConfiguration;
			buildSettings = {
				CLANG_ENABLE_OBJC_WEAK = YES;
				CODE_SIGN_STYLE = Automatic;
				CURRENT_PROJECT_VERSION = 26;
				DEVELOPMENT_TEAM = 787TUDMR8Q;
				INFOPLIST_FILE = "route-quicklook/Info.plist";
				IPHONEOS_DEPLOYMENT_TARGET = 12.0;
				LD_RUNPATH_SEARCH_PATHS = "$(inherited) @executable_path/Frameworks @executable_path/../../Frameworks";
				MARKETING_VERSION = 2.0.3;
				MTL_FAST_MATH = YES;
				PRODUCT_BUNDLE_IDENTIFIER = "edu.occam.Clew.route-quicklook";
				PRODUCT_NAME = "$(TARGET_NAME)";
				SKIP_INSTALL = YES;
				SWIFT_VERSION = 5.0;
				TARGETED_DEVICE_FAMILY = "1,2";
			};
			name = Release;
		};
/* End XCBuildConfiguration section */

/* Begin XCConfigurationList section */
		4D6B00BB1F33C1C400952242 /* Build configuration list for PBXProject "Clew" */ = {
			isa = XCConfigurationList;
			buildConfigurations = (
				4D6B00D01F33C1C400952242 /* Debug */,
				4D6B00D11F33C1C400952242 /* Release */,
			);
			defaultConfigurationIsVisible = 0;
			defaultConfigurationName = Release;
		};
		4D6B00D21F33C1C400952242 /* Build configuration list for PBXNativeTarget "Clew" */ = {
			isa = XCConfigurationList;
			buildConfigurations = (
				4D6B00D31F33C1C400952242 /* Debug */,
				4D6B00D41F33C1C400952242 /* Release */,
			);
			defaultConfigurationIsVisible = 0;
			defaultConfigurationName = Release;
		};
		B7EB59E920F693EB00FBBC6A /* Build configuration list for PBXNativeTarget "Clew Dev" */ = {
			isa = XCConfigurationList;
			buildConfigurations = (
				B7EB59EA20F693EB00FBBC6A /* Debug */,
				B7EB59EB20F693EB00FBBC6A /* Release */,
			);
			defaultConfigurationIsVisible = 0;
			defaultConfigurationName = Release;
		};
		E5E9017322FB4D4A00AD0E95 /* Build configuration list for PBXNativeTarget "route-quicklook" */ = {
			isa = XCConfigurationList;
			buildConfigurations = (
				E5E9017422FB4D4A00AD0E95 /* Debug */,
				E5E9017522FB4D4A00AD0E95 /* Release */,
			);
			defaultConfigurationIsVisible = 0;
			defaultConfigurationName = Release;
		};
/* End XCConfigurationList section */
	};
	rootObject = 4D6B00B81F33C1C400952242 /* Project object */;
}
